PODS:
  - AutoDescribe (1.0.0)
  - Cedar (0.11.3)
  - DTModelStorage (1.2.6):
    - DTModelStorage/All (= 1.2.6)
  - DTModelStorage/All (1.2.6):
    - DTModelStorage/Core
    - DTModelStorage/CoreDataStorage
    - DTModelStorage/MemoryStorage
  - DTModelStorage/Core (1.2.6)
  - DTModelStorage/CoreDataStorage (1.2.6):
    - DTModelStorage/Core
  - DTModelStorage/MemoryStorage (1.2.6):
    - DTModelStorage/Core
  - OCMock (2.2.4)
  - PlaceKit (1.0.0):
    - PlaceKit/Core (= 1.0.0)
  - PlaceKit/Core (1.0.0)

DEPENDENCIES:
  - AutoDescribe
  - Cedar
  - DTModelStorage (~> 1.2.4)
  - OCMock (~> 2.2.1)
  - PlaceKit (~> 1.0.0)

SPEC CHECKSUMS:
  AutoDescribe: a7b486d003763f0b58c1a8db31d5e55156c8c1b7
  Cedar: ab1ea4e5c8af4ee4a8fa0452936679861876dc80
  DTModelStorage: 4cee9fdf056c3cf10d5e0645a979fde5eda9eacc
  OCMock: a6a7dc0e3997fb9f35d99f72528698ebf60d64f2
  PlaceKit: 96bf254138a7f22e2a3468f19d79c96eba021e41

COCOAPODS: 0.38.2
