{
  "object": {
    "pins": [
      {
        "package": "DTModelStorage",
        "repositoryURL": "https://github.com/DenTelezhkin/DTModelStorage",
        "state": {
          "branch": "custom-view-mappings",
          "revision": "a8544c1928c844075770c1e099be6c3e3a34e21a",
          "version": null
        }
      }
    ]
  },
  "version": 1
}
