{
  "object": {
    "pins": [
      {
        "package": "DTModelStorage",
        "repositoryURL": "https://github.com/DenTelezhkin/DTModelStorage",
        "state": {
          "branch": "custom-view-mappings",
          "revision": "b231208e3c93e56a9f2069c10fdfbbb4e39c135d",
          "version": null
        }
      }
    ]
  },
  "version": 1
}
