{
  "object": {
    "pins": [
      {
        "package": "DTModelStorage",
        "repositoryURL": "https://github.com/DenTelezhkin/DTModelStorage",
        "state": {
          "branch": "custom-view-mappings",
          "revision": "cf2cb251bfb8382ef58aa3f5ffe260d79c638800",
          "version": null
        }
      }
    ]
  },
  "version": 1
}
