// !$*UTF8*$!
{
	archiveVersion = 1;
	classes = {
	};
	objectVersion = 54;
	objects = {

/* Begin PBXBuildFile section */
		3E33C72C22B81BC4006FBB21 /* DTCollectionViewManager+DataSource.swift in Sources */ = {isa = PBXBuildFile; fileRef = 3E33C71C22B81BB0006FBB21 /* DTCollectionViewManager+DataSource.swift */; };
		3E33C72D22B81BC4006FBB21 /* DTCollectionViewManagerAnomalyHandler.swift in Sources */ = {isa = PBXBuildFile; fileRef = 3E33C71D22B81BB0006FBB21 /* DTCollectionViewManagerAnomalyHandler.swift */; };
		3E33C72E22B81BC4006FBB21 /* CollectionViewFactory.swift in Sources */ = {isa = PBXBuildFile; fileRef = 3E33C71E22B81BB0006FBB21 /* CollectionViewFactory.swift */; };
		3E33C72F22B81BC4006FBB21 /* DTCollectionViewDelegate.swift in Sources */ = {isa = PBXBuildFile; fileRef = 3E33C71F22B81BB0006FBB21 /* DTCollectionViewDelegate.swift */; };
		3E33C73022B81BC4006FBB21 /* DTCollectionViewDragDelegate.swift in Sources */ = {isa = PBXBuildFile; fileRef = 3E33C72022B81BB0006FBB21 /* DTCollectionViewDragDelegate.swift */; };
		3E33C73122B81BC4006FBB21 /* DTCollectionViewManager.swift in Sources */ = {isa = PBXBuildFile; fileRef = 3E33C72122B81BB0006FBB21 /* DTCollectionViewManager.swift */; };
		3E33C73222B81BC4006FBB21 /* DTCollectionViewManager+Drag.swift in Sources */ = {isa = PBXBuildFile; fileRef = 3E33C72222B81BB0006FBB21 /* DTCollectionViewManager+Drag.swift */; };
		3E33C73322B81BC4006FBB21 /* DTCollectionViewManager+Delegate.swift in Sources */ = {isa = PBXBuildFile; fileRef = 3E33C72322B81BB0006FBB21 /* DTCollectionViewManager+Delegate.swift */; };
		3E33C73422B81BC4006FBB21 /* DTCollectionViewManager+Drop.swift in Sources */ = {isa = PBXBuildFile; fileRef = 3E33C72422B81BB0006FBB21 /* DTCollectionViewManager+Drop.swift */; };
		3E33C73522B81BC4006FBB21 /* DTCollectionViewDropDelegate.swift in Sources */ = {isa = PBXBuildFile; fileRef = 3E33C72522B81BB0006FBB21 /* DTCollectionViewDropDelegate.swift */; };
		3E33C73622B81BC4006FBB21 /* DTCollectionViewDataSource.swift in Sources */ = {isa = PBXBuildFile; fileRef = 3E33C72622B81BB0006FBB21 /* DTCollectionViewDataSource.swift */; };
		3E33C73722B81BC4006FBB21 /* DTCollectionViewDropPlaceholderContext.swift in Sources */ = {isa = PBXBuildFile; fileRef = 3E33C72722B81BB0006FBB21 /* DTCollectionViewDropPlaceholderContext.swift */; };
		3E33C73822B81BC4006FBB21 /* CollectionViewUpdater.swift in Sources */ = {isa = PBXBuildFile; fileRef = 3E33C72822B81BB0006FBB21 /* CollectionViewUpdater.swift */; };
		3E33C73A22B81BC4006FBB21 /* DTCollectionViewManager+Registration.swift in Sources */ = {isa = PBXBuildFile; fileRef = 3E33C72A22B81BB0006FBB21 /* DTCollectionViewManager+Registration.swift */; };
		3E33C73B22B81BC4006FBB21 /* DTCollectionViewDelegateWrapper.swift in Sources */ = {isa = PBXBuildFile; fileRef = 3E33C72B22B81BB0006FBB21 /* DTCollectionViewDelegateWrapper.swift */; };
		3E33C73C22B81BD1006FBB21 /* CollectionViewFactoryTestCase.swift in Sources */ = {isa = PBXBuildFile; fileRef = 3E33C6E722B81BB0006FBB21 /* CollectionViewFactoryTestCase.swift */; };
		3E33C73D22B81BD1006FBB21 /* StoryboardCollectionReusableView.swift in Sources */ = {isa = PBXBuildFile; fileRef = 3E33C6E822B81BB0006FBB21 /* StoryboardCollectionReusableView.swift */; };
		3E33C73E22B81BD1006FBB21 /* DelegateForwardingTestCase.swift in Sources */ = {isa = PBXBuildFile; fileRef = 3E33C6E922B81BB0006FBB21 /* DelegateForwardingTestCase.swift */; };
		3E33C73F22B81BD1006FBB21 /* CollectionViewBatchUpdatesTestCase.swift in Sources */ = {isa = PBXBuildFile; fileRef = 3E33C6EA22B81BB0006FBB21 /* CollectionViewBatchUpdatesTestCase.swift */; };
		3E33C74022B81BD1006FBB21 /* SupplementaryMappingTestCase.swift in Sources */ = {isa = PBXBuildFile; fileRef = 3E33C6EB22B81BB0006FBB21 /* SupplementaryMappingTestCase.swift */; };
		3E33C74122B81BD1006FBB21 /* MappingTestCase.swift in Sources */ = {isa = PBXBuildFile; fileRef = 3E33C6EC22B81BB0006FBB21 /* MappingTestCase.swift */; };
		3E33C74222B81BD1006FBB21 /* StoryboardMappingTestCase.swift in Sources */ = {isa = PBXBuildFile; fileRef = 3E33C6ED22B81BB0006FBB21 /* StoryboardMappingTestCase.swift */; };
		3E33C74322B81BD1006FBB21 /* VIewModelMappingCustomizableTestCase.swift in Sources */ = {isa = PBXBuildFile; fileRef = 3E33C6EE22B81BB0006FBB21 /* VIewModelMappingCustomizableTestCase.swift */; };
		3E33C74422B81BD1006FBB21 /* SupplementaryEventsTestCase.swift in Sources */ = {isa = PBXBuildFile; fileRef = 3E33C6EF22B81BB0006FBB21 /* SupplementaryEventsTestCase.swift */; };
		3E33C74522B81BD1006FBB21 /* AnomaliesTestCase.swift in Sources */ = {isa = PBXBuildFile; fileRef = 3E33C6F022B81BB0006FBB21 /* AnomaliesTestCase.swift */; };
		3E33C74622B81BD1006FBB21 /* ReactingToEventsTestCase.swift in Sources */ = {isa = PBXBuildFile; fileRef = 3E33C71222B81BB0006FBB21 /* ReactingToEventsTestCase.swift */; };
		3E33C74722B81BD1006FBB21 /* StoryboardCollectionViewCell.swift in Sources */ = {isa = PBXBuildFile; fileRef = 3E33C71722B81BB0006FBB21 /* StoryboardCollectionViewCell.swift */; };
		3E33C74822B81BD1006FBB21 /* CreationTestCase.swift in Sources */ = {isa = PBXBuildFile; fileRef = 3E33C71822B81BB0006FBB21 /* CreationTestCase.swift */; };
		3E33C74922B81BD1006FBB21 /* MappingConditionsTestCase.swift in Sources */ = {isa = PBXBuildFile; fileRef = 3E33C71922B81BB0006FBB21 /* MappingConditionsTestCase.swift */; };
		3E33C74A22B81BD1006FBB21 /* DataSourceTestCase.swift in Sources */ = {isa = PBXBuildFile; fileRef = 3E33C71A22B81BB0006FBB21 /* DataSourceTestCase.swift */; };
		3E33C74B22B81BD2006FBB21 /* CollectionViewFactoryTestCase.swift in Sources */ = {isa = PBXBuildFile; fileRef = 3E33C6E722B81BB0006FBB21 /* CollectionViewFactoryTestCase.swift */; };
		3E33C74C22B81BD2006FBB21 /* StoryboardCollectionReusableView.swift in Sources */ = {isa = PBXBuildFile; fileRef = 3E33C6E822B81BB0006FBB21 /* StoryboardCollectionReusableView.swift */; };
		3E33C74D22B81BD2006FBB21 /* DelegateForwardingTestCase.swift in Sources */ = {isa = PBXBuildFile; fileRef = 3E33C6E922B81BB0006FBB21 /* DelegateForwardingTestCase.swift */; };
		3E33C74E22B81BD2006FBB21 /* CollectionViewBatchUpdatesTestCase.swift in Sources */ = {isa = PBXBuildFile; fileRef = 3E33C6EA22B81BB0006FBB21 /* CollectionViewBatchUpdatesTestCase.swift */; };
		3E33C74F22B81BD2006FBB21 /* SupplementaryMappingTestCase.swift in Sources */ = {isa = PBXBuildFile; fileRef = 3E33C6EB22B81BB0006FBB21 /* SupplementaryMappingTestCase.swift */; };
		3E33C75022B81BD2006FBB21 /* MappingTestCase.swift in Sources */ = {isa = PBXBuildFile; fileRef = 3E33C6EC22B81BB0006FBB21 /* MappingTestCase.swift */; };
		3E33C75122B81BD2006FBB21 /* StoryboardMappingTestCase.swift in Sources */ = {isa = PBXBuildFile; fileRef = 3E33C6ED22B81BB0006FBB21 /* StoryboardMappingTestCase.swift */; };
		3E33C75222B81BD2006FBB21 /* VIewModelMappingCustomizableTestCase.swift in Sources */ = {isa = PBXBuildFile; fileRef = 3E33C6EE22B81BB0006FBB21 /* VIewModelMappingCustomizableTestCase.swift */; };
		3E33C75322B81BD2006FBB21 /* SupplementaryEventsTestCase.swift in Sources */ = {isa = PBXBuildFile; fileRef = 3E33C6EF22B81BB0006FBB21 /* SupplementaryEventsTestCase.swift */; };
		3E33C75422B81BD2006FBB21 /* AnomaliesTestCase.swift in Sources */ = {isa = PBXBuildFile; fileRef = 3E33C6F022B81BB0006FBB21 /* AnomaliesTestCase.swift */; };
		3E33C75522B81BD2006FBB21 /* ReactingToEventsTestCase.swift in Sources */ = {isa = PBXBuildFile; fileRef = 3E33C71222B81BB0006FBB21 /* ReactingToEventsTestCase.swift */; };
		3E33C75622B81BD2006FBB21 /* StoryboardCollectionViewCell.swift in Sources */ = {isa = PBXBuildFile; fileRef = 3E33C71722B81BB0006FBB21 /* StoryboardCollectionViewCell.swift */; };
		3E33C75722B81BD2006FBB21 /* CreationTestCase.swift in Sources */ = {isa = PBXBuildFile; fileRef = 3E33C71822B81BB0006FBB21 /* CreationTestCase.swift */; };
		3E33C75822B81BD2006FBB21 /* MappingConditionsTestCase.swift in Sources */ = {isa = PBXBuildFile; fileRef = 3E33C71922B81BB0006FBB21 /* MappingConditionsTestCase.swift */; };
		3E33C75922B81BD2006FBB21 /* DataSourceTestCase.swift in Sources */ = {isa = PBXBuildFile; fileRef = 3E33C71A22B81BB0006FBB21 /* DataSourceTestCase.swift */; };
		3E33C75A22B81BDB006FBB21 /* ReactingHeaderFooterView.swift in Sources */ = {isa = PBXBuildFile; fileRef = 3E33C6F222B81BB0006FBB21 /* ReactingHeaderFooterView.swift */; };
		3E33C75B22B81BDB006FBB21 /* StoryboardViewController.swift in Sources */ = {isa = PBXBuildFile; fileRef = 3E33C70D22B81BB0006FBB21 /* StoryboardViewController.swift */; };
		3E33C75C22B81BDB006FBB21 /* FixtureCells.swift in Sources */ = {isa = PBXBuildFile; fileRef = 3E33C70E22B81BB0006FBB21 /* FixtureCells.swift */; };
		3E33C75D22B81BDB006FBB21 /* NibHeaderFooterView.swift in Sources */ = {isa = PBXBuildFile; fileRef = 3E33C70F22B81BB0006FBB21 /* NibHeaderFooterView.swift */; };
		3E33C75E22B81BDB006FBB21 /* NiblessHeaderFooterView.swift in Sources */ = {isa = PBXBuildFile; fileRef = 3E33C71022B81BB0006FBB21 /* NiblessHeaderFooterView.swift */; };
		3E33C75F22B81BDB006FBB21 /* XibCollectionViewController.swift in Sources */ = {isa = PBXBuildFile; fileRef = 3E33C71122B81BB0006FBB21 /* XibCollectionViewController.swift */; };
		3E33C76022B81BDC006FBB21 /* ReactingHeaderFooterView.swift in Sources */ = {isa = PBXBuildFile; fileRef = 3E33C6F222B81BB0006FBB21 /* ReactingHeaderFooterView.swift */; };
		3E33C76122B81BDC006FBB21 /* StoryboardViewController.swift in Sources */ = {isa = PBXBuildFile; fileRef = 3E33C70D22B81BB0006FBB21 /* StoryboardViewController.swift */; };
		3E33C76222B81BDC006FBB21 /* FixtureCells.swift in Sources */ = {isa = PBXBuildFile; fileRef = 3E33C70E22B81BB0006FBB21 /* FixtureCells.swift */; };
		3E33C76322B81BDC006FBB21 /* NibHeaderFooterView.swift in Sources */ = {isa = PBXBuildFile; fileRef = 3E33C70F22B81BB0006FBB21 /* NibHeaderFooterView.swift */; };
		3E33C76422B81BDC006FBB21 /* NiblessHeaderFooterView.swift in Sources */ = {isa = PBXBuildFile; fileRef = 3E33C71022B81BB0006FBB21 /* NiblessHeaderFooterView.swift */; };
		3E33C76522B81BDC006FBB21 /* XibCollectionViewController.swift in Sources */ = {isa = PBXBuildFile; fileRef = 3E33C71122B81BB0006FBB21 /* XibCollectionViewController.swift */; };
		3E33C76622B81BE2006FBB21 /* WrongReuseIdentifierCell.xib in Resources */ = {isa = PBXBuildFile; fileRef = 3E33C6F422B81BB0006FBB21 /* WrongReuseIdentifierCell.xib */; };
		3E33C76722B81BE2006FBB21 /* NibCell.xib in Resources */ = {isa = PBXBuildFile; fileRef = 3E33C6F522B81BB0006FBB21 /* NibCell.xib */; };
		3E33C76822B81BE2006FBB21 /* NibView.xib in Resources */ = {isa = PBXBuildFile; fileRef = 3E33C6F622B81BB0006FBB21 /* NibView.xib */; };
		3E33C76922B81BE2006FBB21 /* FixtureStoryboard.storyboard in Resources */ = {isa = PBXBuildFile; fileRef = 3E33C6F722B81BB0006FBB21 /* FixtureStoryboard.storyboard */; };
		3E33C76A22B81BE2006FBB21 /* RandomNibNameCell.xib in Resources */ = {isa = PBXBuildFile; fileRef = 3E33C6F822B81BB0006FBB21 /* RandomNibNameCell.xib */; };
		3E33C76B22B81BE2006FBB21 /* RandomNameHeaderFooterView.xib in Resources */ = {isa = PBXBuildFile; fileRef = 3E33C6F922B81BB0006FBB21 /* RandomNameHeaderFooterView.xib */; };
		3E33C76C22B81BE2006FBB21 /* EmptyXib.xib in Resources */ = {isa = PBXBuildFile; fileRef = 3E33C6FA22B81BB0006FBB21 /* EmptyXib.xib */; };
		3E33C76D22B81BE2006FBB21 /* NibHeaderFooterView.xib in Resources */ = {isa = PBXBuildFile; fileRef = 3E33C6FB22B81BB0006FBB21 /* NibHeaderFooterView.xib */; };
		3E33C76E22B81BE2006FBB21 /* SelectionReactingCollectionCell.xib in Resources */ = {isa = PBXBuildFile; fileRef = 3E33C6FC22B81BB0006FBB21 /* SelectionReactingCollectionCell.xib */; };
		3E33C76F22B81BE2006FBB21 /* ReactingHeaderFooterView.xib in Resources */ = {isa = PBXBuildFile; fileRef = 3E33C6FD22B81BB0006FBB21 /* ReactingHeaderFooterView.xib */; };
		3E33C77022B81BE2006FBB21 /* XibCollectionViewController.xib in Resources */ = {isa = PBXBuildFile; fileRef = 3E33C6FE22B81BB0006FBB21 /* XibCollectionViewController.xib */; };
		3E33C77122B81BE2006FBB21 /* CustomNibCell.xib in Resources */ = {isa = PBXBuildFile; fileRef = 3E33C6FF22B81BB0006FBB21 /* CustomNibCell.xib */; };
		3E33C77222B81BEA006FBB21 /* WrongReuseIdentifierCell.xib in Resources */ = {isa = PBXBuildFile; fileRef = 3E33C70122B81BB0006FBB21 /* WrongReuseIdentifierCell.xib */; };
		3E33C77322B81BEA006FBB21 /* NibCell.xib in Resources */ = {isa = PBXBuildFile; fileRef = 3E33C70222B81BB0006FBB21 /* NibCell.xib */; };
		3E33C77422B81BEA006FBB21 /* NibView.xib in Resources */ = {isa = PBXBuildFile; fileRef = 3E33C70322B81BB0006FBB21 /* NibView.xib */; };
		3E33C77522B81BEA006FBB21 /* FixtureStoryboard.storyboard in Resources */ = {isa = PBXBuildFile; fileRef = 3E33C70422B81BB0006FBB21 /* FixtureStoryboard.storyboard */; };
		3E33C77622B81BEA006FBB21 /* RandomNibNameCell.xib in Resources */ = {isa = PBXBuildFile; fileRef = 3E33C70522B81BB0006FBB21 /* RandomNibNameCell.xib */; };
		3E33C77722B81BEA006FBB21 /* RandomNameHeaderFooterView.xib in Resources */ = {isa = PBXBuildFile; fileRef = 3E33C70622B81BB0006FBB21 /* RandomNameHeaderFooterView.xib */; };
		3E33C77822B81BEA006FBB21 /* EmptyXib.xib in Resources */ = {isa = PBXBuildFile; fileRef = 3E33C70722B81BB0006FBB21 /* EmptyXib.xib */; };
		3E33C77922B81BEA006FBB21 /* NibHeaderFooterView.xib in Resources */ = {isa = PBXBuildFile; fileRef = 3E33C70822B81BB0006FBB21 /* NibHeaderFooterView.xib */; };
		3E33C77A22B81BEA006FBB21 /* SelectionReactingCollectionCell.xib in Resources */ = {isa = PBXBuildFile; fileRef = 3E33C70922B81BB0006FBB21 /* SelectionReactingCollectionCell.xib */; };
		3E33C77B22B81BEA006FBB21 /* ReactingHeaderFooterView.xib in Resources */ = {isa = PBXBuildFile; fileRef = 3E33C70A22B81BB0006FBB21 /* ReactingHeaderFooterView.xib */; };
		3E33C77C22B81BEA006FBB21 /* XibCollectionViewController.xib in Resources */ = {isa = PBXBuildFile; fileRef = 3E33C70B22B81BB0006FBB21 /* XibCollectionViewController.xib */; };
		3E33C77D22B81BEA006FBB21 /* CustomNibCell.xib in Resources */ = {isa = PBXBuildFile; fileRef = 3E33C70C22B81BB0006FBB21 /* CustomNibCell.xib */; };
		3E33C77E22B81BF3006FBB21 /* CollectionViewManager+UnitTests.swift in Sources */ = {isa = PBXBuildFile; fileRef = 3E33C71422B81BB0006FBB21 /* CollectionViewManager+UnitTests.swift */; };
		3E33C77F22B81BF3006FBB21 /* NSIndexPath+Convenience.swift in Sources */ = {isa = PBXBuildFile; fileRef = 3E33C71522B81BB0006FBB21 /* NSIndexPath+Convenience.swift */; };
		3E33C78022B81BF3006FBB21 /* DTTestCollectionController.swift in Sources */ = {isa = PBXBuildFile; fileRef = 3E33C71622B81BB0006FBB21 /* DTTestCollectionController.swift */; };
		3E33C78122B81BF4006FBB21 /* CollectionViewManager+UnitTests.swift in Sources */ = {isa = PBXBuildFile; fileRef = 3E33C71422B81BB0006FBB21 /* CollectionViewManager+UnitTests.swift */; };
		3E33C78222B81BF4006FBB21 /* NSIndexPath+Convenience.swift in Sources */ = {isa = PBXBuildFile; fileRef = 3E33C71522B81BB0006FBB21 /* NSIndexPath+Convenience.swift */; };
		3E33C78322B81BF4006FBB21 /* DTTestCollectionController.swift in Sources */ = {isa = PBXBuildFile; fileRef = 3E33C71622B81BB0006FBB21 /* DTTestCollectionController.swift */; };
		3E37DBFB24E7E8AB008181FC /* UIColor+Extensions.swift in Sources */ = {isa = PBXBuildFile; fileRef = 3E37DBFA24E7E8AB008181FC /* UIColor+Extensions.swift */; };
		3EBBB78A22F09DDF00DA34BD /* DiffableDatasourcesTestCase.swift in Sources */ = {isa = PBXBuildFile; fileRef = 3EBBB78922F09DDF00DA34BD /* DiffableDatasourcesTestCase.swift */; };
		3EBBB78B22F09DDF00DA34BD /* DiffableDatasourcesTestCase.swift in Sources */ = {isa = PBXBuildFile; fileRef = 3EBBB78922F09DDF00DA34BD /* DiffableDatasourcesTestCase.swift */; };
		9A08A9C91B8A249300877C62 /* DTCollectionViewManager.framework in Frameworks */ = {isa = PBXBuildFile; fileRef = 9AE671491AEE61F800B25A5F /* DTCollectionViewManager.framework */; };
		9A0E66BF2500E9F9004FF8A3 /* DiffableMultiSectionController.swift in Sources */ = {isa = PBXBuildFile; fileRef = 9A0E66BE2500E9F9004FF8A3 /* DiffableMultiSectionController.swift */; };
		9A73E09E1F6586A000BF80F8 /* DTCollectionViewManager.framework in Frameworks */ = {isa = PBXBuildFile; fileRef = 9AE671491AEE61F800B25A5F /* DTCollectionViewManager.framework */; };
		9A7576F31BB951A100180D46 /* DTCollectionViewManager.framework in Frameworks */ = {isa = PBXBuildFile; fileRef = 9AE671491AEE61F800B25A5F /* DTCollectionViewManager.framework */; };
		9A7576F71BB951B500180D46 /* DTCollectionViewManager.framework in Embed Frameworks */ = {isa = PBXBuildFile; fileRef = 9AE671491AEE61F800B25A5F /* DTCollectionViewManager.framework */; settings = {ATTRIBUTES = (CodeSignOnCopy, RemoveHeadersOnCopy, ); }; };
		9A99AA7F1B8A219300428802 /* AppDelegate.swift in Sources */ = {isa = PBXBuildFile; fileRef = 9A99AA7E1B8A219300428802 /* AppDelegate.swift */; };
		9A99AA811B8A219300428802 /* PrimaryViewController.swift in Sources */ = {isa = PBXBuildFile; fileRef = 9A99AA801B8A219300428802 /* PrimaryViewController.swift */; };
		9A99AA881B8A219300428802 /* Assets.xcassets in Resources */ = {isa = PBXBuildFile; fileRef = 9A99AA871B8A219300428802 /* Assets.xcassets */; };
		9A99AA8B1B8A219300428802 /* LaunchScreen.storyboard in Resources */ = {isa = PBXBuildFile; fileRef = 9A99AA891B8A219300428802 /* LaunchScreen.storyboard */; };
		9A9B184424E67584008C9F6D /* Example.swift in Sources */ = {isa = PBXBuildFile; fileRef = 9A9B184324E67584008C9F6D /* Example.swift */; };
		9A9B184624E68CD9008C9F6D /* SceneDelegate.swift in Sources */ = {isa = PBXBuildFile; fileRef = 9A9B184524E68CD9008C9F6D /* SceneDelegate.swift */; };
		9A9B184824EBFC98008C9F6D /* CompositionalLayoutsViewController.swift in Sources */ = {isa = PBXBuildFile; fileRef = 9A9B184724EBFC98008C9F6D /* CompositionalLayoutsViewController.swift */; };
		9A9B184C24ED15AE008C9F6D /* SimpleTextCollectionReusableView.swift in Sources */ = {isa = PBXBuildFile; fileRef = 9A9B184A24ED15AE008C9F6D /* SimpleTextCollectionReusableView.swift */; };
		9A9B184D24ED15AE008C9F6D /* SimpleTextCollectionReusableView.xib in Resources */ = {isa = PBXBuildFile; fileRef = 9A9B184B24ED15AE008C9F6D /* SimpleTextCollectionReusableView.xib */; };
		9A9B185124ED15E4008C9F6D /* PostCell.swift in Sources */ = {isa = PBXBuildFile; fileRef = 9A9B184F24ED15E4008C9F6D /* PostCell.swift */; };
		9A9B185224ED15E4008C9F6D /* PostCell.xib in Resources */ = {isa = PBXBuildFile; fileRef = 9A9B185024ED15E4008C9F6D /* PostCell.xib */; };
		9A9B185524ED1B9D008C9F6D /* FeedViewController.swift in Sources */ = {isa = PBXBuildFile; fileRef = 9A9B185324ED1B9D008C9F6D /* FeedViewController.swift */; };
		9A9B185624ED1B9D008C9F6D /* FeedViewController.xib in Resources */ = {isa = PBXBuildFile; fileRef = 9A9B185424ED1B9D008C9F6D /* FeedViewController.xib */; };
		9A9B185924ED3A22008C9F6D /* ActivityIndicatorCell.swift in Sources */ = {isa = PBXBuildFile; fileRef = 9A9B185724ED3A22008C9F6D /* ActivityIndicatorCell.swift */; };
		9A9B185A24ED3A22008C9F6D /* ActivityIndicatorCell.xib in Resources */ = {isa = PBXBuildFile; fileRef = 9A9B185824ED3A22008C9F6D /* ActivityIndicatorCell.xib */; };
		9AA52DBB24C7A241002FFC89 /* DTCollectionViewManager+Deprecated.swift in Sources */ = {isa = PBXBuildFile; fileRef = 9AA52DBA24C7A241002FFC89 /* DTCollectionViewManager+Deprecated.swift */; };
		9AA83F1C22D4D77700C20E87 /* DTModelStorage in Frameworks */ = {isa = PBXBuildFile; productRef = 9AA83F1B22D4D77700C20E87 /* DTModelStorage */; };
		9ABE13FB24599CE2008874D2 /* Exports.swift in Sources */ = {isa = PBXBuildFile; fileRef = 9ABE13FA24599CE2008874D2 /* Exports.swift */; };
		9ADFC8EF1B8B73A300AB4CD9 /* SectionsViewController.swift in Sources */ = {isa = PBXBuildFile; fileRef = 9ADFC8EE1B8B73A300AB4CD9 /* SectionsViewController.swift */; };
/* End PBXBuildFile section */

/* Begin PBXContainerItemProxy section */
		9A08A9C71B8A248F00877C62 /* PBXContainerItemProxy */ = {
			isa = PBXContainerItemProxy;
			containerPortal = 955F857A179ACAF000A38EAD /* Project object */;
			proxyType = 1;
			remoteGlobalIDString = 9AE671481AEE61F800B25A5F;
			remoteInfo = DTCollectionViewManager;
		};
		9A73E09B1F65869B00BF80F8 /* PBXContainerItemProxy */ = {
			isa = PBXContainerItemProxy;
			containerPortal = 955F857A179ACAF000A38EAD /* Project object */;
			proxyType = 1;
			remoteGlobalIDString = 9AE671481AEE61F800B25A5F;
			remoteInfo = DTCollectionViewManager;
		};
		9ADFC8FA1B8B7F3F00AB4CD9 /* PBXContainerItemProxy */ = {
			isa = PBXContainerItemProxy;
			containerPortal = 955F857A179ACAF000A38EAD /* Project object */;
			proxyType = 1;
			remoteGlobalIDString = 9AE671481AEE61F800B25A5F;
			remoteInfo = DTCollectionViewManager;
		};
/* End PBXContainerItemProxy section */

/* Begin PBXCopyFilesBuildPhase section */
		9A7B9BA31BA5C41D00B86A4F /* Embed Frameworks */ = {
			isa = PBXCopyFilesBuildPhase;
			buildActionMask = 2147483647;
			dstPath = "";
			dstSubfolderSpec = 10;
			files = (
				9A7576F71BB951B500180D46 /* DTCollectionViewManager.framework in Embed Frameworks */,
			);
			name = "Embed Frameworks";
			runOnlyForDeploymentPostprocessing = 0;
		};
/* End PBXCopyFilesBuildPhase section */

/* Begin PBXFileReference section */
		3E33C6E722B81BB0006FBB21 /* CollectionViewFactoryTestCase.swift */ = {isa = PBXFileReference; lastKnownFileType = sourcecode.swift; path = CollectionViewFactoryTestCase.swift; sourceTree = "<group>"; };
		3E33C6E822B81BB0006FBB21 /* StoryboardCollectionReusableView.swift */ = {isa = PBXFileReference; lastKnownFileType = sourcecode.swift; path = StoryboardCollectionReusableView.swift; sourceTree = "<group>"; };
		3E33C6E922B81BB0006FBB21 /* DelegateForwardingTestCase.swift */ = {isa = PBXFileReference; lastKnownFileType = sourcecode.swift; path = DelegateForwardingTestCase.swift; sourceTree = "<group>"; };
		3E33C6EA22B81BB0006FBB21 /* CollectionViewBatchUpdatesTestCase.swift */ = {isa = PBXFileReference; lastKnownFileType = sourcecode.swift; path = CollectionViewBatchUpdatesTestCase.swift; sourceTree = "<group>"; };
		3E33C6EB22B81BB0006FBB21 /* SupplementaryMappingTestCase.swift */ = {isa = PBXFileReference; lastKnownFileType = sourcecode.swift; path = SupplementaryMappingTestCase.swift; sourceTree = "<group>"; };
		3E33C6EC22B81BB0006FBB21 /* MappingTestCase.swift */ = {isa = PBXFileReference; lastKnownFileType = sourcecode.swift; path = MappingTestCase.swift; sourceTree = "<group>"; };
		3E33C6ED22B81BB0006FBB21 /* StoryboardMappingTestCase.swift */ = {isa = PBXFileReference; lastKnownFileType = sourcecode.swift; path = StoryboardMappingTestCase.swift; sourceTree = "<group>"; };
		3E33C6EE22B81BB0006FBB21 /* VIewModelMappingCustomizableTestCase.swift */ = {isa = PBXFileReference; lastKnownFileType = sourcecode.swift; path = VIewModelMappingCustomizableTestCase.swift; sourceTree = "<group>"; };
		3E33C6EF22B81BB0006FBB21 /* SupplementaryEventsTestCase.swift */ = {isa = PBXFileReference; lastKnownFileType = sourcecode.swift; path = SupplementaryEventsTestCase.swift; sourceTree = "<group>"; };
		3E33C6F022B81BB0006FBB21 /* AnomaliesTestCase.swift */ = {isa = PBXFileReference; lastKnownFileType = sourcecode.swift; path = AnomaliesTestCase.swift; sourceTree = "<group>"; };
		3E33C6F222B81BB0006FBB21 /* ReactingHeaderFooterView.swift */ = {isa = PBXFileReference; lastKnownFileType = sourcecode.swift; path = ReactingHeaderFooterView.swift; sourceTree = "<group>"; };
		3E33C6F422B81BB0006FBB21 /* WrongReuseIdentifierCell.xib */ = {isa = PBXFileReference; lastKnownFileType = file.xib; path = WrongReuseIdentifierCell.xib; sourceTree = "<group>"; };
		3E33C6F522B81BB0006FBB21 /* NibCell.xib */ = {isa = PBXFileReference; lastKnownFileType = file.xib; path = NibCell.xib; sourceTree = "<group>"; };
		3E33C6F622B81BB0006FBB21 /* NibView.xib */ = {isa = PBXFileReference; lastKnownFileType = file.xib; path = NibView.xib; sourceTree = "<group>"; };
		3E33C6F722B81BB0006FBB21 /* FixtureStoryboard.storyboard */ = {isa = PBXFileReference; lastKnownFileType = file.storyboard; path = FixtureStoryboard.storyboard; sourceTree = "<group>"; };
		3E33C6F822B81BB0006FBB21 /* RandomNibNameCell.xib */ = {isa = PBXFileReference; lastKnownFileType = file.xib; path = RandomNibNameCell.xib; sourceTree = "<group>"; };
		3E33C6F922B81BB0006FBB21 /* RandomNameHeaderFooterView.xib */ = {isa = PBXFileReference; lastKnownFileType = file.xib; path = RandomNameHeaderFooterView.xib; sourceTree = "<group>"; };
		3E33C6FA22B81BB0006FBB21 /* EmptyXib.xib */ = {isa = PBXFileReference; lastKnownFileType = file.xib; path = EmptyXib.xib; sourceTree = "<group>"; };
		3E33C6FB22B81BB0006FBB21 /* NibHeaderFooterView.xib */ = {isa = PBXFileReference; lastKnownFileType = file.xib; path = NibHeaderFooterView.xib; sourceTree = "<group>"; };
		3E33C6FC22B81BB0006FBB21 /* SelectionReactingCollectionCell.xib */ = {isa = PBXFileReference; lastKnownFileType = file.xib; path = SelectionReactingCollectionCell.xib; sourceTree = "<group>"; };
		3E33C6FD22B81BB0006FBB21 /* ReactingHeaderFooterView.xib */ = {isa = PBXFileReference; lastKnownFileType = file.xib; path = ReactingHeaderFooterView.xib; sourceTree = "<group>"; };
		3E33C6FE22B81BB0006FBB21 /* XibCollectionViewController.xib */ = {isa = PBXFileReference; lastKnownFileType = file.xib; path = XibCollectionViewController.xib; sourceTree = "<group>"; };
		3E33C6FF22B81BB0006FBB21 /* CustomNibCell.xib */ = {isa = PBXFileReference; lastKnownFileType = file.xib; path = CustomNibCell.xib; sourceTree = "<group>"; };
		3E33C70122B81BB0006FBB21 /* WrongReuseIdentifierCell.xib */ = {isa = PBXFileReference; lastKnownFileType = file.xib; path = WrongReuseIdentifierCell.xib; sourceTree = "<group>"; };
		3E33C70222B81BB0006FBB21 /* NibCell.xib */ = {isa = PBXFileReference; lastKnownFileType = file.xib; path = NibCell.xib; sourceTree = "<group>"; };
		3E33C70322B81BB0006FBB21 /* NibView.xib */ = {isa = PBXFileReference; lastKnownFileType = file.xib; path = NibView.xib; sourceTree = "<group>"; };
		3E33C70422B81BB0006FBB21 /* FixtureStoryboard.storyboard */ = {isa = PBXFileReference; lastKnownFileType = file.storyboard; path = FixtureStoryboard.storyboard; sourceTree = "<group>"; };
		3E33C70522B81BB0006FBB21 /* RandomNibNameCell.xib */ = {isa = PBXFileReference; lastKnownFileType = file.xib; path = RandomNibNameCell.xib; sourceTree = "<group>"; };
		3E33C70622B81BB0006FBB21 /* RandomNameHeaderFooterView.xib */ = {isa = PBXFileReference; lastKnownFileType = file.xib; path = RandomNameHeaderFooterView.xib; sourceTree = "<group>"; };
		3E33C70722B81BB0006FBB21 /* EmptyXib.xib */ = {isa = PBXFileReference; lastKnownFileType = file.xib; path = EmptyXib.xib; sourceTree = "<group>"; };
		3E33C70822B81BB0006FBB21 /* NibHeaderFooterView.xib */ = {isa = PBXFileReference; lastKnownFileType = file.xib; path = NibHeaderFooterView.xib; sourceTree = "<group>"; };
		3E33C70922B81BB0006FBB21 /* SelectionReactingCollectionCell.xib */ = {isa = PBXFileReference; lastKnownFileType = file.xib; path = SelectionReactingCollectionCell.xib; sourceTree = "<group>"; };
		3E33C70A22B81BB0006FBB21 /* ReactingHeaderFooterView.xib */ = {isa = PBXFileReference; lastKnownFileType = file.xib; path = ReactingHeaderFooterView.xib; sourceTree = "<group>"; };
		3E33C70B22B81BB0006FBB21 /* XibCollectionViewController.xib */ = {isa = PBXFileReference; lastKnownFileType = file.xib; path = XibCollectionViewController.xib; sourceTree = "<group>"; };
		3E33C70C22B81BB0006FBB21 /* CustomNibCell.xib */ = {isa = PBXFileReference; lastKnownFileType = file.xib; path = CustomNibCell.xib; sourceTree = "<group>"; };
		3E33C70D22B81BB0006FBB21 /* StoryboardViewController.swift */ = {isa = PBXFileReference; lastKnownFileType = sourcecode.swift; path = StoryboardViewController.swift; sourceTree = "<group>"; };
		3E33C70E22B81BB0006FBB21 /* FixtureCells.swift */ = {isa = PBXFileReference; lastKnownFileType = sourcecode.swift; path = FixtureCells.swift; sourceTree = "<group>"; };
		3E33C70F22B81BB0006FBB21 /* NibHeaderFooterView.swift */ = {isa = PBXFileReference; lastKnownFileType = sourcecode.swift; path = NibHeaderFooterView.swift; sourceTree = "<group>"; };
		3E33C71022B81BB0006FBB21 /* NiblessHeaderFooterView.swift */ = {isa = PBXFileReference; lastKnownFileType = sourcecode.swift; path = NiblessHeaderFooterView.swift; sourceTree = "<group>"; };
		3E33C71122B81BB0006FBB21 /* XibCollectionViewController.swift */ = {isa = PBXFileReference; lastKnownFileType = sourcecode.swift; path = XibCollectionViewController.swift; sourceTree = "<group>"; };
		3E33C71222B81BB0006FBB21 /* ReactingToEventsTestCase.swift */ = {isa = PBXFileReference; lastKnownFileType = sourcecode.swift; path = ReactingToEventsTestCase.swift; sourceTree = "<group>"; };
		3E33C71422B81BB0006FBB21 /* CollectionViewManager+UnitTests.swift */ = {isa = PBXFileReference; lastKnownFileType = sourcecode.swift; path = "CollectionViewManager+UnitTests.swift"; sourceTree = "<group>"; };
		3E33C71522B81BB0006FBB21 /* NSIndexPath+Convenience.swift */ = {isa = PBXFileReference; lastKnownFileType = sourcecode.swift; path = "NSIndexPath+Convenience.swift"; sourceTree = "<group>"; };
		3E33C71622B81BB0006FBB21 /* DTTestCollectionController.swift */ = {isa = PBXFileReference; lastKnownFileType = sourcecode.swift; path = DTTestCollectionController.swift; sourceTree = "<group>"; };
		3E33C71722B81BB0006FBB21 /* StoryboardCollectionViewCell.swift */ = {isa = PBXFileReference; lastKnownFileType = sourcecode.swift; path = StoryboardCollectionViewCell.swift; sourceTree = "<group>"; };
		3E33C71822B81BB0006FBB21 /* CreationTestCase.swift */ = {isa = PBXFileReference; lastKnownFileType = sourcecode.swift; path = CreationTestCase.swift; sourceTree = "<group>"; };
		3E33C71922B81BB0006FBB21 /* MappingConditionsTestCase.swift */ = {isa = PBXFileReference; lastKnownFileType = sourcecode.swift; path = MappingConditionsTestCase.swift; sourceTree = "<group>"; };
		3E33C71A22B81BB0006FBB21 /* DataSourceTestCase.swift */ = {isa = PBXFileReference; lastKnownFileType = sourcecode.swift; path = DataSourceTestCase.swift; sourceTree = "<group>"; };
		3E33C71C22B81BB0006FBB21 /* DTCollectionViewManager+DataSource.swift */ = {isa = PBXFileReference; lastKnownFileType = sourcecode.swift; path = "DTCollectionViewManager+DataSource.swift"; sourceTree = "<group>"; };
		3E33C71D22B81BB0006FBB21 /* DTCollectionViewManagerAnomalyHandler.swift */ = {isa = PBXFileReference; lastKnownFileType = sourcecode.swift; path = DTCollectionViewManagerAnomalyHandler.swift; sourceTree = "<group>"; };
		3E33C71E22B81BB0006FBB21 /* CollectionViewFactory.swift */ = {isa = PBXFileReference; lastKnownFileType = sourcecode.swift; path = CollectionViewFactory.swift; sourceTree = "<group>"; };
		3E33C71F22B81BB0006FBB21 /* DTCollectionViewDelegate.swift */ = {isa = PBXFileReference; lastKnownFileType = sourcecode.swift; path = DTCollectionViewDelegate.swift; sourceTree = "<group>"; };
		3E33C72022B81BB0006FBB21 /* DTCollectionViewDragDelegate.swift */ = {isa = PBXFileReference; lastKnownFileType = sourcecode.swift; path = DTCollectionViewDragDelegate.swift; sourceTree = "<group>"; };
		3E33C72122B81BB0006FBB21 /* DTCollectionViewManager.swift */ = {isa = PBXFileReference; lastKnownFileType = sourcecode.swift; path = DTCollectionViewManager.swift; sourceTree = "<group>"; };
		3E33C72222B81BB0006FBB21 /* DTCollectionViewManager+Drag.swift */ = {isa = PBXFileReference; lastKnownFileType = sourcecode.swift; path = "DTCollectionViewManager+Drag.swift"; sourceTree = "<group>"; };
		3E33C72322B81BB0006FBB21 /* DTCollectionViewManager+Delegate.swift */ = {isa = PBXFileReference; lastKnownFileType = sourcecode.swift; path = "DTCollectionViewManager+Delegate.swift"; sourceTree = "<group>"; };
		3E33C72422B81BB0006FBB21 /* DTCollectionViewManager+Drop.swift */ = {isa = PBXFileReference; lastKnownFileType = sourcecode.swift; path = "DTCollectionViewManager+Drop.swift"; sourceTree = "<group>"; };
		3E33C72522B81BB0006FBB21 /* DTCollectionViewDropDelegate.swift */ = {isa = PBXFileReference; lastKnownFileType = sourcecode.swift; path = DTCollectionViewDropDelegate.swift; sourceTree = "<group>"; };
		3E33C72622B81BB0006FBB21 /* DTCollectionViewDataSource.swift */ = {isa = PBXFileReference; lastKnownFileType = sourcecode.swift; path = DTCollectionViewDataSource.swift; sourceTree = "<group>"; };
		3E33C72722B81BB0006FBB21 /* DTCollectionViewDropPlaceholderContext.swift */ = {isa = PBXFileReference; lastKnownFileType = sourcecode.swift; path = DTCollectionViewDropPlaceholderContext.swift; sourceTree = "<group>"; };
		3E33C72822B81BB0006FBB21 /* CollectionViewUpdater.swift */ = {isa = PBXFileReference; lastKnownFileType = sourcecode.swift; path = CollectionViewUpdater.swift; sourceTree = "<group>"; };
		3E33C72A22B81BB0006FBB21 /* DTCollectionViewManager+Registration.swift */ = {isa = PBXFileReference; lastKnownFileType = sourcecode.swift; path = "DTCollectionViewManager+Registration.swift"; sourceTree = "<group>"; };
		3E33C72B22B81BB0006FBB21 /* DTCollectionViewDelegateWrapper.swift */ = {isa = PBXFileReference; lastKnownFileType = sourcecode.swift; path = DTCollectionViewDelegateWrapper.swift; sourceTree = "<group>"; };
		3E37DBFA24E7E8AB008181FC /* UIColor+Extensions.swift */ = {isa = PBXFileReference; lastKnownFileType = sourcecode.swift; path = "UIColor+Extensions.swift"; sourceTree = "<group>"; };
		3EBBB78922F09DDF00DA34BD /* DiffableDatasourcesTestCase.swift */ = {isa = PBXFileReference; lastKnownFileType = sourcecode.swift; path = DiffableDatasourcesTestCase.swift; sourceTree = "<group>"; };
		9A0E42302375886A0027C995 /* Example.entitlements */ = {isa = PBXFileReference; lastKnownFileType = text.plist.entitlements; path = Example.entitlements; sourceTree = "<group>"; };
		9A0E66BE2500E9F9004FF8A3 /* DiffableMultiSectionController.swift */ = {isa = PBXFileReference; lastKnownFileType = sourcecode.swift; path = DiffableMultiSectionController.swift; sourceTree = "<group>"; };
		9A1B88351CE1E2E5005B6F07 /* Info.plist */ = {isa = PBXFileReference; lastKnownFileType = text.plist.xml; path = Info.plist; sourceTree = "<group>"; };
		9A1B88361CE1E2E5005B6F07 /* Framework.plist */ = {isa = PBXFileReference; lastKnownFileType = text.plist.xml; name = Framework.plist; path = "../Supporting files/Framework.plist"; sourceTree = "<group>"; };
		9A1B88371CE1E2E5005B6F07 /* Tests.plist */ = {isa = PBXFileReference; lastKnownFileType = text.plist.xml; name = Tests.plist; path = "../Supporting files/Tests.plist"; sourceTree = "<group>"; };
		9A1B88601CE1E4BC005B6F07 /* README.md */ = {isa = PBXFileReference; lastKnownFileType = net.daringfireball.markdown; path = README.md; sourceTree = "<group>"; };
		9A1B88611CE1E4C1005B6F07 /* CHANGELOG.md */ = {isa = PBXFileReference; lastKnownFileType = net.daringfireball.markdown; path = CHANGELOG.md; sourceTree = "<group>"; };
		9A5DE78F1FD35482000FE218 /* DTModelStorage.framework */ = {isa = PBXFileReference; lastKnownFileType = wrapper.framework; name = DTModelStorage.framework; path = Carthage/Build/iOS/DTModelStorage.framework; sourceTree = "<group>"; };
		9A99AA7C1B8A219300428802 /* Example.app */ = {isa = PBXFileReference; explicitFileType = wrapper.application; includeInIndex = 0; path = Example.app; sourceTree = BUILT_PRODUCTS_DIR; };
		9A99AA7E1B8A219300428802 /* AppDelegate.swift */ = {isa = PBXFileReference; lastKnownFileType = sourcecode.swift; path = AppDelegate.swift; sourceTree = "<group>"; };
		9A99AA801B8A219300428802 /* PrimaryViewController.swift */ = {isa = PBXFileReference; lastKnownFileType = sourcecode.swift; path = PrimaryViewController.swift; sourceTree = "<group>"; };
		9A99AA871B8A219300428802 /* Assets.xcassets */ = {isa = PBXFileReference; lastKnownFileType = folder.assetcatalog; path = Assets.xcassets; sourceTree = "<group>"; };
		9A99AA8A1B8A219300428802 /* Base */ = {isa = PBXFileReference; lastKnownFileType = file.storyboard; name = Base; path = Base.lproj/LaunchScreen.storyboard; sourceTree = "<group>"; };
		9A99AA911B8A219300428802 /* Tests-iOS.xctest */ = {isa = PBXFileReference; explicitFileType = wrapper.cfbundle; includeInIndex = 0; path = "Tests-iOS.xctest"; sourceTree = BUILT_PRODUCTS_DIR; };
		9A9B184324E67584008C9F6D /* Example.swift */ = {isa = PBXFileReference; lastKnownFileType = sourcecode.swift; path = Example.swift; sourceTree = "<group>"; };
		9A9B184524E68CD9008C9F6D /* SceneDelegate.swift */ = {isa = PBXFileReference; lastKnownFileType = sourcecode.swift; path = SceneDelegate.swift; sourceTree = "<group>"; };
		9A9B184724EBFC98008C9F6D /* CompositionalLayoutsViewController.swift */ = {isa = PBXFileReference; lastKnownFileType = sourcecode.swift; path = CompositionalLayoutsViewController.swift; sourceTree = "<group>"; };
		9A9B184A24ED15AE008C9F6D /* SimpleTextCollectionReusableView.swift */ = {isa = PBXFileReference; fileEncoding = 4; lastKnownFileType = sourcecode.swift; path = SimpleTextCollectionReusableView.swift; sourceTree = "<group>"; };
		9A9B184B24ED15AE008C9F6D /* SimpleTextCollectionReusableView.xib */ = {isa = PBXFileReference; fileEncoding = 4; lastKnownFileType = file.xib; path = SimpleTextCollectionReusableView.xib; sourceTree = "<group>"; };
		9A9B184F24ED15E4008C9F6D /* PostCell.swift */ = {isa = PBXFileReference; lastKnownFileType = sourcecode.swift; path = PostCell.swift; sourceTree = "<group>"; };
		9A9B185024ED15E4008C9F6D /* PostCell.xib */ = {isa = PBXFileReference; lastKnownFileType = file.xib; path = PostCell.xib; sourceTree = "<group>"; };
		9A9B185324ED1B9D008C9F6D /* FeedViewController.swift */ = {isa = PBXFileReference; lastKnownFileType = sourcecode.swift; path = FeedViewController.swift; sourceTree = "<group>"; };
		9A9B185424ED1B9D008C9F6D /* FeedViewController.xib */ = {isa = PBXFileReference; lastKnownFileType = file.xib; path = FeedViewController.xib; sourceTree = "<group>"; };
		9A9B185724ED3A22008C9F6D /* ActivityIndicatorCell.swift */ = {isa = PBXFileReference; lastKnownFileType = sourcecode.swift; path = ActivityIndicatorCell.swift; sourceTree = "<group>"; };
		9A9B185824ED3A22008C9F6D /* ActivityIndicatorCell.xib */ = {isa = PBXFileReference; lastKnownFileType = file.xib; path = ActivityIndicatorCell.xib; sourceTree = "<group>"; };
		9AA52DBA24C7A241002FFC89 /* DTCollectionViewManager+Deprecated.swift */ = {isa = PBXFileReference; lastKnownFileType = sourcecode.swift; path = "DTCollectionViewManager+Deprecated.swift"; sourceTree = "<group>"; };
		9ABE13FA24599CE2008874D2 /* Exports.swift */ = {isa = PBXFileReference; lastKnownFileType = sourcecode.swift; path = Exports.swift; sourceTree = "<group>"; };
		9AC532381BE5F77F006CB18A /* Tests-tvOS.xctest */ = {isa = PBXFileReference; explicitFileType = wrapper.cfbundle; includeInIndex = 0; path = "Tests-tvOS.xctest"; sourceTree = BUILT_PRODUCTS_DIR; };
		9ADFC8EE1B8B73A300AB4CD9 /* SectionsViewController.swift */ = {isa = PBXFileReference; fileEncoding = 4; lastKnownFileType = sourcecode.swift; path = SectionsViewController.swift; sourceTree = "<group>"; };
		9AE671491AEE61F800B25A5F /* DTCollectionViewManager.framework */ = {isa = PBXFileReference; explicitFileType = wrapper.framework; includeInIndex = 0; path = DTCollectionViewManager.framework; sourceTree = BUILT_PRODUCTS_DIR; };
/* End PBXFileReference section */

/* Begin PBXFrameworksBuildPhase section */
		9A99AA791B8A219300428802 /* Frameworks */ = {
			isa = PBXFrameworksBuildPhase;
			buildActionMask = 2147483647;
			files = (
				9A7576F31BB951A100180D46 /* DTCollectionViewManager.framework in Frameworks */,
			);
			runOnlyForDeploymentPostprocessing = 0;
		};
		9A99AA8E1B8A219300428802 /* Frameworks */ = {
			isa = PBXFrameworksBuildPhase;
			buildActionMask = 2147483647;
			files = (
				9A08A9C91B8A249300877C62 /* DTCollectionViewManager.framework in Frameworks */,
			);
			runOnlyForDeploymentPostprocessing = 0;
		};
		9AC532261BE5F77F006CB18A /* Frameworks */ = {
			isa = PBXFrameworksBuildPhase;
			buildActionMask = 2147483647;
			files = (
				9A73E09E1F6586A000BF80F8 /* DTCollectionViewManager.framework in Frameworks */,
			);
			runOnlyForDeploymentPostprocessing = 0;
		};
		9AE671451AEE61F800B25A5F /* Frameworks */ = {
			isa = PBXFrameworksBuildPhase;
			buildActionMask = 2147483647;
			files = (
				9AA83F1C22D4D77700C20E87 /* DTModelStorage in Frameworks */,
			);
			runOnlyForDeploymentPostprocessing = 0;
		};
/* End PBXFrameworksBuildPhase section */

/* Begin PBXGroup section */
		3E33C6E522B81BB0006FBB21 /* Sources */ = {
			isa = PBXGroup;
			children = (
				3E33C71B22B81BB0006FBB21 /* DTCollectionViewManager */,
				3E33C6E622B81BB0006FBB21 /* Tests */,
			);
			path = Sources;
			sourceTree = "<group>";
		};
		3E33C6E622B81BB0006FBB21 /* Tests */ = {
			isa = PBXGroup;
			children = (
				3E33C6F022B81BB0006FBB21 /* AnomaliesTestCase.swift */,
				3E33C6EA22B81BB0006FBB21 /* CollectionViewBatchUpdatesTestCase.swift */,
				3E33C6E722B81BB0006FBB21 /* CollectionViewFactoryTestCase.swift */,
				3E33C71822B81BB0006FBB21 /* CreationTestCase.swift */,
				3E33C71A22B81BB0006FBB21 /* DataSourceTestCase.swift */,
				3E33C6E922B81BB0006FBB21 /* DelegateForwardingTestCase.swift */,
				3EBBB78922F09DDF00DA34BD /* DiffableDatasourcesTestCase.swift */,
				3E33C6F122B81BB0006FBB21 /* Fixtures */,
				3E33C71322B81BB0006FBB21 /* Helpers */,
				3E33C71922B81BB0006FBB21 /* MappingConditionsTestCase.swift */,
				3E33C6EC22B81BB0006FBB21 /* MappingTestCase.swift */,
				3E33C71222B81BB0006FBB21 /* ReactingToEventsTestCase.swift */,
				3E33C6E822B81BB0006FBB21 /* StoryboardCollectionReusableView.swift */,
				3E33C71722B81BB0006FBB21 /* StoryboardCollectionViewCell.swift */,
				3E33C6ED22B81BB0006FBB21 /* StoryboardMappingTestCase.swift */,
				3E33C6EF22B81BB0006FBB21 /* SupplementaryEventsTestCase.swift */,
				3E33C6EB22B81BB0006FBB21 /* SupplementaryMappingTestCase.swift */,
				3E33C6EE22B81BB0006FBB21 /* VIewModelMappingCustomizableTestCase.swift */,
			);
			path = Tests;
			sourceTree = "<group>";
		};
		3E33C6F122B81BB0006FBB21 /* Fixtures */ = {
			isa = PBXGroup;
			children = (
				3E33C6F222B81BB0006FBB21 /* ReactingHeaderFooterView.swift */,
				3E33C6F322B81BB0006FBB21 /* iOS */,
				3E33C70022B81BB0006FBB21 /* tvOS */,
				3E33C70D22B81BB0006FBB21 /* StoryboardViewController.swift */,
				3E33C70E22B81BB0006FBB21 /* FixtureCells.swift */,
				3E33C70F22B81BB0006FBB21 /* NibHeaderFooterView.swift */,
				3E33C71022B81BB0006FBB21 /* NiblessHeaderFooterView.swift */,
				3E33C71122B81BB0006FBB21 /* XibCollectionViewController.swift */,
			);
			path = Fixtures;
			sourceTree = "<group>";
		};
		3E33C6F322B81BB0006FBB21 /* iOS */ = {
			isa = PBXGroup;
			children = (
				3E33C6F422B81BB0006FBB21 /* WrongReuseIdentifierCell.xib */,
				3E33C6F522B81BB0006FBB21 /* NibCell.xib */,
				3E33C6F622B81BB0006FBB21 /* NibView.xib */,
				3E33C6F722B81BB0006FBB21 /* FixtureStoryboard.storyboard */,
				3E33C6F822B81BB0006FBB21 /* RandomNibNameCell.xib */,
				3E33C6F922B81BB0006FBB21 /* RandomNameHeaderFooterView.xib */,
				3E33C6FA22B81BB0006FBB21 /* EmptyXib.xib */,
				3E33C6FB22B81BB0006FBB21 /* NibHeaderFooterView.xib */,
				3E33C6FC22B81BB0006FBB21 /* SelectionReactingCollectionCell.xib */,
				3E33C6FD22B81BB0006FBB21 /* ReactingHeaderFooterView.xib */,
				3E33C6FE22B81BB0006FBB21 /* XibCollectionViewController.xib */,
				3E33C6FF22B81BB0006FBB21 /* CustomNibCell.xib */,
			);
			path = iOS;
			sourceTree = "<group>";
		};
		3E33C70022B81BB0006FBB21 /* tvOS */ = {
			isa = PBXGroup;
			children = (
				3E33C70122B81BB0006FBB21 /* WrongReuseIdentifierCell.xib */,
				3E33C70222B81BB0006FBB21 /* NibCell.xib */,
				3E33C70322B81BB0006FBB21 /* NibView.xib */,
				3E33C70422B81BB0006FBB21 /* FixtureStoryboard.storyboard */,
				3E33C70522B81BB0006FBB21 /* RandomNibNameCell.xib */,
				3E33C70622B81BB0006FBB21 /* RandomNameHeaderFooterView.xib */,
				3E33C70722B81BB0006FBB21 /* EmptyXib.xib */,
				3E33C70822B81BB0006FBB21 /* NibHeaderFooterView.xib */,
				3E33C70922B81BB0006FBB21 /* SelectionReactingCollectionCell.xib */,
				3E33C70A22B81BB0006FBB21 /* ReactingHeaderFooterView.xib */,
				3E33C70B22B81BB0006FBB21 /* XibCollectionViewController.xib */,
				3E33C70C22B81BB0006FBB21 /* CustomNibCell.xib */,
			);
			path = tvOS;
			sourceTree = "<group>";
		};
		3E33C71322B81BB0006FBB21 /* Helpers */ = {
			isa = PBXGroup;
			children = (
				3E33C71422B81BB0006FBB21 /* CollectionViewManager+UnitTests.swift */,
				3E33C71522B81BB0006FBB21 /* NSIndexPath+Convenience.swift */,
				3E33C71622B81BB0006FBB21 /* DTTestCollectionController.swift */,
			);
			path = Helpers;
			sourceTree = "<group>";
		};
		3E33C71B22B81BB0006FBB21 /* DTCollectionViewManager */ = {
			isa = PBXGroup;
			children = (
				3E33C71E22B81BB0006FBB21 /* CollectionViewFactory.swift */,
				3E33C72822B81BB0006FBB21 /* CollectionViewUpdater.swift */,
				3E33C72622B81BB0006FBB21 /* DTCollectionViewDataSource.swift */,
				3E33C71F22B81BB0006FBB21 /* DTCollectionViewDelegate.swift */,
				3E33C72B22B81BB0006FBB21 /* DTCollectionViewDelegateWrapper.swift */,
				3E33C72022B81BB0006FBB21 /* DTCollectionViewDragDelegate.swift */,
				3E33C72522B81BB0006FBB21 /* DTCollectionViewDropDelegate.swift */,
				3E33C72722B81BB0006FBB21 /* DTCollectionViewDropPlaceholderContext.swift */,
				3E33C72122B81BB0006FBB21 /* DTCollectionViewManager.swift */,
				3E33C71C22B81BB0006FBB21 /* DTCollectionViewManager+DataSource.swift */,
				3E33C72322B81BB0006FBB21 /* DTCollectionViewManager+Delegate.swift */,
				9AA52DBA24C7A241002FFC89 /* DTCollectionViewManager+Deprecated.swift */,
				3E33C72222B81BB0006FBB21 /* DTCollectionViewManager+Drag.swift */,
				3E33C72422B81BB0006FBB21 /* DTCollectionViewManager+Drop.swift */,
				3E33C72A22B81BB0006FBB21 /* DTCollectionViewManager+Registration.swift */,
				3E33C71D22B81BB0006FBB21 /* DTCollectionViewManagerAnomalyHandler.swift */,
				9ABE13FA24599CE2008874D2 /* Exports.swift */,
			);
			path = DTCollectionViewManager;
			sourceTree = "<group>";
		};
		3E37DBF924E7E898008181FC /* Extensions */ = {
			isa = PBXGroup;
			children = (
				3E37DBFA24E7E8AB008181FC /* UIColor+Extensions.swift */,
			);
			path = Extensions;
			sourceTree = "<group>";
		};
		955F8579179ACAF000A38EAD = {
			isa = PBXGroup;
			children = (
				9ABF870B1BE3DF32000B9905 /* Documentation */,
				9A99AA7D1B8A219300428802 /* Example */,
				9A73E09D1F6586A000BF80F8 /* Frameworks */,
				955F8583179ACAF000A38EAD /* Products */,
				3E33C6E522B81BB0006FBB21 /* Sources */,
				9A1B88341CE1E2BA005B6F07 /* Supporting files */,
			);
			sourceTree = "<group>";
		};
		955F8583179ACAF000A38EAD /* Products */ = {
			isa = PBXGroup;
			children = (
				9AE671491AEE61F800B25A5F /* DTCollectionViewManager.framework */,
				9A99AA7C1B8A219300428802 /* Example.app */,
				9A99AA911B8A219300428802 /* Tests-iOS.xctest */,
				9AC532381BE5F77F006CB18A /* Tests-tvOS.xctest */,
			);
			name = Products;
			sourceTree = "<group>";
		};
		9A1B88341CE1E2BA005B6F07 /* Supporting files */ = {
			isa = PBXGroup;
			children = (
				9A1B88351CE1E2E5005B6F07 /* Info.plist */,
				9A1B88361CE1E2E5005B6F07 /* Framework.plist */,
				9A1B88371CE1E2E5005B6F07 /* Tests.plist */,
			);
			path = "Supporting files";
			sourceTree = "<group>";
		};
		9A73E09D1F6586A000BF80F8 /* Frameworks */ = {
			isa = PBXGroup;
			children = (
				9A5DE78F1FD35482000FE218 /* DTModelStorage.framework */,
			);
			name = Frameworks;
			sourceTree = "<group>";
		};
		9A99AA7D1B8A219300428802 /* Example */ = {
			isa = PBXGroup;
			children = (
				3E37DBF924E7E898008181FC /* Extensions */,
				9A9B184224E67569008C9F6D /* Examples */,
				9A0E42302375886A0027C995 /* Example.entitlements */,
				9A99AA7E1B8A219300428802 /* AppDelegate.swift */,
				9A9B184524E68CD9008C9F6D /* SceneDelegate.swift */,
				9A99AA801B8A219300428802 /* PrimaryViewController.swift */,
				9A99AA871B8A219300428802 /* Assets.xcassets */,
				9A99AA891B8A219300428802 /* LaunchScreen.storyboard */,
			);
			path = Example;
			sourceTree = "<group>";
		};
		9A9B184224E67569008C9F6D /* Examples */ = {
			isa = PBXGroup;
			children = (
				9A9B184E24ED15B2008C9F6D /* Cells */,
				9A9B184924ED15AE008C9F6D /* Views */,
				9ADFC8EE1B8B73A300AB4CD9 /* SectionsViewController.swift */,
				9A9B184324E67584008C9F6D /* Example.swift */,
				9A9B184724EBFC98008C9F6D /* CompositionalLayoutsViewController.swift */,
				9A9B185324ED1B9D008C9F6D /* FeedViewController.swift */,
				9A0E66BE2500E9F9004FF8A3 /* DiffableMultiSectionController.swift */,
				9A9B185424ED1B9D008C9F6D /* FeedViewController.xib */,
			);
			path = Examples;
			sourceTree = "<group>";
		};
		9A9B184924ED15AE008C9F6D /* Views */ = {
			isa = PBXGroup;
			children = (
				9A9B184A24ED15AE008C9F6D /* SimpleTextCollectionReusableView.swift */,
				9A9B184B24ED15AE008C9F6D /* SimpleTextCollectionReusableView.xib */,
			);
			path = Views;
			sourceTree = "<group>";
		};
		9A9B184E24ED15B2008C9F6D /* Cells */ = {
			isa = PBXGroup;
			children = (
				9A9B184F24ED15E4008C9F6D /* PostCell.swift */,
				9A9B185024ED15E4008C9F6D /* PostCell.xib */,
				9A9B185724ED3A22008C9F6D /* ActivityIndicatorCell.swift */,
				9A9B185824ED3A22008C9F6D /* ActivityIndicatorCell.xib */,
			);
			path = Cells;
			sourceTree = "<group>";
		};
		9ABF870B1BE3DF32000B9905 /* Documentation */ = {
			isa = PBXGroup;
			children = (
				9A1B88601CE1E4BC005B6F07 /* README.md */,
				9A1B88611CE1E4C1005B6F07 /* CHANGELOG.md */,
			);
			name = Documentation;
			sourceTree = "<group>";
		};
/* End PBXGroup section */

/* Begin PBXNativeTarget section */
		9A99AA7B1B8A219300428802 /* Example */ = {
			isa = PBXNativeTarget;
			buildConfigurationList = 9A99AA981B8A219300428802 /* Build configuration list for PBXNativeTarget "Example" */;
			buildPhases = (
				9A99AA781B8A219300428802 /* Sources */,
				9A99AA791B8A219300428802 /* Frameworks */,
				9A99AA7A1B8A219300428802 /* Resources */,
				9A7B9BA31BA5C41D00B86A4F /* Embed Frameworks */,
			);
			buildRules = (
			);
			dependencies = (
				9ADFC8FB1B8B7F3F00AB4CD9 /* PBXTargetDependency */,
			);
			name = Example;
			packageProductDependencies = (
			);
			productName = Example;
			productReference = 9A99AA7C1B8A219300428802 /* Example.app */;
			productType = "com.apple.product-type.application";
		};
		9A99AA901B8A219300428802 /* Tests-iOS */ = {
			isa = PBXNativeTarget;
			buildConfigurationList = 9A99AA9B1B8A219300428802 /* Build configuration list for PBXNativeTarget "Tests-iOS" */;
			buildPhases = (
				9A99AA8D1B8A219300428802 /* Sources */,
				9A99AA8E1B8A219300428802 /* Frameworks */,
				9A99AA8F1B8A219300428802 /* Resources */,
			);
			buildRules = (
			);
			dependencies = (
				9A08A9C81B8A248F00877C62 /* PBXTargetDependency */,
			);
			name = "Tests-iOS";
			productName = ExampleTests;
			productReference = 9A99AA911B8A219300428802 /* Tests-iOS.xctest */;
			productType = "com.apple.product-type.bundle.unit-test";
		};
		9AC532121BE5F77F006CB18A /* Tests-tvOS */ = {
			isa = PBXNativeTarget;
			buildConfigurationList = 9AC532351BE5F77F006CB18A /* Build configuration list for PBXNativeTarget "Tests-tvOS" */;
			buildPhases = (
				9AC532151BE5F77F006CB18A /* Sources */,
				9AC532261BE5F77F006CB18A /* Frameworks */,
				9AC5322A1BE5F77F006CB18A /* Resources */,
			);
			buildRules = (
			);
			dependencies = (
				9A73E09C1F65869B00BF80F8 /* PBXTargetDependency */,
			);
			name = "Tests-tvOS";
			productName = ExampleTests;
			productReference = 9AC532381BE5F77F006CB18A /* Tests-tvOS.xctest */;
			productType = "com.apple.product-type.bundle.unit-test";
		};
		9AE671481AEE61F800B25A5F /* DTCollectionViewManager */ = {
			isa = PBXNativeTarget;
			buildConfigurationList = 9AE671601AEE61F800B25A5F /* Build configuration list for PBXNativeTarget "DTCollectionViewManager" */;
			buildPhases = (
				9A5DE7921FD3576B000FE218 /* SwiftLint */,
				9AE671441AEE61F800B25A5F /* Sources */,
				9AE671451AEE61F800B25A5F /* Frameworks */,
			);
			buildRules = (
			);
			dependencies = (
			);
			name = DTCollectionViewManager;
			packageProductDependencies = (
				9AA83F1B22D4D77700C20E87 /* DTModelStorage */,
			);
			productName = DTCollectionViewManager;
			productReference = 9AE671491AEE61F800B25A5F /* DTCollectionViewManager.framework */;
			productType = "com.apple.product-type.framework";
		};
/* End PBXNativeTarget section */

/* Begin PBXProject section */
		955F857A179ACAF000A38EAD /* Project object */ = {
			isa = PBXProject;
			attributes = {
				LastSwiftUpdateCheck = 0700;
				LastUpgradeCheck = 1200;
				ORGANIZATIONNAME = "Denys Telezhkin";
				TargetAttributes = {
					9A99AA7B1B8A219300428802 = {
						CreatedOnToolsVersion = 7.0;
						DevelopmentTeam = L94VC9ZZXC;
						LastSwiftMigration = 0800;
					};
					9A99AA901B8A219300428802 = {
						CreatedOnToolsVersion = 7.0;
						LastSwiftMigration = 0900;
					};
					9AE671481AEE61F800B25A5F = {
						CreatedOnToolsVersion = 6.3.1;
						LastSwiftMigration = 0900;
					};
				};
			};
			buildConfigurationList = 955F857D179ACAF000A38EAD /* Build configuration list for PBXProject "DTCollectionViewManager" */;
			compatibilityVersion = "Xcode 12.0";
			developmentRegion = en;
			hasScannedForEncodings = 0;
			knownRegions = (
				en,
				Base,
			);
			mainGroup = 955F8579179ACAF000A38EAD;
			packageReferences = (
				9AA83F1A22D4D77700C20E87 /* XCRemoteSwiftPackageReference "DTModelStorage" */,
			);
			productRefGroup = 955F8583179ACAF000A38EAD /* Products */;
			projectDirPath = "";
			projectRoot = "";
			targets = (
				9A99AA7B1B8A219300428802 /* Example */,
				9A99AA901B8A219300428802 /* Tests-iOS */,
				9AE671481AEE61F800B25A5F /* DTCollectionViewManager */,
				9AC532121BE5F77F006CB18A /* Tests-tvOS */,
			);
		};
/* End PBXProject section */

/* Begin PBXResourcesBuildPhase section */
		9A99AA7A1B8A219300428802 /* Resources */ = {
			isa = PBXResourcesBuildPhase;
			buildActionMask = 2147483647;
			files = (
				9A9B185A24ED3A22008C9F6D /* ActivityIndicatorCell.xib in Resources */,
				9A9B184D24ED15AE008C9F6D /* SimpleTextCollectionReusableView.xib in Resources */,
				9A9B185624ED1B9D008C9F6D /* FeedViewController.xib in Resources */,
				9A99AA8B1B8A219300428802 /* LaunchScreen.storyboard in Resources */,
				9A99AA881B8A219300428802 /* Assets.xcassets in Resources */,
				9A9B185224ED15E4008C9F6D /* PostCell.xib in Resources */,
			);
			runOnlyForDeploymentPostprocessing = 0;
		};
		9A99AA8F1B8A219300428802 /* Resources */ = {
			isa = PBXResourcesBuildPhase;
			buildActionMask = 2147483647;
			files = (
				3E33C76C22B81BE2006FBB21 /* EmptyXib.xib in Resources */,
				3E33C76622B81BE2006FBB21 /* WrongReuseIdentifierCell.xib in Resources */,
				3E33C77022B81BE2006FBB21 /* XibCollectionViewController.xib in Resources */,
				3E33C76A22B81BE2006FBB21 /* RandomNibNameCell.xib in Resources */,
				3E33C76B22B81BE2006FBB21 /* RandomNameHeaderFooterView.xib in Resources */,
				3E33C76D22B81BE2006FBB21 /* NibHeaderFooterView.xib in Resources */,
				3E33C77122B81BE2006FBB21 /* CustomNibCell.xib in Resources */,
				3E33C76E22B81BE2006FBB21 /* SelectionReactingCollectionCell.xib in Resources */,
				3E33C76722B81BE2006FBB21 /* NibCell.xib in Resources */,
				3E33C76822B81BE2006FBB21 /* NibView.xib in Resources */,
				3E33C76922B81BE2006FBB21 /* FixtureStoryboard.storyboard in Resources */,
				3E33C76F22B81BE2006FBB21 /* ReactingHeaderFooterView.xib in Resources */,
			);
			runOnlyForDeploymentPostprocessing = 0;
		};
		9AC5322A1BE5F77F006CB18A /* Resources */ = {
			isa = PBXResourcesBuildPhase;
			buildActionMask = 2147483647;
			files = (
				3E33C77822B81BEA006FBB21 /* EmptyXib.xib in Resources */,
				3E33C77222B81BEA006FBB21 /* WrongReuseIdentifierCell.xib in Resources */,
				3E33C77C22B81BEA006FBB21 /* XibCollectionViewController.xib in Resources */,
				3E33C77622B81BEA006FBB21 /* RandomNibNameCell.xib in Resources */,
				3E33C77722B81BEA006FBB21 /* RandomNameHeaderFooterView.xib in Resources */,
				3E33C77922B81BEA006FBB21 /* NibHeaderFooterView.xib in Resources */,
				3E33C77D22B81BEA006FBB21 /* CustomNibCell.xib in Resources */,
				3E33C77A22B81BEA006FBB21 /* SelectionReactingCollectionCell.xib in Resources */,
				3E33C77322B81BEA006FBB21 /* NibCell.xib in Resources */,
				3E33C77422B81BEA006FBB21 /* NibView.xib in Resources */,
				3E33C77522B81BEA006FBB21 /* FixtureStoryboard.storyboard in Resources */,
				3E33C77B22B81BEA006FBB21 /* ReactingHeaderFooterView.xib in Resources */,
			);
			runOnlyForDeploymentPostprocessing = 0;
		};
/* End PBXResourcesBuildPhase section */

/* Begin PBXShellScriptBuildPhase section */
		9A5DE7921FD3576B000FE218 /* SwiftLint */ = {
			isa = PBXShellScriptBuildPhase;
			buildActionMask = 2147483647;
			files = (
			);
			inputPaths = (
			);
			name = SwiftLint;
			outputPaths = (
			);
			runOnlyForDeploymentPostprocessing = 0;
			shellPath = /bin/sh;
			shellScript = "if [ \\\"${CONFIGURATION}\\\" = \\\"Debug\\\" ]; then\n  if which swiftlint > /dev/null; then\n    swiftlint autocorrect --config \"${SRCROOT}/.swiftlint.yml\"\n    swiftlint lint --config \"${SRCROOT}/.swiftlint.yml\"\n  else\n    echo \\\"SwiftLint not installed, download it from https://github.com/realm/SwiftLint\\\"\n  fi\nfi";
		};
/* End PBXShellScriptBuildPhase section */

/* Begin PBXSourcesBuildPhase section */
		9A99AA781B8A219300428802 /* Sources */ = {
			isa = PBXSourcesBuildPhase;
			buildActionMask = 2147483647;
			files = (
				9A99AA811B8A219300428802 /* PrimaryViewController.swift in Sources */,
				9A9B184424E67584008C9F6D /* Example.swift in Sources */,
				9A9B185524ED1B9D008C9F6D /* FeedViewController.swift in Sources */,
				9A9B184C24ED15AE008C9F6D /* SimpleTextCollectionReusableView.swift in Sources */,
				9ADFC8EF1B8B73A300AB4CD9 /* SectionsViewController.swift in Sources */,
				9A9B184824EBFC98008C9F6D /* CompositionalLayoutsViewController.swift in Sources */,
				9A9B185124ED15E4008C9F6D /* PostCell.swift in Sources */,
				9A99AA7F1B8A219300428802 /* AppDelegate.swift in Sources */,
				9A0E66BF2500E9F9004FF8A3 /* DiffableMultiSectionController.swift in Sources */,
				9A9B185924ED3A22008C9F6D /* ActivityIndicatorCell.swift in Sources */,
				3E37DBFB24E7E8AB008181FC /* UIColor+Extensions.swift in Sources */,
				9A9B184624E68CD9008C9F6D /* SceneDelegate.swift in Sources */,
			);
			runOnlyForDeploymentPostprocessing = 0;
		};
		9A99AA8D1B8A219300428802 /* Sources */ = {
			isa = PBXSourcesBuildPhase;
			buildActionMask = 2147483647;
			files = (
				3E33C73E22B81BD1006FBB21 /* DelegateForwardingTestCase.swift in Sources */,
				3E33C75D22B81BDB006FBB21 /* NibHeaderFooterView.swift in Sources */,
				3E33C75B22B81BDB006FBB21 /* StoryboardViewController.swift in Sources */,
				3E33C75E22B81BDB006FBB21 /* NiblessHeaderFooterView.swift in Sources */,
				3E33C73D22B81BD1006FBB21 /* StoryboardCollectionReusableView.swift in Sources */,
				3E33C74422B81BD1006FBB21 /* SupplementaryEventsTestCase.swift in Sources */,
				3E33C75F22B81BDB006FBB21 /* XibCollectionViewController.swift in Sources */,
				3E33C73F22B81BD1006FBB21 /* CollectionViewBatchUpdatesTestCase.swift in Sources */,
				3E33C74822B81BD1006FBB21 /* CreationTestCase.swift in Sources */,
				3E33C74A22B81BD1006FBB21 /* DataSourceTestCase.swift in Sources */,
				3E33C74322B81BD1006FBB21 /* VIewModelMappingCustomizableTestCase.swift in Sources */,
				3E33C74622B81BD1006FBB21 /* ReactingToEventsTestCase.swift in Sources */,
				3E33C78222B81BF4006FBB21 /* NSIndexPath+Convenience.swift in Sources */,
				3E33C75C22B81BDB006FBB21 /* FixtureCells.swift in Sources */,
				3E33C73C22B81BD1006FBB21 /* CollectionViewFactoryTestCase.swift in Sources */,
				3E33C75A22B81BDB006FBB21 /* ReactingHeaderFooterView.swift in Sources */,
				3E33C74122B81BD1006FBB21 /* MappingTestCase.swift in Sources */,
				3E33C74022B81BD1006FBB21 /* SupplementaryMappingTestCase.swift in Sources */,
				3EBBB78A22F09DDF00DA34BD /* DiffableDatasourcesTestCase.swift in Sources */,
				3E33C74722B81BD1006FBB21 /* StoryboardCollectionViewCell.swift in Sources */,
				3E33C78122B81BF4006FBB21 /* CollectionViewManager+UnitTests.swift in Sources */,
				3E33C74222B81BD1006FBB21 /* StoryboardMappingTestCase.swift in Sources */,
				3E33C74922B81BD1006FBB21 /* MappingConditionsTestCase.swift in Sources */,
				3E33C78322B81BF4006FBB21 /* DTTestCollectionController.swift in Sources */,
				3E33C74522B81BD1006FBB21 /* AnomaliesTestCase.swift in Sources */,
			);
			runOnlyForDeploymentPostprocessing = 0;
		};
		9AC532151BE5F77F006CB18A /* Sources */ = {
			isa = PBXSourcesBuildPhase;
			buildActionMask = 2147483647;
			files = (
				3E33C74D22B81BD2006FBB21 /* DelegateForwardingTestCase.swift in Sources */,
				3E33C76322B81BDC006FBB21 /* NibHeaderFooterView.swift in Sources */,
				3E33C76122B81BDC006FBB21 /* StoryboardViewController.swift in Sources */,
				3E33C76422B81BDC006FBB21 /* NiblessHeaderFooterView.swift in Sources */,
				3E33C74C22B81BD2006FBB21 /* StoryboardCollectionReusableView.swift in Sources */,
				3E33C75322B81BD2006FBB21 /* SupplementaryEventsTestCase.swift in Sources */,
				3E33C76522B81BDC006FBB21 /* XibCollectionViewController.swift in Sources */,
				3E33C74E22B81BD2006FBB21 /* CollectionViewBatchUpdatesTestCase.swift in Sources */,
				3E33C75722B81BD2006FBB21 /* CreationTestCase.swift in Sources */,
				3E33C75922B81BD2006FBB21 /* DataSourceTestCase.swift in Sources */,
				3E33C75222B81BD2006FBB21 /* VIewModelMappingCustomizableTestCase.swift in Sources */,
				3E33C75522B81BD2006FBB21 /* ReactingToEventsTestCase.swift in Sources */,
				3E33C77F22B81BF3006FBB21 /* NSIndexPath+Convenience.swift in Sources */,
				3E33C76222B81BDC006FBB21 /* FixtureCells.swift in Sources */,
				3E33C74B22B81BD2006FBB21 /* CollectionViewFactoryTestCase.swift in Sources */,
				3E33C76022B81BDC006FBB21 /* ReactingHeaderFooterView.swift in Sources */,
				3E33C75022B81BD2006FBB21 /* MappingTestCase.swift in Sources */,
				3E33C74F22B81BD2006FBB21 /* SupplementaryMappingTestCase.swift in Sources */,
				3EBBB78B22F09DDF00DA34BD /* DiffableDatasourcesTestCase.swift in Sources */,
				3E33C75622B81BD2006FBB21 /* StoryboardCollectionViewCell.swift in Sources */,
				3E33C77E22B81BF3006FBB21 /* CollectionViewManager+UnitTests.swift in Sources */,
				3E33C75122B81BD2006FBB21 /* StoryboardMappingTestCase.swift in Sources */,
				3E33C75822B81BD2006FBB21 /* MappingConditionsTestCase.swift in Sources */,
				3E33C78022B81BF3006FBB21 /* DTTestCollectionController.swift in Sources */,
				3E33C75422B81BD2006FBB21 /* AnomaliesTestCase.swift in Sources */,
			);
			runOnlyForDeploymentPostprocessing = 0;
		};
		9AE671441AEE61F800B25A5F /* Sources */ = {
			isa = PBXSourcesBuildPhase;
			buildActionMask = 2147483647;
			files = (
				3E33C73222B81BC4006FBB21 /* DTCollectionViewManager+Drag.swift in Sources */,
				3E33C73822B81BC4006FBB21 /* CollectionViewUpdater.swift in Sources */,
				3E33C73322B81BC4006FBB21 /* DTCollectionViewManager+Delegate.swift in Sources */,
				3E33C73022B81BC4006FBB21 /* DTCollectionViewDragDelegate.swift in Sources */,
				3E33C72C22B81BC4006FBB21 /* DTCollectionViewManager+DataSource.swift in Sources */,
				3E33C73522B81BC4006FBB21 /* DTCollectionViewDropDelegate.swift in Sources */,
				3E33C72E22B81BC4006FBB21 /* CollectionViewFactory.swift in Sources */,
				3E33C73622B81BC4006FBB21 /* DTCollectionViewDataSource.swift in Sources */,
				9AA52DBB24C7A241002FFC89 /* DTCollectionViewManager+Deprecated.swift in Sources */,
				3E33C73A22B81BC4006FBB21 /* DTCollectionViewManager+Registration.swift in Sources */,
				3E33C73422B81BC4006FBB21 /* DTCollectionViewManager+Drop.swift in Sources */,
				3E33C72D22B81BC4006FBB21 /* DTCollectionViewManagerAnomalyHandler.swift in Sources */,
				3E33C73B22B81BC4006FBB21 /* DTCollectionViewDelegateWrapper.swift in Sources */,
				3E33C73122B81BC4006FBB21 /* DTCollectionViewManager.swift in Sources */,
				9ABE13FB24599CE2008874D2 /* Exports.swift in Sources */,
				3E33C72F22B81BC4006FBB21 /* DTCollectionViewDelegate.swift in Sources */,
				3E33C73722B81BC4006FBB21 /* DTCollectionViewDropPlaceholderContext.swift in Sources */,
			);
			runOnlyForDeploymentPostprocessing = 0;
		};
/* End PBXSourcesBuildPhase section */

/* Begin PBXTargetDependency section */
		9A08A9C81B8A248F00877C62 /* PBXTargetDependency */ = {
			isa = PBXTargetDependency;
			target = 9AE671481AEE61F800B25A5F /* DTCollectionViewManager */;
			targetProxy = 9A08A9C71B8A248F00877C62 /* PBXContainerItemProxy */;
		};
		9A73E09C1F65869B00BF80F8 /* PBXTargetDependency */ = {
			isa = PBXTargetDependency;
			target = 9AE671481AEE61F800B25A5F /* DTCollectionViewManager */;
			targetProxy = 9A73E09B1F65869B00BF80F8 /* PBXContainerItemProxy */;
		};
		9ADFC8FB1B8B7F3F00AB4CD9 /* PBXTargetDependency */ = {
			isa = PBXTargetDependency;
			target = 9AE671481AEE61F800B25A5F /* DTCollectionViewManager */;
			targetProxy = 9ADFC8FA1B8B7F3F00AB4CD9 /* PBXContainerItemProxy */;
		};
/* End PBXTargetDependency section */

/* Begin PBXVariantGroup section */
		9A99AA891B8A219300428802 /* LaunchScreen.storyboard */ = {
			isa = PBXVariantGroup;
			children = (
				9A99AA8A1B8A219300428802 /* Base */,
			);
			name = LaunchScreen.storyboard;
			sourceTree = "<group>";
		};
/* End PBXVariantGroup section */

/* Begin XCBuildConfiguration section */
		955F85A9179ACAF000A38EAD /* Debug */ = {
			isa = XCBuildConfiguration;
			buildSettings = {
				ALWAYS_SEARCH_USER_PATHS = NO;
				APPLICATION_EXTENSION_API_ONLY = YES;
				CLANG_ALLOW_NON_MODULAR_INCLUDES_IN_FRAMEWORK_MODULES = YES;
				CLANG_ANALYZER_LOCALIZABILITY_NONLOCALIZED = YES;
				CLANG_ENABLE_MODULES = YES;
				CLANG_ENABLE_OBJC_ARC = YES;
				CLANG_WARN_BLOCK_CAPTURE_AUTORELEASING = YES;
				CLANG_WARN_BOOL_CONVERSION = YES;
				CLANG_WARN_COMMA = YES;
				CLANG_WARN_CONSTANT_CONVERSION = YES;
				CLANG_WARN_DEPRECATED_OBJC_IMPLEMENTATIONS = YES;
				CLANG_WARN_EMPTY_BODY = YES;
				CLANG_WARN_ENUM_CONVERSION = YES;
				CLANG_WARN_INFINITE_RECURSION = YES;
				CLANG_WARN_INT_CONVERSION = YES;
				CLANG_WARN_NON_LITERAL_NULL_CONVERSION = YES;
				CLANG_WARN_OBJC_IMPLICIT_RETAIN_SELF = YES;
				CLANG_WARN_OBJC_LITERAL_CONVERSION = YES;
				CLANG_WARN_QUOTED_INCLUDE_IN_FRAMEWORK_HEADER = YES;
				CLANG_WARN_RANGE_LOOP_ANALYSIS = YES;
				CLANG_WARN_STRICT_PROTOTYPES = YES;
				CLANG_WARN_SUSPICIOUS_MOVE = YES;
				CLANG_WARN_UNREACHABLE_CODE = YES;
				CLANG_WARN__DUPLICATE_METHOD_MATCH = YES;
				"CODE_SIGN_IDENTITY[sdk=iphoneos*]" = "iPhone Developer";
				COPY_PHASE_STRIP = NO;
				DEBUG_INFORMATION_FORMAT = dwarf;
				"DEBUG_INFORMATION_FORMAT[sdk=appletvos*]" = "dwarf-with-dsym";
				"DEBUG_INFORMATION_FORMAT[sdk=iphoneos*]" = "dwarf-with-dsym";
				"DEBUG_INFORMATION_FORMAT[sdk=iphonesimulator*]" = dwarf;
				ENABLE_STRICT_OBJC_MSGSEND = YES;
				ENABLE_TESTABILITY = YES;
				GCC_NO_COMMON_BLOCKS = YES;
				GCC_OPTIMIZATION_LEVEL = 0;
				GCC_WARN_64_TO_32_BIT_CONVERSION = YES;
				GCC_WARN_ABOUT_RETURN_TYPE = YES;
				GCC_WARN_UNDECLARED_SELECTOR = YES;
				GCC_WARN_UNINITIALIZED_AUTOS = YES;
				GCC_WARN_UNUSED_FUNCTION = YES;
				GCC_WARN_UNUSED_VARIABLE = YES;
				IPHONEOS_DEPLOYMENT_TARGET = 11.0;
				ONLY_ACTIVE_ARCH = YES;
				OTHER_SWIFT_FLAGS = "-Xfrontend -warn-long-expression-type-checking=150";
				SDKROOT = iphoneos;
				SUPPORTED_PLATFORMS = "iphonesimulator iphoneos appletvos appletvsimulator";
				SWIFT_ACTIVE_COMPILATION_CONDITIONS = DEBUG;
				SWIFT_OPTIMIZATION_LEVEL = "-Onone";
				SWIFT_SWIFT3_OBJC_INFERENCE = Off;
				SWIFT_VERSION = 5.0;
				TARGETED_DEVICE_FAMILY = "1,2,3,4";
				TVOS_DEPLOYMENT_TARGET = 11.0;
			};
			name = Debug;
		};
		955F85AA179ACAF000A38EAD /* Release */ = {
			isa = XCBuildConfiguration;
			buildSettings = {
				ALWAYS_SEARCH_USER_PATHS = NO;
				APPLICATION_EXTENSION_API_ONLY = YES;
				CLANG_ALLOW_NON_MODULAR_INCLUDES_IN_FRAMEWORK_MODULES = YES;
				CLANG_ANALYZER_LOCALIZABILITY_NONLOCALIZED = YES;
				CLANG_ENABLE_MODULES = YES;
				CLANG_ENABLE_OBJC_ARC = YES;
				CLANG_WARN_BLOCK_CAPTURE_AUTORELEASING = YES;
				CLANG_WARN_BOOL_CONVERSION = YES;
				CLANG_WARN_COMMA = YES;
				CLANG_WARN_CONSTANT_CONVERSION = YES;
				CLANG_WARN_DEPRECATED_OBJC_IMPLEMENTATIONS = YES;
				CLANG_WARN_EMPTY_BODY = YES;
				CLANG_WARN_ENUM_CONVERSION = YES;
				CLANG_WARN_INFINITE_RECURSION = YES;
				CLANG_WARN_INT_CONVERSION = YES;
				CLANG_WARN_NON_LITERAL_NULL_CONVERSION = YES;
				CLANG_WARN_OBJC_IMPLICIT_RETAIN_SELF = YES;
				CLANG_WARN_OBJC_LITERAL_CONVERSION = YES;
				CLANG_WARN_QUOTED_INCLUDE_IN_FRAMEWORK_HEADER = YES;
				CLANG_WARN_RANGE_LOOP_ANALYSIS = YES;
				CLANG_WARN_STRICT_PROTOTYPES = YES;
				CLANG_WARN_SUSPICIOUS_MOVE = YES;
				CLANG_WARN_UNREACHABLE_CODE = YES;
				CLANG_WARN__DUPLICATE_METHOD_MATCH = YES;
				"CODE_SIGN_IDENTITY[sdk=iphoneos*]" = "iPhone Developer";
				ENABLE_STRICT_OBJC_MSGSEND = YES;
				ENABLE_TESTABILITY = YES;
				GCC_NO_COMMON_BLOCKS = YES;
				GCC_WARN_64_TO_32_BIT_CONVERSION = YES;
				GCC_WARN_ABOUT_RETURN_TYPE = YES;
				GCC_WARN_UNDECLARED_SELECTOR = YES;
				GCC_WARN_UNINITIALIZED_AUTOS = YES;
				GCC_WARN_UNUSED_FUNCTION = YES;
				GCC_WARN_UNUSED_VARIABLE = YES;
				IPHONEOS_DEPLOYMENT_TARGET = 11.0;
				OTHER_CFLAGS = "-DNS_BLOCK_ASSERTIONS=1";
				SDKROOT = iphoneos;
				SUPPORTED_PLATFORMS = "iphonesimulator iphoneos appletvos appletvsimulator";
				SWIFT_COMPILATION_MODE = wholemodule;
				SWIFT_SWIFT3_OBJC_INFERENCE = Off;
				SWIFT_VERSION = 5.0;
				TARGETED_DEVICE_FAMILY = "1,2,3,4";
				TVOS_DEPLOYMENT_TARGET = 11.0;
				VALIDATE_PRODUCT = YES;
			};
			name = Release;
		};
		9A99AA991B8A219300428802 /* Debug */ = {
			isa = XCBuildConfiguration;
			buildSettings = {
				ALWAYS_EMBED_SWIFT_STANDARD_LIBRARIES = YES;
				ASSETCATALOG_COMPILER_APPICON_NAME = AppIcon;
				CLANG_WARN_DIRECT_OBJC_ISA_USAGE = YES_ERROR;
				CLANG_WARN_OBJC_ROOT_CLASS = YES_ERROR;
				CODE_SIGN_ENTITLEMENTS = Example/Example.entitlements;
				DEVELOPMENT_TEAM = L94VC9ZZXC;
				GCC_WARN_ABOUT_RETURN_TYPE = YES_ERROR;
				GCC_WARN_UNINITIALIZED_AUTOS = YES_AGGRESSIVE;
				INFOPLIST_FILE = "$(SRCROOT)/Supporting files/Info.plist";
				INFOPLIST_PREPROCESS = YES;
				IPHONEOS_DEPLOYMENT_TARGET = 14.0;
				LD_RUNPATH_SEARCH_PATHS = (
					"$(inherited)",
					"@executable_path/Frameworks",
				);
				PRODUCT_BUNDLE_IDENTIFIER = MLSDev.Example;
				PRODUCT_NAME = "$(TARGET_NAME)";
				SUPPORTED_PLATFORMS = "iphonesimulator iphoneos";
				SUPPORTS_MACCATALYST = YES;
				TARGETED_DEVICE_FAMILY = "1,2";
			};
			name = Debug;
		};
		9A99AA9A1B8A219300428802 /* Release */ = {
			isa = XCBuildConfiguration;
			buildSettings = {
				ALWAYS_EMBED_SWIFT_STANDARD_LIBRARIES = YES;
				ASSETCATALOG_COMPILER_APPICON_NAME = AppIcon;
				CLANG_WARN_DIRECT_OBJC_ISA_USAGE = YES_ERROR;
				CLANG_WARN_OBJC_ROOT_CLASS = YES_ERROR;
				CODE_SIGN_ENTITLEMENTS = Example/Example.entitlements;
				COPY_PHASE_STRIP = NO;
				DEVELOPMENT_TEAM = L94VC9ZZXC;
				ENABLE_NS_ASSERTIONS = NO;
				GCC_WARN_ABOUT_RETURN_TYPE = YES_ERROR;
				GCC_WARN_UNINITIALIZED_AUTOS = YES_AGGRESSIVE;
				INFOPLIST_FILE = "$(SRCROOT)/Supporting files/Info.plist";
				INFOPLIST_PREPROCESS = YES;
				IPHONEOS_DEPLOYMENT_TARGET = 14.0;
				LD_RUNPATH_SEARCH_PATHS = (
					"$(inherited)",
					"@executable_path/Frameworks",
				);
				PRODUCT_BUNDLE_IDENTIFIER = MLSDev.Example;
				PRODUCT_NAME = "$(TARGET_NAME)";
				SUPPORTED_PLATFORMS = "iphonesimulator iphoneos";
				SUPPORTS_MACCATALYST = YES;
				TARGETED_DEVICE_FAMILY = "1,2";
			};
			name = Release;
		};
		9A99AA9C1B8A219300428802 /* Debug */ = {
			isa = XCBuildConfiguration;
			buildSettings = {
				ALWAYS_EMBED_SWIFT_STANDARD_LIBRARIES = YES;
				APPLICATION_EXTENSION_API_ONLY = NO;
				CLANG_WARN_DIRECT_OBJC_ISA_USAGE = YES_ERROR;
				CLANG_WARN_OBJC_ROOT_CLASS = YES_ERROR;
				GCC_WARN_ABOUT_RETURN_TYPE = YES_ERROR;
				GCC_WARN_UNINITIALIZED_AUTOS = YES_AGGRESSIVE;
				INFOPLIST_FILE = "Supporting files/Tests.plist";
				LD_RUNPATH_SEARCH_PATHS = (
					"$(inherited)",
					"@executable_path/Frameworks",
					"@loader_path/Frameworks",
				);
				PRODUCT_BUNDLE_IDENTIFIER = MLSDev.ExampleTests;
				PRODUCT_NAME = "$(TARGET_NAME)";
			};
			name = Debug;
		};
		9A99AA9D1B8A219300428802 /* Release */ = {
			isa = XCBuildConfiguration;
			buildSettings = {
				ALWAYS_EMBED_SWIFT_STANDARD_LIBRARIES = YES;
				APPLICATION_EXTENSION_API_ONLY = NO;
				CLANG_WARN_DIRECT_OBJC_ISA_USAGE = YES_ERROR;
				CLANG_WARN_OBJC_ROOT_CLASS = YES_ERROR;
				COPY_PHASE_STRIP = NO;
				ENABLE_NS_ASSERTIONS = NO;
				GCC_WARN_ABOUT_RETURN_TYPE = YES_ERROR;
				GCC_WARN_UNINITIALIZED_AUTOS = YES_AGGRESSIVE;
				INFOPLIST_FILE = "Supporting files/Tests.plist";
				LD_RUNPATH_SEARCH_PATHS = (
					"$(inherited)",
					"@executable_path/Frameworks",
					"@loader_path/Frameworks",
				);
				PRODUCT_BUNDLE_IDENTIFIER = MLSDev.ExampleTests;
				PRODUCT_NAME = "$(TARGET_NAME)";
			};
			name = Release;
		};
		9AC532361BE5F77F006CB18A /* Debug */ = {
			isa = XCBuildConfiguration;
			buildSettings = {
				ALWAYS_EMBED_SWIFT_STANDARD_LIBRARIES = YES;
				APPLICATION_EXTENSION_API_ONLY = NO;
				CLANG_WARN_DIRECT_OBJC_ISA_USAGE = YES_ERROR;
				CLANG_WARN_OBJC_ROOT_CLASS = YES_ERROR;
				GCC_WARN_ABOUT_RETURN_TYPE = YES_ERROR;
				GCC_WARN_UNINITIALIZED_AUTOS = YES_AGGRESSIVE;
				GENERATE_PROFILING_CODE = YES;
				INFOPLIST_FILE = "Supporting files/Tests.plist";
				LD_RUNPATH_SEARCH_PATHS = (
					"$(inherited)",
					"@executable_path/Frameworks",
					"@loader_path/Frameworks",
				);
				PRODUCT_BUNDLE_IDENTIFIER = MLSDev.ExampleTests;
				PRODUCT_NAME = "$(TARGET_NAME)";
				SDKROOT = appletvos;
			};
			name = Debug;
		};
		9AC532371BE5F77F006CB18A /* Release */ = {
			isa = XCBuildConfiguration;
			buildSettings = {
				ALWAYS_EMBED_SWIFT_STANDARD_LIBRARIES = YES;
				APPLICATION_EXTENSION_API_ONLY = NO;
				CLANG_WARN_DIRECT_OBJC_ISA_USAGE = YES_ERROR;
				CLANG_WARN_OBJC_ROOT_CLASS = YES_ERROR;
				COPY_PHASE_STRIP = NO;
				ENABLE_NS_ASSERTIONS = NO;
				GCC_WARN_ABOUT_RETURN_TYPE = YES_ERROR;
				GCC_WARN_UNINITIALIZED_AUTOS = YES_AGGRESSIVE;
				INFOPLIST_FILE = "Supporting files/Tests.plist";
				LD_RUNPATH_SEARCH_PATHS = (
					"$(inherited)",
					"@executable_path/Frameworks",
					"@loader_path/Frameworks",
				);
				PRODUCT_BUNDLE_IDENTIFIER = MLSDev.ExampleTests;
				PRODUCT_NAME = "$(TARGET_NAME)";
				SDKROOT = appletvos;
			};
			name = Release;
		};
		9AE6715C1AEE61F800B25A5F /* Debug */ = {
			isa = XCBuildConfiguration;
			buildSettings = {
				CLANG_WARN_DIRECT_OBJC_ISA_USAGE = YES_ERROR;
				CLANG_WARN_OBJC_ROOT_CLASS = YES_ERROR;
				"CODE_SIGN_IDENTITY[sdk=iphoneos*]" = "";
				CURRENT_PROJECT_VERSION = 1;
				DEFINES_MODULE = YES;
				DYLIB_COMPATIBILITY_VERSION = 1;
				DYLIB_CURRENT_VERSION = 1;
				DYLIB_INSTALL_NAME_BASE = "@rpath";
				GCC_WARN_ABOUT_RETURN_TYPE = YES_ERROR;
				GCC_WARN_UNINITIALIZED_AUTOS = YES_AGGRESSIVE;
				INFOPLIST_FILE = "Supporting files/Framework.plist";
				INSTALL_PATH = "$(LOCAL_LIBRARY_DIR)/Frameworks";
				LD_RUNPATH_SEARCH_PATHS = (
					"$(inherited)",
					"@executable_path/Frameworks",
					"@loader_path/Frameworks",
				);
				PRODUCT_BUNDLE_IDENTIFIER = "com.mlsdev.$(PRODUCT_NAME:rfc1034identifier)";
				PRODUCT_NAME = DTCollectionViewManager;
				SKIP_INSTALL = YES;
				VERSIONING_SYSTEM = "apple-generic";
				VERSION_INFO_PREFIX = "";
			};
			name = Debug;
		};
		9AE6715D1AEE61F800B25A5F /* Release */ = {
			isa = XCBuildConfiguration;
			buildSettings = {
				CLANG_WARN_DIRECT_OBJC_ISA_USAGE = YES_ERROR;
				CLANG_WARN_OBJC_ROOT_CLASS = YES_ERROR;
				"CODE_SIGN_IDENTITY[sdk=iphoneos*]" = "";
				COPY_PHASE_STRIP = NO;
				CURRENT_PROJECT_VERSION = 1;
				DEFINES_MODULE = YES;
				DYLIB_COMPATIBILITY_VERSION = 1;
				DYLIB_CURRENT_VERSION = 1;
				DYLIB_INSTALL_NAME_BASE = "@rpath";
				ENABLE_NS_ASSERTIONS = NO;
				GCC_WARN_ABOUT_RETURN_TYPE = YES_ERROR;
				GCC_WARN_UNINITIALIZED_AUTOS = YES_AGGRESSIVE;
				INFOPLIST_FILE = "Supporting files/Framework.plist";
				INSTALL_PATH = "$(LOCAL_LIBRARY_DIR)/Frameworks";
				LD_RUNPATH_SEARCH_PATHS = (
					"$(inherited)",
					"@executable_path/Frameworks",
					"@loader_path/Frameworks",
				);
				PRODUCT_BUNDLE_IDENTIFIER = "com.mlsdev.$(PRODUCT_NAME:rfc1034identifier)";
				PRODUCT_NAME = DTCollectionViewManager;
				SKIP_INSTALL = YES;
				VERSIONING_SYSTEM = "apple-generic";
				VERSION_INFO_PREFIX = "";
			};
			name = Release;
		};
/* End XCBuildConfiguration section */

/* Begin XCConfigurationList section */
		955F857D179ACAF000A38EAD /* Build configuration list for PBXProject "DTCollectionViewManager" */ = {
			isa = XCConfigurationList;
			buildConfigurations = (
				955F85A9179ACAF000A38EAD /* Debug */,
				955F85AA179ACAF000A38EAD /* Release */,
			);
			defaultConfigurationIsVisible = 0;
			defaultConfigurationName = Release;
		};
		9A99AA981B8A219300428802 /* Build configuration list for PBXNativeTarget "Example" */ = {
			isa = XCConfigurationList;
			buildConfigurations = (
				9A99AA991B8A219300428802 /* Debug */,
				9A99AA9A1B8A219300428802 /* Release */,
			);
			defaultConfigurationIsVisible = 0;
			defaultConfigurationName = Release;
		};
		9A99AA9B1B8A219300428802 /* Build configuration list for PBXNativeTarget "Tests-iOS" */ = {
			isa = XCConfigurationList;
			buildConfigurations = (
				9A99AA9C1B8A219300428802 /* Debug */,
				9A99AA9D1B8A219300428802 /* Release */,
			);
			defaultConfigurationIsVisible = 0;
			defaultConfigurationName = Release;
		};
		9AC532351BE5F77F006CB18A /* Build configuration list for PBXNativeTarget "Tests-tvOS" */ = {
			isa = XCConfigurationList;
			buildConfigurations = (
				9AC532361BE5F77F006CB18A /* Debug */,
				9AC532371BE5F77F006CB18A /* Release */,
			);
			defaultConfigurationIsVisible = 0;
			defaultConfigurationName = Release;
		};
		9AE671601AEE61F800B25A5F /* Build configuration list for PBXNativeTarget "DTCollectionViewManager" */ = {
			isa = XCConfigurationList;
			buildConfigurations = (
				9AE6715C1AEE61F800B25A5F /* Debug */,
				9AE6715D1AEE61F800B25A5F /* Release */,
			);
			defaultConfigurationIsVisible = 0;
			defaultConfigurationName = Release;
		};
/* End XCConfigurationList section */

/* Begin XCRemoteSwiftPackageReference section */
		9AA83F1A22D4D77700C20E87 /* XCRemoteSwiftPackageReference "DTModelStorage" */ = {
			isa = XCRemoteSwiftPackageReference;
			repositoryURL = "https://github.com/DenTelezhkin/DTModelStorage";
			requirement = {
				kind = exactVersion;
				version = "9.0.0-beta.1";
			};
		};
/* End XCRemoteSwiftPackageReference section */

/* Begin XCSwiftPackageProductDependency section */
		9AA83F1B22D4D77700C20E87 /* DTModelStorage */ = {
			isa = XCSwiftPackageProductDependency;
			package = 9AA83F1A22D4D77700C20E87 /* XCRemoteSwiftPackageReference "DTModelStorage" */;
			productName = DTModelStorage;
		};
/* End XCSwiftPackageProductDependency section */
	};
	rootObject = 955F857A179ACAF000A38EAD /* Project object */;
}
