// !$*UTF8*$!
{
	archiveVersion = 1;
	classes = {
	};
	objectVersion = 46;
	objects = {

/* Begin PBXBuildFile section */
		3E646B4D1F599F6D00135998 /* DTCollectionViewDragDelegate.swift in Sources */ = {isa = PBXBuildFile; fileRef = 3E646B4C1F599F6D00135998 /* DTCollectionViewDragDelegate.swift */; };
		3E646B4E1F599F6D00135998 /* DTCollectionViewDragDelegate.swift in Sources */ = {isa = PBXBuildFile; fileRef = 3E646B4C1F599F6D00135998 /* DTCollectionViewDragDelegate.swift */; };
		3E646B571F599F8100135998 /* DTCollectionViewDropDelegate.swift in Sources */ = {isa = PBXBuildFile; fileRef = 3E646B561F599F8100135998 /* DTCollectionViewDropDelegate.swift */; };
		3E646B581F599F8100135998 /* DTCollectionViewDropDelegate.swift in Sources */ = {isa = PBXBuildFile; fileRef = 3E646B561F599F8100135998 /* DTCollectionViewDropDelegate.swift */; };
		9A0889881F53211C00A1AA54 /* DTCollectionViewManager+Registration.swift in Sources */ = {isa = PBXBuildFile; fileRef = 9A0889871F53211C00A1AA54 /* DTCollectionViewManager+Registration.swift */; };
		9A0889891F53211C00A1AA54 /* DTCollectionViewManager+Registration.swift in Sources */ = {isa = PBXBuildFile; fileRef = 9A0889871F53211C00A1AA54 /* DTCollectionViewManager+Registration.swift */; };
		9A0889921F53213A00A1AA54 /* DTCollectionViewManager+DataSource.swift in Sources */ = {isa = PBXBuildFile; fileRef = 9A0889911F53213A00A1AA54 /* DTCollectionViewManager+DataSource.swift */; };
		9A0889931F53213A00A1AA54 /* DTCollectionViewManager+DataSource.swift in Sources */ = {isa = PBXBuildFile; fileRef = 9A0889911F53213A00A1AA54 /* DTCollectionViewManager+DataSource.swift */; };
		9A0889951F53214D00A1AA54 /* DTCollectionViewManager+Delegate.swift in Sources */ = {isa = PBXBuildFile; fileRef = 9A0889941F53214D00A1AA54 /* DTCollectionViewManager+Delegate.swift */; };
		9A0889961F53214D00A1AA54 /* DTCollectionViewManager+Delegate.swift in Sources */ = {isa = PBXBuildFile; fileRef = 9A0889941F53214D00A1AA54 /* DTCollectionViewManager+Delegate.swift */; };
		9A0889981F53215F00A1AA54 /* DTCollectionViewManager+Drag.swift in Sources */ = {isa = PBXBuildFile; fileRef = 9A0889971F53215F00A1AA54 /* DTCollectionViewManager+Drag.swift */; };
		9A0889991F53215F00A1AA54 /* DTCollectionViewManager+Drag.swift in Sources */ = {isa = PBXBuildFile; fileRef = 9A0889971F53215F00A1AA54 /* DTCollectionViewManager+Drag.swift */; };
		9A08899B1F53218200A1AA54 /* DTCollectionViewManager+Drop.swift in Sources */ = {isa = PBXBuildFile; fileRef = 9A08899A1F53218200A1AA54 /* DTCollectionViewManager+Drop.swift */; };
		9A08899C1F53218200A1AA54 /* DTCollectionViewManager+Drop.swift in Sources */ = {isa = PBXBuildFile; fileRef = 9A08899A1F53218200A1AA54 /* DTCollectionViewManager+Drop.swift */; };
		9A08A9C91B8A249300877C62 /* DTCollectionViewManager.framework in Frameworks */ = {isa = PBXBuildFile; fileRef = 9AE671491AEE61F800B25A5F /* DTCollectionViewManager.framework */; };
		9A1B88081CE1E1E1005B6F07 /* NibCell.xib in Resources */ = {isa = PBXBuildFile; fileRef = 9A1B87ED1CE1E19D005B6F07 /* NibCell.xib */; };
		9A1B88091CE1E1E1005B6F07 /* NibHeaderFooterView.xib in Resources */ = {isa = PBXBuildFile; fileRef = 9A1B87EE1CE1E19D005B6F07 /* NibHeaderFooterView.xib */; };
		9A1B880A1CE1E1E1005B6F07 /* NibView.xib in Resources */ = {isa = PBXBuildFile; fileRef = 9A1B87EF1CE1E19D005B6F07 /* NibView.xib */; };
		9A1B880B1CE1E1E1005B6F07 /* RandomNameHeaderFooterView.xib in Resources */ = {isa = PBXBuildFile; fileRef = 9A1B87F01CE1E19D005B6F07 /* RandomNameHeaderFooterView.xib */; };
		9A1B880C1CE1E1E1005B6F07 /* RandomNibNameCell.xib in Resources */ = {isa = PBXBuildFile; fileRef = 9A1B87F11CE1E19D005B6F07 /* RandomNibNameCell.xib */; };
		9A1B880D1CE1E1E1005B6F07 /* ReactingHeaderFooterView.xib in Resources */ = {isa = PBXBuildFile; fileRef = 9A1B87F21CE1E19D005B6F07 /* ReactingHeaderFooterView.xib */; };
		9A1B880E1CE1E1E1005B6F07 /* SelectionReactingCollectionCell.xib in Resources */ = {isa = PBXBuildFile; fileRef = 9A1B87F31CE1E19D005B6F07 /* SelectionReactingCollectionCell.xib */; };
		9A1B880F1CE1E1E1005B6F07 /* XibCollectionViewController.xib in Resources */ = {isa = PBXBuildFile; fileRef = 9A1B87F41CE1E19D005B6F07 /* XibCollectionViewController.xib */; };
		9A1B88191CE1E1F0005B6F07 /* FixtureStoryboard.storyboard in Resources */ = {isa = PBXBuildFile; fileRef = 9A1B88101CE1E1F0005B6F07 /* FixtureStoryboard.storyboard */; };
		9A1B881A1CE1E1F0005B6F07 /* NibCell.xib in Resources */ = {isa = PBXBuildFile; fileRef = 9A1B88111CE1E1F0005B6F07 /* NibCell.xib */; };
		9A1B881B1CE1E1F0005B6F07 /* NibHeaderFooterView.xib in Resources */ = {isa = PBXBuildFile; fileRef = 9A1B88121CE1E1F0005B6F07 /* NibHeaderFooterView.xib */; };
		9A1B881C1CE1E1F0005B6F07 /* NibView.xib in Resources */ = {isa = PBXBuildFile; fileRef = 9A1B88131CE1E1F0005B6F07 /* NibView.xib */; };
		9A1B881D1CE1E1F0005B6F07 /* RandomNameHeaderFooterView.xib in Resources */ = {isa = PBXBuildFile; fileRef = 9A1B88141CE1E1F0005B6F07 /* RandomNameHeaderFooterView.xib */; };
		9A1B881E1CE1E1F0005B6F07 /* RandomNibNameCell.xib in Resources */ = {isa = PBXBuildFile; fileRef = 9A1B88151CE1E1F0005B6F07 /* RandomNibNameCell.xib */; };
		9A1B881F1CE1E1F0005B6F07 /* ReactingHeaderFooterView.xib in Resources */ = {isa = PBXBuildFile; fileRef = 9A1B88161CE1E1F0005B6F07 /* ReactingHeaderFooterView.xib */; };
		9A1B88201CE1E1F0005B6F07 /* SelectionReactingCollectionCell.xib in Resources */ = {isa = PBXBuildFile; fileRef = 9A1B88171CE1E1F0005B6F07 /* SelectionReactingCollectionCell.xib */; };
		9A1B88211CE1E1F0005B6F07 /* XibCollectionViewController.xib in Resources */ = {isa = PBXBuildFile; fileRef = 9A1B88181CE1E1F0005B6F07 /* XibCollectionViewController.xib */; };
		9A1B88651CE1E4CB005B6F07 /* CollectionViewFactory.swift in Sources */ = {isa = PBXBuildFile; fileRef = 9A1B88621CE1E4CB005B6F07 /* CollectionViewFactory.swift */; };
		9A1B88661CE1E4CB005B6F07 /* CollectionViewFactory.swift in Sources */ = {isa = PBXBuildFile; fileRef = 9A1B88621CE1E4CB005B6F07 /* CollectionViewFactory.swift */; };
		9A1B88671CE1E4CB005B6F07 /* DTCollectionViewManager.swift in Sources */ = {isa = PBXBuildFile; fileRef = 9A1B88631CE1E4CB005B6F07 /* DTCollectionViewManager.swift */; };
		9A1B88681CE1E4CB005B6F07 /* DTCollectionViewManager.swift in Sources */ = {isa = PBXBuildFile; fileRef = 9A1B88631CE1E4CB005B6F07 /* DTCollectionViewManager.swift */; };
		9A1B88691CE1E4CB005B6F07 /* SectionModel+ConvenienceGetters.swift in Sources */ = {isa = PBXBuildFile; fileRef = 9A1B88641CE1E4CB005B6F07 /* SectionModel+ConvenienceGetters.swift */; };
		9A1B886A1CE1E4CB005B6F07 /* SectionModel+ConvenienceGetters.swift in Sources */ = {isa = PBXBuildFile; fileRef = 9A1B88641CE1E4CB005B6F07 /* SectionModel+ConvenienceGetters.swift */; };
		9A2109E31B9C58E20036D151 /* ComplexLayoutViewController.swift in Sources */ = {isa = PBXBuildFile; fileRef = 9A2109E21B9C58E20036D151 /* ComplexLayoutViewController.swift */; };
		9A2109E71B9C5A020036D151 /* CollectionContainingCell.swift in Sources */ = {isa = PBXBuildFile; fileRef = 9A2109E61B9C5A020036D151 /* CollectionContainingCell.swift */; };
		9A2B84211F24DC9400F19C14 /* MappingConditionsTestCase.swift in Sources */ = {isa = PBXBuildFile; fileRef = 9A2B84201F24DC9400F19C14 /* MappingConditionsTestCase.swift */; };
		9A2B84221F24DC9400F19C14 /* MappingConditionsTestCase.swift in Sources */ = {isa = PBXBuildFile; fileRef = 9A2B84201F24DC9400F19C14 /* MappingConditionsTestCase.swift */; };
		9A2B842B1F24DD3500F19C14 /* CustomNibCell.xib in Resources */ = {isa = PBXBuildFile; fileRef = 9A2B842A1F24DD3500F19C14 /* CustomNibCell.xib */; };
		9A2B842E1F24DD7700F19C14 /* CustomNibCell.xib in Resources */ = {isa = PBXBuildFile; fileRef = 9A2B842D1F24DD7700F19C14 /* CustomNibCell.xib */; };
		9A2C6E431BE3ED4C001D25DB /* SupplementaryMappingTestCase.swift in Sources */ = {isa = PBXBuildFile; fileRef = 9A2C6E421BE3ED4C001D25DB /* SupplementaryMappingTestCase.swift */; };
		9A3243951CE34D5800C32A5B /* DTModelStorage.framework in Frameworks */ = {isa = PBXBuildFile; fileRef = 9A3243791CE34D4D00C32A5B /* DTModelStorage.framework */; };
		9A3243981CE34D5E00C32A5B /* DTModelStorage.framework in Embed Frameworks */ = {isa = PBXBuildFile; fileRef = 9A3243791CE34D4D00C32A5B /* DTModelStorage.framework */; settings = {ATTRIBUTES = (CodeSignOnCopy, RemoveHeadersOnCopy, ); }; };
		9A32439D1CE34D7C00C32A5B /* DTModelStorage.framework in Frameworks */ = {isa = PBXBuildFile; fileRef = 9A3243791CE34D4D00C32A5B /* DTModelStorage.framework */; };
		9A32439E1CE34D8000C32A5B /* Nimble.framework in Frameworks */ = {isa = PBXBuildFile; fileRef = 9A32438A1CE34D5200C32A5B /* Nimble.framework */; };
		9A3243A31CE34DBE00C32A5B /* DTModelStorage.framework in Frameworks */ = {isa = PBXBuildFile; fileRef = 9A3243791CE34D4D00C32A5B /* DTModelStorage.framework */; };
		9A3243A61CE34DC600C32A5B /* DTModelStorage.framework in Frameworks */ = {isa = PBXBuildFile; fileRef = 9A32437D1CE34D4D00C32A5B /* DTModelStorage.framework */; };
		9A3243AB1CE34DD300C32A5B /* DTModelStorage.framework in Frameworks */ = {isa = PBXBuildFile; fileRef = 9A32437D1CE34D4D00C32A5B /* DTModelStorage.framework */; };
		9A3243AC1CE34DD700C32A5B /* Nimble.framework in Frameworks */ = {isa = PBXBuildFile; fileRef = 9A3243921CE34D5200C32A5B /* Nimble.framework */; };
		9A423E6D1BE5FBD400A81045 /* DTCollectionViewManager.framework in Frameworks */ = {isa = PBXBuildFile; fileRef = 9AC532031BE5F67D006CB18A /* DTCollectionViewManager.framework */; };
		9A4610E61F40A59100480052 /* DTCollectionViewDelegateWrapper.swift in Sources */ = {isa = PBXBuildFile; fileRef = 9A4610E51F40A59100480052 /* DTCollectionViewDelegateWrapper.swift */; };
		9A4610E71F40A59100480052 /* DTCollectionViewDelegateWrapper.swift in Sources */ = {isa = PBXBuildFile; fileRef = 9A4610E51F40A59100480052 /* DTCollectionViewDelegateWrapper.swift */; };
		9A4610F01F40A69500480052 /* DTCollectionViewDataSource.swift in Sources */ = {isa = PBXBuildFile; fileRef = 9A4610EF1F40A69500480052 /* DTCollectionViewDataSource.swift */; };
		9A4610F11F40A69500480052 /* DTCollectionViewDataSource.swift in Sources */ = {isa = PBXBuildFile; fileRef = 9A4610EF1F40A69500480052 /* DTCollectionViewDataSource.swift */; };
		9A4610F31F40A6A400480052 /* DTCollectionViewDelegate.swift in Sources */ = {isa = PBXBuildFile; fileRef = 9A4610F21F40A6A400480052 /* DTCollectionViewDelegate.swift */; };
		9A4610F41F40A6A400480052 /* DTCollectionViewDelegate.swift in Sources */ = {isa = PBXBuildFile; fileRef = 9A4610F21F40A6A400480052 /* DTCollectionViewDelegate.swift */; };
		9A4C3BFB1BE5567A000931BA /* NiblessHeaderFooterView.swift in Sources */ = {isa = PBXBuildFile; fileRef = 9A4C3BFA1BE5567A000931BA /* NiblessHeaderFooterView.swift */; };
		9A4C3BFD1BE557D8000931BA /* SupplementaryEventsTestCase.swift in Sources */ = {isa = PBXBuildFile; fileRef = 9A4C3BFC1BE557D8000931BA /* SupplementaryEventsTestCase.swift */; };
		9A4C3BFF1BE55F87000931BA /* DelegateForwardingTestCase.swift in Sources */ = {isa = PBXBuildFile; fileRef = 9A4C3BFE1BE55F87000931BA /* DelegateForwardingTestCase.swift */; };
		9A5503B01F5B233E000577F1 /* DTCollectionViewDropPlaceholderContext.swift in Sources */ = {isa = PBXBuildFile; fileRef = 9A5503AF1F5B233E000577F1 /* DTCollectionViewDropPlaceholderContext.swift */; };
		9A5503B11F5B233E000577F1 /* DTCollectionViewDropPlaceholderContext.swift in Sources */ = {isa = PBXBuildFile; fileRef = 9A5503AF1F5B233E000577F1 /* DTCollectionViewDropPlaceholderContext.swift */; };
		9A7576F31BB951A100180D46 /* DTCollectionViewManager.framework in Frameworks */ = {isa = PBXBuildFile; fileRef = 9AE671491AEE61F800B25A5F /* DTCollectionViewManager.framework */; };
		9A7576F71BB951B500180D46 /* DTCollectionViewManager.framework in Embed Frameworks */ = {isa = PBXBuildFile; fileRef = 9AE671491AEE61F800B25A5F /* DTCollectionViewManager.framework */; settings = {ATTRIBUTES = (CodeSignOnCopy, RemoveHeadersOnCopy, ); }; };
		9A99AA7F1B8A219300428802 /* AppDelegate.swift in Sources */ = {isa = PBXBuildFile; fileRef = 9A99AA7E1B8A219300428802 /* AppDelegate.swift */; };
		9A99AA811B8A219300428802 /* MasterViewController.swift in Sources */ = {isa = PBXBuildFile; fileRef = 9A99AA801B8A219300428802 /* MasterViewController.swift */; };
		9A99AA861B8A219300428802 /* Main.storyboard in Resources */ = {isa = PBXBuildFile; fileRef = 9A99AA841B8A219300428802 /* Main.storyboard */; };
		9A99AA881B8A219300428802 /* Assets.xcassets in Resources */ = {isa = PBXBuildFile; fileRef = 9A99AA871B8A219300428802 /* Assets.xcassets */; };
		9A99AA8B1B8A219300428802 /* LaunchScreen.storyboard in Resources */ = {isa = PBXBuildFile; fileRef = 9A99AA891B8A219300428802 /* LaunchScreen.storyboard */; };
		9AB666D41D7B13E300A6CEED /* CollectionViewUpdater.swift in Sources */ = {isa = PBXBuildFile; fileRef = 9AB666D31D7B13E300A6CEED /* CollectionViewUpdater.swift */; };
		9AB666D51D7B13E300A6CEED /* CollectionViewUpdater.swift in Sources */ = {isa = PBXBuildFile; fileRef = 9AB666D31D7B13E300A6CEED /* CollectionViewUpdater.swift */; };
		9AC532171BE5F77F006CB18A /* SupplementaryMappingTestCase.swift in Sources */ = {isa = PBXBuildFile; fileRef = 9A2C6E421BE3ED4C001D25DB /* SupplementaryMappingTestCase.swift */; };
		9AC532181BE5F77F006CB18A /* SupplementaryEventsTestCase.swift in Sources */ = {isa = PBXBuildFile; fileRef = 9A4C3BFC1BE557D8000931BA /* SupplementaryEventsTestCase.swift */; };
		9AC532191BE5F77F006CB18A /* NibHeaderFooterView.swift in Sources */ = {isa = PBXBuildFile; fileRef = 9ADFC8DE1B8B595800AB4CD9 /* NibHeaderFooterView.swift */; };
		9AC5321A1BE5F77F006CB18A /* NiblessHeaderFooterView.swift in Sources */ = {isa = PBXBuildFile; fileRef = 9A4C3BFA1BE5567A000931BA /* NiblessHeaderFooterView.swift */; };
		9AC5321B1BE5F77F006CB18A /* FixtureCells.swift in Sources */ = {isa = PBXBuildFile; fileRef = 9ADFC8D41B8B4CFA00AB4CD9 /* FixtureCells.swift */; };
		9AC5321C1BE5F77F006CB18A /* CreationTestCase.swift in Sources */ = {isa = PBXBuildFile; fileRef = 9ADFC8E61B8B5BBD00AB4CD9 /* CreationTestCase.swift */; };
		9AC5321D1BE5F77F006CB18A /* ReactingHeaderFooterView.swift in Sources */ = {isa = PBXBuildFile; fileRef = 9ADFC8DA1B8B4DB900AB4CD9 /* ReactingHeaderFooterView.swift */; };
		9AC5321E1BE5F77F006CB18A /* XibCollectionViewController.swift in Sources */ = {isa = PBXBuildFile; fileRef = 9ADFC8D01B8B4CCD00AB4CD9 /* XibCollectionViewController.swift */; };
		9AC5321F1BE5F77F006CB18A /* DataSourceTestCase.swift in Sources */ = {isa = PBXBuildFile; fileRef = 9ADFC8CD1B8B4B8100AB4CD9 /* DataSourceTestCase.swift */; };
		9AC532201BE5F77F006CB18A /* DelegateForwardingTestCase.swift in Sources */ = {isa = PBXBuildFile; fileRef = 9A4C3BFE1BE55F87000931BA /* DelegateForwardingTestCase.swift */; };
		9AC532211BE5F77F006CB18A /* CollectionViewManager+UnitTests.swift in Sources */ = {isa = PBXBuildFile; fileRef = 9ADFC8C71B8B4A3D00AB4CD9 /* CollectionViewManager+UnitTests.swift */; };
		9AC532221BE5F77F006CB18A /* DTTestCollectionController.swift in Sources */ = {isa = PBXBuildFile; fileRef = 9ADFC8C91B8B4A7100AB4CD9 /* DTTestCollectionController.swift */; };
		9AC532231BE5F77F006CB18A /* NSIndexPath+Convenience.swift in Sources */ = {isa = PBXBuildFile; fileRef = 9ADFC8CB1B8B4AE500AB4CD9 /* NSIndexPath+Convenience.swift */; };
		9AC532241BE5F77F006CB18A /* ReactingToEventsTestCase.swift in Sources */ = {isa = PBXBuildFile; fileRef = 9ADFC8EA1B8B6D7F00AB4CD9 /* ReactingToEventsTestCase.swift */; };
		9AC532251BE5F77F006CB18A /* MappingTestCase.swift in Sources */ = {isa = PBXBuildFile; fileRef = 9ADFC8E81B8B5D2E00AB4CD9 /* MappingTestCase.swift */; };
		9ADFC8C81B8B4A3D00AB4CD9 /* CollectionViewManager+UnitTests.swift in Sources */ = {isa = PBXBuildFile; fileRef = 9ADFC8C71B8B4A3D00AB4CD9 /* CollectionViewManager+UnitTests.swift */; };
		9ADFC8CA1B8B4A7100AB4CD9 /* DTTestCollectionController.swift in Sources */ = {isa = PBXBuildFile; fileRef = 9ADFC8C91B8B4A7100AB4CD9 /* DTTestCollectionController.swift */; };
		9ADFC8CC1B8B4AE500AB4CD9 /* NSIndexPath+Convenience.swift in Sources */ = {isa = PBXBuildFile; fileRef = 9ADFC8CB1B8B4AE500AB4CD9 /* NSIndexPath+Convenience.swift */; };
		9ADFC8CE1B8B4B8100AB4CD9 /* DataSourceTestCase.swift in Sources */ = {isa = PBXBuildFile; fileRef = 9ADFC8CD1B8B4B8100AB4CD9 /* DataSourceTestCase.swift */; };
		9ADFC8D21B8B4CCD00AB4CD9 /* XibCollectionViewController.swift in Sources */ = {isa = PBXBuildFile; fileRef = 9ADFC8D01B8B4CCD00AB4CD9 /* XibCollectionViewController.swift */; };
		9ADFC8D51B8B4CFA00AB4CD9 /* FixtureCells.swift in Sources */ = {isa = PBXBuildFile; fileRef = 9ADFC8D41B8B4CFA00AB4CD9 /* FixtureCells.swift */; };
		9ADFC8DC1B8B4DB900AB4CD9 /* ReactingHeaderFooterView.swift in Sources */ = {isa = PBXBuildFile; fileRef = 9ADFC8DA1B8B4DB900AB4CD9 /* ReactingHeaderFooterView.swift */; };
		9ADFC8E01B8B595800AB4CD9 /* NibHeaderFooterView.swift in Sources */ = {isa = PBXBuildFile; fileRef = 9ADFC8DE1B8B595800AB4CD9 /* NibHeaderFooterView.swift */; };
		9ADFC8E71B8B5BBD00AB4CD9 /* CreationTestCase.swift in Sources */ = {isa = PBXBuildFile; fileRef = 9ADFC8E61B8B5BBD00AB4CD9 /* CreationTestCase.swift */; };
		9ADFC8E91B8B5D2E00AB4CD9 /* MappingTestCase.swift in Sources */ = {isa = PBXBuildFile; fileRef = 9ADFC8E81B8B5D2E00AB4CD9 /* MappingTestCase.swift */; };
		9ADFC8EB1B8B6D7F00AB4CD9 /* ReactingToEventsTestCase.swift in Sources */ = {isa = PBXBuildFile; fileRef = 9ADFC8EA1B8B6D7F00AB4CD9 /* ReactingToEventsTestCase.swift */; };
		9ADFC8EF1B8B73A300AB4CD9 /* SectionsViewController.swift in Sources */ = {isa = PBXBuildFile; fileRef = 9ADFC8EE1B8B73A300AB4CD9 /* SectionsViewController.swift */; };
		9ADFC8F41B8B76A000AB4CD9 /* SolidColorCollectionCell.swift in Sources */ = {isa = PBXBuildFile; fileRef = 9ADFC8F21B8B76A000AB4CD9 /* SolidColorCollectionCell.swift */; };
		9ADFC8F51B8B76A000AB4CD9 /* SolidColorCollectionCell.xib in Resources */ = {isa = PBXBuildFile; fileRef = 9ADFC8F31B8B76A000AB4CD9 /* SolidColorCollectionCell.xib */; };
		9ADFC8F81B8B771800AB4CD9 /* SimpleTextCollectionReusableView.swift in Sources */ = {isa = PBXBuildFile; fileRef = 9ADFC8F61B8B771800AB4CD9 /* SimpleTextCollectionReusableView.swift */; };
		9ADFC8F91B8B771800AB4CD9 /* SimpleTextCollectionReusableView.xib in Resources */ = {isa = PBXBuildFile; fileRef = 9ADFC8F71B8B771800AB4CD9 /* SimpleTextCollectionReusableView.xib */; };
		9AF938A51C0C966F0051E8E8 /* VIewModelMappingCustomizableTestCase.swift in Sources */ = {isa = PBXBuildFile; fileRef = 9AF938A41C0C966F0051E8E8 /* VIewModelMappingCustomizableTestCase.swift */; };
		9AF938A61C0C966F0051E8E8 /* VIewModelMappingCustomizableTestCase.swift in Sources */ = {isa = PBXBuildFile; fileRef = 9AF938A41C0C966F0051E8E8 /* VIewModelMappingCustomizableTestCase.swift */; };
		9AF938A81C0C9E0D0051E8E8 /* CollectionViewFactoryTestCase.swift in Sources */ = {isa = PBXBuildFile; fileRef = 9AF938A71C0C9E0D0051E8E8 /* CollectionViewFactoryTestCase.swift */; };
		9AF938A91C0C9E0D0051E8E8 /* CollectionViewFactoryTestCase.swift in Sources */ = {isa = PBXBuildFile; fileRef = 9AF938A71C0C9E0D0051E8E8 /* CollectionViewFactoryTestCase.swift */; };
		9AFD88F81C42B65900254257 /* StoryboardViewController.swift in Sources */ = {isa = PBXBuildFile; fileRef = 9AFD88F71C42B65900254257 /* StoryboardViewController.swift */; };
		9AFD88F91C42B65900254257 /* StoryboardViewController.swift in Sources */ = {isa = PBXBuildFile; fileRef = 9AFD88F71C42B65900254257 /* StoryboardViewController.swift */; };
		9AFD88FB1C42B66A00254257 /* StoryboardCollectionViewCell.swift in Sources */ = {isa = PBXBuildFile; fileRef = 9AFD88FA1C42B66A00254257 /* StoryboardCollectionViewCell.swift */; };
		9AFD88FC1C42B66A00254257 /* StoryboardCollectionViewCell.swift in Sources */ = {isa = PBXBuildFile; fileRef = 9AFD88FA1C42B66A00254257 /* StoryboardCollectionViewCell.swift */; };
		9AFD88FE1C42B68300254257 /* StoryboardCollectionReusableView.swift in Sources */ = {isa = PBXBuildFile; fileRef = 9AFD88FD1C42B68300254257 /* StoryboardCollectionReusableView.swift */; };
		9AFD88FF1C42B68300254257 /* StoryboardCollectionReusableView.swift in Sources */ = {isa = PBXBuildFile; fileRef = 9AFD88FD1C42B68300254257 /* StoryboardCollectionReusableView.swift */; };
		9AFD89011C42B73F00254257 /* StoryboardMappingTestCase.swift in Sources */ = {isa = PBXBuildFile; fileRef = 9AFD89001C42B73F00254257 /* StoryboardMappingTestCase.swift */; };
		9AFD89021C42B73F00254257 /* StoryboardMappingTestCase.swift in Sources */ = {isa = PBXBuildFile; fileRef = 9AFD89001C42B73F00254257 /* StoryboardMappingTestCase.swift */; };
		9AFD89101C42C80C00254257 /* FixtureStoryboard.storyboard in Resources */ = {isa = PBXBuildFile; fileRef = 9AFD890F1C42C80C00254257 /* FixtureStoryboard.storyboard */; };
/* End PBXBuildFile section */

/* Begin PBXContainerItemProxy section */
		9A08A9C71B8A248F00877C62 /* PBXContainerItemProxy */ = {
			isa = PBXContainerItemProxy;
			containerPortal = 955F857A179ACAF000A38EAD /* Project object */;
			proxyType = 1;
			remoteGlobalIDString = 9AE671481AEE61F800B25A5F;
			remoteInfo = DTCollectionViewManager;
		};
		9A3243781CE34D4D00C32A5B /* PBXContainerItemProxy */ = {
			isa = PBXContainerItemProxy;
			containerPortal = 9A32436F1CE34D4D00C32A5B /* DTModelStorage.xcodeproj */;
			proxyType = 2;
			remoteGlobalIDString = 9A2A385B1AEE24340021E97D;
			remoteInfo = "DTModelStorage-iOS";
		};
		9A32437A1CE34D4D00C32A5B /* PBXContainerItemProxy */ = {
			isa = PBXContainerItemProxy;
			containerPortal = 9A32436F1CE34D4D00C32A5B /* DTModelStorage.xcodeproj */;
			proxyType = 2;
			remoteGlobalIDString = 9A7D5BAB19D860700083673D;
			remoteInfo = "Tests-iOS";
		};
		9A32437C1CE34D4D00C32A5B /* PBXContainerItemProxy */ = {
			isa = PBXContainerItemProxy;
			containerPortal = 9A32436F1CE34D4D00C32A5B /* DTModelStorage.xcodeproj */;
			proxyType = 2;
			remoteGlobalIDString = 9A4C3BBC1BE4E32B000931BA;
			remoteInfo = "DTModelStorage-tvOS";
		};
		9A32437E1CE34D4D00C32A5B /* PBXContainerItemProxy */ = {
			isa = PBXContainerItemProxy;
			containerPortal = 9A32436F1CE34D4D00C32A5B /* DTModelStorage.xcodeproj */;
			proxyType = 2;
			remoteGlobalIDString = 9A4C3BED1BE4E377000931BA;
			remoteInfo = "Tests-tvOS";
		};
		9A3243891CE34D5200C32A5B /* PBXContainerItemProxy */ = {
			isa = PBXContainerItemProxy;
			containerPortal = 9A3243801CE34D5200C32A5B /* Nimble.xcodeproj */;
			proxyType = 2;
			remoteGlobalIDString = 1F1A74291940169200FFFC47;
			remoteInfo = "Nimble-iOS";
		};
		9A32438B1CE34D5200C32A5B /* PBXContainerItemProxy */ = {
			isa = PBXContainerItemProxy;
			containerPortal = 9A3243801CE34D5200C32A5B /* Nimble.xcodeproj */;
			proxyType = 2;
			remoteGlobalIDString = 1F1A74341940169200FFFC47;
			remoteInfo = "Nimble-iOSTests";
		};
		9A32438D1CE34D5200C32A5B /* PBXContainerItemProxy */ = {
			isa = PBXContainerItemProxy;
			containerPortal = 9A3243801CE34D5200C32A5B /* Nimble.xcodeproj */;
			proxyType = 2;
			remoteGlobalIDString = 1F925EAD195C0D6300ED456B;
			remoteInfo = "Nimble-OSX";
		};
		9A32438F1CE34D5200C32A5B /* PBXContainerItemProxy */ = {
			isa = PBXContainerItemProxy;
			containerPortal = 9A3243801CE34D5200C32A5B /* Nimble.xcodeproj */;
			proxyType = 2;
			remoteGlobalIDString = 1F925EB7195C0D6300ED456B;
			remoteInfo = "Nimble-OSXTests";
		};
		9A3243911CE34D5200C32A5B /* PBXContainerItemProxy */ = {
			isa = PBXContainerItemProxy;
			containerPortal = 9A3243801CE34D5200C32A5B /* Nimble.xcodeproj */;
			proxyType = 2;
			remoteGlobalIDString = 1F5DF1551BDCA0CE00C3A531;
			remoteInfo = "Nimble-tvOS";
		};
		9A3243931CE34D5200C32A5B /* PBXContainerItemProxy */ = {
			isa = PBXContainerItemProxy;
			containerPortal = 9A3243801CE34D5200C32A5B /* Nimble.xcodeproj */;
			proxyType = 2;
			remoteGlobalIDString = 1F5DF15E1BDCA0CE00C3A531;
			remoteInfo = "Nimble-tvOSTests";
		};
		9A3243961CE34D5B00C32A5B /* PBXContainerItemProxy */ = {
			isa = PBXContainerItemProxy;
			containerPortal = 9A32436F1CE34D4D00C32A5B /* DTModelStorage.xcodeproj */;
			proxyType = 1;
			remoteGlobalIDString = 9A2A385A1AEE24340021E97D;
			remoteInfo = "DTModelStorage-iOS";
		};
		9A3243991CE34D6E00C32A5B /* PBXContainerItemProxy */ = {
			isa = PBXContainerItemProxy;
			containerPortal = 9A32436F1CE34D4D00C32A5B /* DTModelStorage.xcodeproj */;
			proxyType = 1;
			remoteGlobalIDString = 9A2A385A1AEE24340021E97D;
			remoteInfo = "DTModelStorage-iOS";
		};
		9A32439F1CE34D9300C32A5B /* PBXContainerItemProxy */ = {
			isa = PBXContainerItemProxy;
			containerPortal = 9A3243801CE34D5200C32A5B /* Nimble.xcodeproj */;
			proxyType = 1;
			remoteGlobalIDString = 1F1A74281940169200FFFC47;
			remoteInfo = "Nimble-iOS";
		};
		9A3243A11CE34DA100C32A5B /* PBXContainerItemProxy */ = {
			isa = PBXContainerItemProxy;
			containerPortal = 9A32436F1CE34D4D00C32A5B /* DTModelStorage.xcodeproj */;
			proxyType = 1;
			remoteGlobalIDString = 9A2A385A1AEE24340021E97D;
			remoteInfo = "DTModelStorage-iOS";
		};
		9A3243A41CE34DC300C32A5B /* PBXContainerItemProxy */ = {
			isa = PBXContainerItemProxy;
			containerPortal = 9A32436F1CE34D4D00C32A5B /* DTModelStorage.xcodeproj */;
			proxyType = 1;
			remoteGlobalIDString = 9A4C3BBB1BE4E32B000931BA;
			remoteInfo = "DTModelStorage-tvOS";
		};
		9A3243A71CE34DCC00C32A5B /* PBXContainerItemProxy */ = {
			isa = PBXContainerItemProxy;
			containerPortal = 9A32436F1CE34D4D00C32A5B /* DTModelStorage.xcodeproj */;
			proxyType = 1;
			remoteGlobalIDString = 9A4C3BBB1BE4E32B000931BA;
			remoteInfo = "DTModelStorage-tvOS";
		};
		9A3243A91CE34DCF00C32A5B /* PBXContainerItemProxy */ = {
			isa = PBXContainerItemProxy;
			containerPortal = 9A3243801CE34D5200C32A5B /* Nimble.xcodeproj */;
			proxyType = 1;
			remoteGlobalIDString = 1F5DF1541BDCA0CE00C3A531;
			remoteInfo = "Nimble-tvOS";
		};
		9A423E6B1BE5FBB800A81045 /* PBXContainerItemProxy */ = {
			isa = PBXContainerItemProxy;
			containerPortal = 955F857A179ACAF000A38EAD /* Project object */;
			proxyType = 1;
			remoteGlobalIDString = 9AC532021BE5F67D006CB18A;
			remoteInfo = "DTCollectionViewManager-tvOS";
		};
		9ADFC8FA1B8B7F3F00AB4CD9 /* PBXContainerItemProxy */ = {
			isa = PBXContainerItemProxy;
			containerPortal = 955F857A179ACAF000A38EAD /* Project object */;
			proxyType = 1;
			remoteGlobalIDString = 9AE671481AEE61F800B25A5F;
			remoteInfo = DTCollectionViewManager;
		};
/* End PBXContainerItemProxy section */

/* Begin PBXCopyFilesBuildPhase section */
		9A7B9BA31BA5C41D00B86A4F /* Embed Frameworks */ = {
			isa = PBXCopyFilesBuildPhase;
			buildActionMask = 2147483647;
			dstPath = "";
			dstSubfolderSpec = 10;
			files = (
				9A3243981CE34D5E00C32A5B /* DTModelStorage.framework in Embed Frameworks */,
				9A7576F71BB951B500180D46 /* DTCollectionViewManager.framework in Embed Frameworks */,
			);
			name = "Embed Frameworks";
			runOnlyForDeploymentPostprocessing = 0;
		};
/* End PBXCopyFilesBuildPhase section */

/* Begin PBXFileReference section */
		3E646B4C1F599F6D00135998 /* DTCollectionViewDragDelegate.swift */ = {isa = PBXFileReference; lastKnownFileType = sourcecode.swift; name = DTCollectionViewDragDelegate.swift; path = Source/DTCollectionViewDragDelegate.swift; sourceTree = "<group>"; };
		3E646B561F599F8100135998 /* DTCollectionViewDropDelegate.swift */ = {isa = PBXFileReference; lastKnownFileType = sourcecode.swift; name = DTCollectionViewDropDelegate.swift; path = Source/DTCollectionViewDropDelegate.swift; sourceTree = "<group>"; };
		9A0889871F53211C00A1AA54 /* DTCollectionViewManager+Registration.swift */ = {isa = PBXFileReference; lastKnownFileType = sourcecode.swift; name = "DTCollectionViewManager+Registration.swift"; path = "Source/DTCollectionViewManager+Registration.swift"; sourceTree = "<group>"; };
		9A0889911F53213A00A1AA54 /* DTCollectionViewManager+DataSource.swift */ = {isa = PBXFileReference; lastKnownFileType = sourcecode.swift; name = "DTCollectionViewManager+DataSource.swift"; path = "Source/DTCollectionViewManager+DataSource.swift"; sourceTree = "<group>"; };
		9A0889941F53214D00A1AA54 /* DTCollectionViewManager+Delegate.swift */ = {isa = PBXFileReference; lastKnownFileType = sourcecode.swift; name = "DTCollectionViewManager+Delegate.swift"; path = "Source/DTCollectionViewManager+Delegate.swift"; sourceTree = "<group>"; };
		9A0889971F53215F00A1AA54 /* DTCollectionViewManager+Drag.swift */ = {isa = PBXFileReference; lastKnownFileType = sourcecode.swift; name = "DTCollectionViewManager+Drag.swift"; path = "Source/DTCollectionViewManager+Drag.swift"; sourceTree = "<group>"; };
		9A08899A1F53218200A1AA54 /* DTCollectionViewManager+Drop.swift */ = {isa = PBXFileReference; lastKnownFileType = sourcecode.swift; name = "DTCollectionViewManager+Drop.swift"; path = "Source/DTCollectionViewManager+Drop.swift"; sourceTree = "<group>"; };
		9A1B87EC1CE1E19D005B6F07 /* FixtureStoryboard.storyboard */ = {isa = PBXFileReference; fileEncoding = 4; lastKnownFileType = file.storyboard; name = FixtureStoryboard.storyboard; path = ../Tests/Fixtures/tvOS/FixtureStoryboard.storyboard; sourceTree = "<group>"; };
		9A1B87ED1CE1E19D005B6F07 /* NibCell.xib */ = {isa = PBXFileReference; fileEncoding = 4; lastKnownFileType = file.xib; name = NibCell.xib; path = ../Tests/Fixtures/tvOS/NibCell.xib; sourceTree = "<group>"; };
		9A1B87EE1CE1E19D005B6F07 /* NibHeaderFooterView.xib */ = {isa = PBXFileReference; fileEncoding = 4; lastKnownFileType = file.xib; name = NibHeaderFooterView.xib; path = ../Tests/Fixtures/tvOS/NibHeaderFooterView.xib; sourceTree = "<group>"; };
		9A1B87EF1CE1E19D005B6F07 /* NibView.xib */ = {isa = PBXFileReference; fileEncoding = 4; lastKnownFileType = file.xib; name = NibView.xib; path = ../Tests/Fixtures/tvOS/NibView.xib; sourceTree = "<group>"; };
		9A1B87F01CE1E19D005B6F07 /* RandomNameHeaderFooterView.xib */ = {isa = PBXFileReference; fileEncoding = 4; lastKnownFileType = file.xib; name = RandomNameHeaderFooterView.xib; path = ../Tests/Fixtures/tvOS/RandomNameHeaderFooterView.xib; sourceTree = "<group>"; };
		9A1B87F11CE1E19D005B6F07 /* RandomNibNameCell.xib */ = {isa = PBXFileReference; fileEncoding = 4; lastKnownFileType = file.xib; name = RandomNibNameCell.xib; path = ../Tests/Fixtures/tvOS/RandomNibNameCell.xib; sourceTree = "<group>"; };
		9A1B87F21CE1E19D005B6F07 /* ReactingHeaderFooterView.xib */ = {isa = PBXFileReference; fileEncoding = 4; lastKnownFileType = file.xib; name = ReactingHeaderFooterView.xib; path = ../Tests/Fixtures/tvOS/ReactingHeaderFooterView.xib; sourceTree = "<group>"; };
		9A1B87F31CE1E19D005B6F07 /* SelectionReactingCollectionCell.xib */ = {isa = PBXFileReference; fileEncoding = 4; lastKnownFileType = file.xib; name = SelectionReactingCollectionCell.xib; path = ../Tests/Fixtures/tvOS/SelectionReactingCollectionCell.xib; sourceTree = "<group>"; };
		9A1B87F41CE1E19D005B6F07 /* XibCollectionViewController.xib */ = {isa = PBXFileReference; fileEncoding = 4; lastKnownFileType = file.xib; name = XibCollectionViewController.xib; path = ../Tests/Fixtures/tvOS/XibCollectionViewController.xib; sourceTree = "<group>"; };
		9A1B88101CE1E1F0005B6F07 /* FixtureStoryboard.storyboard */ = {isa = PBXFileReference; fileEncoding = 4; lastKnownFileType = file.storyboard; path = FixtureStoryboard.storyboard; sourceTree = "<group>"; };
		9A1B88111CE1E1F0005B6F07 /* NibCell.xib */ = {isa = PBXFileReference; fileEncoding = 4; lastKnownFileType = file.xib; path = NibCell.xib; sourceTree = "<group>"; };
		9A1B88121CE1E1F0005B6F07 /* NibHeaderFooterView.xib */ = {isa = PBXFileReference; fileEncoding = 4; lastKnownFileType = file.xib; path = NibHeaderFooterView.xib; sourceTree = "<group>"; };
		9A1B88131CE1E1F0005B6F07 /* NibView.xib */ = {isa = PBXFileReference; fileEncoding = 4; lastKnownFileType = file.xib; path = NibView.xib; sourceTree = "<group>"; };
		9A1B88141CE1E1F0005B6F07 /* RandomNameHeaderFooterView.xib */ = {isa = PBXFileReference; fileEncoding = 4; lastKnownFileType = file.xib; path = RandomNameHeaderFooterView.xib; sourceTree = "<group>"; };
		9A1B88151CE1E1F0005B6F07 /* RandomNibNameCell.xib */ = {isa = PBXFileReference; fileEncoding = 4; lastKnownFileType = file.xib; path = RandomNibNameCell.xib; sourceTree = "<group>"; };
		9A1B88161CE1E1F0005B6F07 /* ReactingHeaderFooterView.xib */ = {isa = PBXFileReference; fileEncoding = 4; lastKnownFileType = file.xib; path = ReactingHeaderFooterView.xib; sourceTree = "<group>"; };
		9A1B88171CE1E1F0005B6F07 /* SelectionReactingCollectionCell.xib */ = {isa = PBXFileReference; fileEncoding = 4; lastKnownFileType = file.xib; path = SelectionReactingCollectionCell.xib; sourceTree = "<group>"; };
		9A1B88181CE1E1F0005B6F07 /* XibCollectionViewController.xib */ = {isa = PBXFileReference; fileEncoding = 4; lastKnownFileType = file.xib; path = XibCollectionViewController.xib; sourceTree = "<group>"; };
		9A1B88351CE1E2E5005B6F07 /* Example.plist */ = {isa = PBXFileReference; lastKnownFileType = text.plist.xml; name = Example.plist; path = "../Supporting files/Example.plist"; sourceTree = "<group>"; };
		9A1B88361CE1E2E5005B6F07 /* Framework.plist */ = {isa = PBXFileReference; lastKnownFileType = text.plist.xml; name = Framework.plist; path = "../Supporting files/Framework.plist"; sourceTree = "<group>"; };
		9A1B88371CE1E2E5005B6F07 /* Tests.plist */ = {isa = PBXFileReference; lastKnownFileType = text.plist.xml; name = Tests.plist; path = "../Supporting files/Tests.plist"; sourceTree = "<group>"; };
		9A1B88601CE1E4BC005B6F07 /* README.md */ = {isa = PBXFileReference; lastKnownFileType = net.daringfireball.markdown; path = README.md; sourceTree = "<group>"; };
		9A1B88611CE1E4C1005B6F07 /* CHANGELOG.md */ = {isa = PBXFileReference; lastKnownFileType = net.daringfireball.markdown; path = CHANGELOG.md; sourceTree = "<group>"; };
		9A1B88621CE1E4CB005B6F07 /* CollectionViewFactory.swift */ = {isa = PBXFileReference; fileEncoding = 4; lastKnownFileType = sourcecode.swift; name = CollectionViewFactory.swift; path = Source/CollectionViewFactory.swift; sourceTree = "<group>"; };
		9A1B88631CE1E4CB005B6F07 /* DTCollectionViewManager.swift */ = {isa = PBXFileReference; fileEncoding = 4; lastKnownFileType = sourcecode.swift; name = DTCollectionViewManager.swift; path = Source/DTCollectionViewManager.swift; sourceTree = "<group>"; };
		9A1B88641CE1E4CB005B6F07 /* SectionModel+ConvenienceGetters.swift */ = {isa = PBXFileReference; fileEncoding = 4; lastKnownFileType = sourcecode.swift; name = "SectionModel+ConvenienceGetters.swift"; path = "Source/SectionModel+ConvenienceGetters.swift"; sourceTree = "<group>"; };
		9A2109E21B9C58E20036D151 /* ComplexLayoutViewController.swift */ = {isa = PBXFileReference; fileEncoding = 4; lastKnownFileType = sourcecode.swift; path = ComplexLayoutViewController.swift; sourceTree = "<group>"; };
		9A2109E61B9C5A020036D151 /* CollectionContainingCell.swift */ = {isa = PBXFileReference; fileEncoding = 4; lastKnownFileType = sourcecode.swift; name = CollectionContainingCell.swift; path = Cells/CollectionContainingCell.swift; sourceTree = "<group>"; };
		9A2B84201F24DC9400F19C14 /* MappingConditionsTestCase.swift */ = {isa = PBXFileReference; lastKnownFileType = sourcecode.swift; path = MappingConditionsTestCase.swift; sourceTree = "<group>"; };
		9A2B842A1F24DD3500F19C14 /* CustomNibCell.xib */ = {isa = PBXFileReference; lastKnownFileType = file.xib; path = CustomNibCell.xib; sourceTree = "<group>"; };
		9A2B842D1F24DD7700F19C14 /* CustomNibCell.xib */ = {isa = PBXFileReference; lastKnownFileType = file.xib; name = CustomNibCell.xib; path = Fixtures/tvOS/CustomNibCell.xib; sourceTree = "<group>"; };
		9A2C6E421BE3ED4C001D25DB /* SupplementaryMappingTestCase.swift */ = {isa = PBXFileReference; fileEncoding = 4; lastKnownFileType = sourcecode.swift; path = SupplementaryMappingTestCase.swift; sourceTree = "<group>"; };
		9A32436F1CE34D4D00C32A5B /* DTModelStorage.xcodeproj */ = {isa = PBXFileReference; lastKnownFileType = "wrapper.pb-project"; name = DTModelStorage.xcodeproj; path = Carthage/Checkouts/DTModelStorage/DTModelStorage.xcodeproj; sourceTree = "<group>"; };
		9A3243801CE34D5200C32A5B /* Nimble.xcodeproj */ = {isa = PBXFileReference; lastKnownFileType = "wrapper.pb-project"; name = Nimble.xcodeproj; path = Carthage/Checkouts/Nimble/Nimble.xcodeproj; sourceTree = "<group>"; };
		9A4610E51F40A59100480052 /* DTCollectionViewDelegateWrapper.swift */ = {isa = PBXFileReference; lastKnownFileType = sourcecode.swift; name = DTCollectionViewDelegateWrapper.swift; path = Source/DTCollectionViewDelegateWrapper.swift; sourceTree = "<group>"; };
		9A4610EF1F40A69500480052 /* DTCollectionViewDataSource.swift */ = {isa = PBXFileReference; lastKnownFileType = sourcecode.swift; name = DTCollectionViewDataSource.swift; path = Source/DTCollectionViewDataSource.swift; sourceTree = "<group>"; };
		9A4610F21F40A6A400480052 /* DTCollectionViewDelegate.swift */ = {isa = PBXFileReference; lastKnownFileType = sourcecode.swift; name = DTCollectionViewDelegate.swift; path = Source/DTCollectionViewDelegate.swift; sourceTree = "<group>"; };
		9A4C3BFA1BE5567A000931BA /* NiblessHeaderFooterView.swift */ = {isa = PBXFileReference; fileEncoding = 4; lastKnownFileType = sourcecode.swift; name = NiblessHeaderFooterView.swift; path = Fixtures/NiblessHeaderFooterView.swift; sourceTree = "<group>"; };
		9A4C3BFC1BE557D8000931BA /* SupplementaryEventsTestCase.swift */ = {isa = PBXFileReference; fileEncoding = 4; lastKnownFileType = sourcecode.swift; path = SupplementaryEventsTestCase.swift; sourceTree = "<group>"; };
		9A4C3BFE1BE55F87000931BA /* DelegateForwardingTestCase.swift */ = {isa = PBXFileReference; fileEncoding = 4; lastKnownFileType = sourcecode.swift; path = DelegateForwardingTestCase.swift; sourceTree = "<group>"; };
		9A5503AF1F5B233E000577F1 /* DTCollectionViewDropPlaceholderContext.swift */ = {isa = PBXFileReference; lastKnownFileType = sourcecode.swift; name = DTCollectionViewDropPlaceholderContext.swift; path = Source/DTCollectionViewDropPlaceholderContext.swift; sourceTree = "<group>"; };
		9A99AA7C1B8A219300428802 /* Example.app */ = {isa = PBXFileReference; explicitFileType = wrapper.application; includeInIndex = 0; path = Example.app; sourceTree = BUILT_PRODUCTS_DIR; };
		9A99AA7E1B8A219300428802 /* AppDelegate.swift */ = {isa = PBXFileReference; lastKnownFileType = sourcecode.swift; path = AppDelegate.swift; sourceTree = "<group>"; };
		9A99AA801B8A219300428802 /* MasterViewController.swift */ = {isa = PBXFileReference; lastKnownFileType = sourcecode.swift; path = MasterViewController.swift; sourceTree = "<group>"; };
		9A99AA851B8A219300428802 /* Base */ = {isa = PBXFileReference; lastKnownFileType = file.storyboard; name = Base; path = Base.lproj/Main.storyboard; sourceTree = "<group>"; };
		9A99AA871B8A219300428802 /* Assets.xcassets */ = {isa = PBXFileReference; lastKnownFileType = folder.assetcatalog; path = Assets.xcassets; sourceTree = "<group>"; };
		9A99AA8A1B8A219300428802 /* Base */ = {isa = PBXFileReference; lastKnownFileType = file.storyboard; name = Base; path = Base.lproj/LaunchScreen.storyboard; sourceTree = "<group>"; };
		9A99AA911B8A219300428802 /* Tests-iOS.xctest */ = {isa = PBXFileReference; explicitFileType = wrapper.cfbundle; includeInIndex = 0; path = "Tests-iOS.xctest"; sourceTree = BUILT_PRODUCTS_DIR; };
		9AB666D31D7B13E300A6CEED /* CollectionViewUpdater.swift */ = {isa = PBXFileReference; fileEncoding = 4; lastKnownFileType = sourcecode.swift; name = CollectionViewUpdater.swift; path = Source/CollectionViewUpdater.swift; sourceTree = "<group>"; };
		9AC532031BE5F67D006CB18A /* DTCollectionViewManager.framework */ = {isa = PBXFileReference; explicitFileType = wrapper.framework; includeInIndex = 0; path = DTCollectionViewManager.framework; sourceTree = BUILT_PRODUCTS_DIR; };
		9AC532381BE5F77F006CB18A /* Tests-tvOS.xctest */ = {isa = PBXFileReference; explicitFileType = wrapper.cfbundle; includeInIndex = 0; path = "Tests-tvOS.xctest"; sourceTree = BUILT_PRODUCTS_DIR; };
		9ADFC8C71B8B4A3D00AB4CD9 /* CollectionViewManager+UnitTests.swift */ = {isa = PBXFileReference; fileEncoding = 4; lastKnownFileType = sourcecode.swift; name = "CollectionViewManager+UnitTests.swift"; path = "Helpers/CollectionViewManager+UnitTests.swift"; sourceTree = "<group>"; };
		9ADFC8C91B8B4A7100AB4CD9 /* DTTestCollectionController.swift */ = {isa = PBXFileReference; fileEncoding = 4; lastKnownFileType = sourcecode.swift; name = DTTestCollectionController.swift; path = Helpers/DTTestCollectionController.swift; sourceTree = "<group>"; };
		9ADFC8CB1B8B4AE500AB4CD9 /* NSIndexPath+Convenience.swift */ = {isa = PBXFileReference; fileEncoding = 4; lastKnownFileType = sourcecode.swift; name = "NSIndexPath+Convenience.swift"; path = "Helpers/NSIndexPath+Convenience.swift"; sourceTree = "<group>"; };
		9ADFC8CD1B8B4B8100AB4CD9 /* DataSourceTestCase.swift */ = {isa = PBXFileReference; fileEncoding = 4; lastKnownFileType = sourcecode.swift; path = DataSourceTestCase.swift; sourceTree = "<group>"; };
		9ADFC8D01B8B4CCD00AB4CD9 /* XibCollectionViewController.swift */ = {isa = PBXFileReference; fileEncoding = 4; lastKnownFileType = sourcecode.swift; name = XibCollectionViewController.swift; path = Fixtures/XibCollectionViewController.swift; sourceTree = "<group>"; };
		9ADFC8D41B8B4CFA00AB4CD9 /* FixtureCells.swift */ = {isa = PBXFileReference; fileEncoding = 4; lastKnownFileType = sourcecode.swift; name = FixtureCells.swift; path = Fixtures/FixtureCells.swift; sourceTree = "<group>"; };
		9ADFC8DA1B8B4DB900AB4CD9 /* ReactingHeaderFooterView.swift */ = {isa = PBXFileReference; fileEncoding = 4; lastKnownFileType = sourcecode.swift; name = ReactingHeaderFooterView.swift; path = Fixtures/ReactingHeaderFooterView.swift; sourceTree = "<group>"; };
		9ADFC8DE1B8B595800AB4CD9 /* NibHeaderFooterView.swift */ = {isa = PBXFileReference; fileEncoding = 4; lastKnownFileType = sourcecode.swift; name = NibHeaderFooterView.swift; path = Fixtures/NibHeaderFooterView.swift; sourceTree = "<group>"; };
		9ADFC8E61B8B5BBD00AB4CD9 /* CreationTestCase.swift */ = {isa = PBXFileReference; fileEncoding = 4; lastKnownFileType = sourcecode.swift; path = CreationTestCase.swift; sourceTree = "<group>"; };
		9ADFC8E81B8B5D2E00AB4CD9 /* MappingTestCase.swift */ = {isa = PBXFileReference; fileEncoding = 4; lastKnownFileType = sourcecode.swift; path = MappingTestCase.swift; sourceTree = "<group>"; };
		9ADFC8EA1B8B6D7F00AB4CD9 /* ReactingToEventsTestCase.swift */ = {isa = PBXFileReference; fileEncoding = 4; lastKnownFileType = sourcecode.swift; path = ReactingToEventsTestCase.swift; sourceTree = "<group>"; };
		9ADFC8EE1B8B73A300AB4CD9 /* SectionsViewController.swift */ = {isa = PBXFileReference; fileEncoding = 4; lastKnownFileType = sourcecode.swift; path = SectionsViewController.swift; sourceTree = "<group>"; };
		9ADFC8F21B8B76A000AB4CD9 /* SolidColorCollectionCell.swift */ = {isa = PBXFileReference; fileEncoding = 4; lastKnownFileType = sourcecode.swift; name = SolidColorCollectionCell.swift; path = Cells/SolidColorCollectionCell.swift; sourceTree = "<group>"; };
		9ADFC8F31B8B76A000AB4CD9 /* SolidColorCollectionCell.xib */ = {isa = PBXFileReference; fileEncoding = 4; lastKnownFileType = file.xib; name = SolidColorCollectionCell.xib; path = Cells/SolidColorCollectionCell.xib; sourceTree = "<group>"; };
		9ADFC8F61B8B771800AB4CD9 /* SimpleTextCollectionReusableView.swift */ = {isa = PBXFileReference; fileEncoding = 4; lastKnownFileType = sourcecode.swift; name = SimpleTextCollectionReusableView.swift; path = Views/SimpleTextCollectionReusableView.swift; sourceTree = "<group>"; };
		9ADFC8F71B8B771800AB4CD9 /* SimpleTextCollectionReusableView.xib */ = {isa = PBXFileReference; fileEncoding = 4; lastKnownFileType = file.xib; name = SimpleTextCollectionReusableView.xib; path = Views/SimpleTextCollectionReusableView.xib; sourceTree = "<group>"; };
		9AE671491AEE61F800B25A5F /* DTCollectionViewManager.framework */ = {isa = PBXFileReference; explicitFileType = wrapper.framework; includeInIndex = 0; path = DTCollectionViewManager.framework; sourceTree = BUILT_PRODUCTS_DIR; };
		9AF938A41C0C966F0051E8E8 /* VIewModelMappingCustomizableTestCase.swift */ = {isa = PBXFileReference; fileEncoding = 4; lastKnownFileType = sourcecode.swift; path = VIewModelMappingCustomizableTestCase.swift; sourceTree = "<group>"; };
		9AF938A71C0C9E0D0051E8E8 /* CollectionViewFactoryTestCase.swift */ = {isa = PBXFileReference; fileEncoding = 4; lastKnownFileType = sourcecode.swift; path = CollectionViewFactoryTestCase.swift; sourceTree = "<group>"; };
		9AFD88F71C42B65900254257 /* StoryboardViewController.swift */ = {isa = PBXFileReference; fileEncoding = 4; lastKnownFileType = sourcecode.swift; name = StoryboardViewController.swift; path = Fixtures/StoryboardViewController.swift; sourceTree = "<group>"; };
		9AFD88FA1C42B66A00254257 /* StoryboardCollectionViewCell.swift */ = {isa = PBXFileReference; fileEncoding = 4; lastKnownFileType = sourcecode.swift; path = StoryboardCollectionViewCell.swift; sourceTree = "<group>"; };
		9AFD88FD1C42B68300254257 /* StoryboardCollectionReusableView.swift */ = {isa = PBXFileReference; fileEncoding = 4; lastKnownFileType = sourcecode.swift; path = StoryboardCollectionReusableView.swift; sourceTree = "<group>"; };
		9AFD89001C42B73F00254257 /* StoryboardMappingTestCase.swift */ = {isa = PBXFileReference; fileEncoding = 4; lastKnownFileType = sourcecode.swift; path = StoryboardMappingTestCase.swift; sourceTree = "<group>"; };
		9AFD890F1C42C80C00254257 /* FixtureStoryboard.storyboard */ = {isa = PBXFileReference; fileEncoding = 4; lastKnownFileType = file.storyboard; name = FixtureStoryboard.storyboard; path = Fixtures/tvOS/FixtureStoryboard.storyboard; sourceTree = "<group>"; };
/* End PBXFileReference section */

/* Begin PBXFrameworksBuildPhase section */
		9A99AA791B8A219300428802 /* Frameworks */ = {
			isa = PBXFrameworksBuildPhase;
			buildActionMask = 2147483647;
			files = (
				9A3243951CE34D5800C32A5B /* DTModelStorage.framework in Frameworks */,
				9A7576F31BB951A100180D46 /* DTCollectionViewManager.framework in Frameworks */,
			);
			runOnlyForDeploymentPostprocessing = 0;
		};
		9A99AA8E1B8A219300428802 /* Frameworks */ = {
			isa = PBXFrameworksBuildPhase;
			buildActionMask = 2147483647;
			files = (
				9A32439E1CE34D8000C32A5B /* Nimble.framework in Frameworks */,
				9A32439D1CE34D7C00C32A5B /* DTModelStorage.framework in Frameworks */,
				9A08A9C91B8A249300877C62 /* DTCollectionViewManager.framework in Frameworks */,
			);
			runOnlyForDeploymentPostprocessing = 0;
		};
		9AC531FF1BE5F67D006CB18A /* Frameworks */ = {
			isa = PBXFrameworksBuildPhase;
			buildActionMask = 2147483647;
			files = (
				9A3243A61CE34DC600C32A5B /* DTModelStorage.framework in Frameworks */,
			);
			runOnlyForDeploymentPostprocessing = 0;
		};
		9AC532261BE5F77F006CB18A /* Frameworks */ = {
			isa = PBXFrameworksBuildPhase;
			buildActionMask = 2147483647;
			files = (
				9A3243AC1CE34DD700C32A5B /* Nimble.framework in Frameworks */,
				9A3243AB1CE34DD300C32A5B /* DTModelStorage.framework in Frameworks */,
				9A423E6D1BE5FBD400A81045 /* DTCollectionViewManager.framework in Frameworks */,
			);
			runOnlyForDeploymentPostprocessing = 0;
		};
		9AE671451AEE61F800B25A5F /* Frameworks */ = {
			isa = PBXFrameworksBuildPhase;
			buildActionMask = 2147483647;
			files = (
				9A3243A31CE34DBE00C32A5B /* DTModelStorage.framework in Frameworks */,
			);
			runOnlyForDeploymentPostprocessing = 0;
		};
/* End PBXFrameworksBuildPhase section */

/* Begin PBXGroup section */
		955F8579179ACAF000A38EAD = {
			isa = PBXGroup;
			children = (
				9A423E751BE6054700A81045 /* Frameworks */,
				9ABF870B1BE3DF32000B9905 /* Documentation */,
				955F85AE179ACB7300A38EAD /* Source */,
				9A99AA7D1B8A219300428802 /* Example */,
				9A99AA941B8A219300428802 /* Tests */,
				955F8583179ACAF000A38EAD /* Products */,
				9A1B88341CE1E2BA005B6F07 /* Supporting files */,
			);
			sourceTree = "<group>";
		};
		955F8583179ACAF000A38EAD /* Products */ = {
			isa = PBXGroup;
			children = (
				9AE671491AEE61F800B25A5F /* DTCollectionViewManager.framework */,
				9A99AA7C1B8A219300428802 /* Example.app */,
				9A99AA911B8A219300428802 /* Tests-iOS.xctest */,
				9AC532031BE5F67D006CB18A /* DTCollectionViewManager.framework */,
				9AC532381BE5F77F006CB18A /* Tests-tvOS.xctest */,
			);
			name = Products;
			sourceTree = "<group>";
		};
		955F85AE179ACB7300A38EAD /* Source */ = {
			isa = PBXGroup;
			children = (
				9A1B88621CE1E4CB005B6F07 /* CollectionViewFactory.swift */,
				9A1B88631CE1E4CB005B6F07 /* DTCollectionViewManager.swift */,
				9A0889871F53211C00A1AA54 /* DTCollectionViewManager+Registration.swift */,
				9A0889911F53213A00A1AA54 /* DTCollectionViewManager+DataSource.swift */,
				9A0889941F53214D00A1AA54 /* DTCollectionViewManager+Delegate.swift */,
				9A0889971F53215F00A1AA54 /* DTCollectionViewManager+Drag.swift */,
				9A08899A1F53218200A1AA54 /* DTCollectionViewManager+Drop.swift */,
				9A5503AF1F5B233E000577F1 /* DTCollectionViewDropPlaceholderContext.swift */,
				9AB666D31D7B13E300A6CEED /* CollectionViewUpdater.swift */,
				9A1B88641CE1E4CB005B6F07 /* SectionModel+ConvenienceGetters.swift */,
				9A4610E51F40A59100480052 /* DTCollectionViewDelegateWrapper.swift */,
				9A4610EF1F40A69500480052 /* DTCollectionViewDataSource.swift */,
				9A4610F21F40A6A400480052 /* DTCollectionViewDelegate.swift */,
				3E646B4C1F599F6D00135998 /* DTCollectionViewDragDelegate.swift */,
				3E646B561F599F8100135998 /* DTCollectionViewDropDelegate.swift */,
			);
			name = Source;
			sourceTree = "<group>";
		};
		9A1B88341CE1E2BA005B6F07 /* Supporting files */ = {
			isa = PBXGroup;
			children = (
				9A1B88351CE1E2E5005B6F07 /* Example.plist */,
				9A1B88361CE1E2E5005B6F07 /* Framework.plist */,
				9A1B88371CE1E2E5005B6F07 /* Tests.plist */,
			);
			path = "Supporting files";
			sourceTree = "<group>";
		};
		9A3243701CE34D4D00C32A5B /* Products */ = {
			isa = PBXGroup;
			children = (
				9A3243791CE34D4D00C32A5B /* DTModelStorage.framework */,
				9A32437B1CE34D4D00C32A5B /* Tests-iOS.xctest */,
				9A32437D1CE34D4D00C32A5B /* DTModelStorage.framework */,
				9A32437F1CE34D4D00C32A5B /* Tests-tvOS.xctest */,
			);
			name = Products;
			sourceTree = "<group>";
		};
		9A3243811CE34D5200C32A5B /* Products */ = {
			isa = PBXGroup;
			children = (
				9A32438E1CE34D5200C32A5B /* Nimble.framework */,
				9A3243901CE34D5200C32A5B /* NimbleTests.xctest */,
				9A32438A1CE34D5200C32A5B /* Nimble.framework */,
				9A32438C1CE34D5200C32A5B /* NimbleTests.xctest */,
				9A3243921CE34D5200C32A5B /* Nimble.framework */,
				9A3243941CE34D5200C32A5B /* NimbleTests.xctest */,
			);
			name = Products;
			sourceTree = "<group>";
		};
		9A423E751BE6054700A81045 /* Frameworks */ = {
			isa = PBXGroup;
			children = (
				9A32436F1CE34D4D00C32A5B /* DTModelStorage.xcodeproj */,
				9A3243801CE34D5200C32A5B /* Nimble.xcodeproj */,
			);
			name = Frameworks;
			sourceTree = "<group>";
		};
		9A4C3BF71BE553B1000931BA /* iOS */ = {
			isa = PBXGroup;
			children = (
				9A1B88101CE1E1F0005B6F07 /* FixtureStoryboard.storyboard */,
				9A1B88111CE1E1F0005B6F07 /* NibCell.xib */,
				9A1B88121CE1E1F0005B6F07 /* NibHeaderFooterView.xib */,
				9A1B88131CE1E1F0005B6F07 /* NibView.xib */,
				9A1B88141CE1E1F0005B6F07 /* RandomNameHeaderFooterView.xib */,
				9A1B88151CE1E1F0005B6F07 /* RandomNibNameCell.xib */,
				9A1B88161CE1E1F0005B6F07 /* ReactingHeaderFooterView.xib */,
				9A1B88171CE1E1F0005B6F07 /* SelectionReactingCollectionCell.xib */,
				9A1B88181CE1E1F0005B6F07 /* XibCollectionViewController.xib */,
				9A2B842A1F24DD3500F19C14 /* CustomNibCell.xib */,
			);
			name = iOS;
			path = ../Tests/Fixtures/iOS;
			sourceTree = "<group>";
		};
		9A99AA7D1B8A219300428802 /* Example */ = {
			isa = PBXGroup;
			children = (
				9ADFC8F11B8B766A00AB4CD9 /* Cells */,
				9ADFC8F01B8B766300AB4CD9 /* Views */,
				9A99AA7E1B8A219300428802 /* AppDelegate.swift */,
				9A99AA801B8A219300428802 /* MasterViewController.swift */,
				9A99AA841B8A219300428802 /* Main.storyboard */,
				9ADFC8EE1B8B73A300AB4CD9 /* SectionsViewController.swift */,
				9A2109E21B9C58E20036D151 /* ComplexLayoutViewController.swift */,
				9A99AA871B8A219300428802 /* Assets.xcassets */,
				9A99AA891B8A219300428802 /* LaunchScreen.storyboard */,
			);
			path = Example;
			sourceTree = "<group>";
		};
		9A99AA941B8A219300428802 /* Tests */ = {
			isa = PBXGroup;
			children = (
				9ADFC8CF1B8B4CB200AB4CD9 /* Fixtures */,
				9ADFC8C61B8B4A2200AB4CD9 /* Helpers */,
				9ADFC8CD1B8B4B8100AB4CD9 /* DataSourceTestCase.swift */,
				9ADFC8E81B8B5D2E00AB4CD9 /* MappingTestCase.swift */,
				9AFD89001C42B73F00254257 /* StoryboardMappingTestCase.swift */,
				9A2C6E421BE3ED4C001D25DB /* SupplementaryMappingTestCase.swift */,
				9ADFC8E61B8B5BBD00AB4CD9 /* CreationTestCase.swift */,
				9ADFC8EA1B8B6D7F00AB4CD9 /* ReactingToEventsTestCase.swift */,
				9A4C3BFC1BE557D8000931BA /* SupplementaryEventsTestCase.swift */,
				9A4C3BFE1BE55F87000931BA /* DelegateForwardingTestCase.swift */,
				9AF938A41C0C966F0051E8E8 /* VIewModelMappingCustomizableTestCase.swift */,
				9AF938A71C0C9E0D0051E8E8 /* CollectionViewFactoryTestCase.swift */,
				9A2B84201F24DC9400F19C14 /* MappingConditionsTestCase.swift */,
			);
			path = Tests;
			sourceTree = "<group>";
		};
		9ABF870B1BE3DF32000B9905 /* Documentation */ = {
			isa = PBXGroup;
			children = (
				9A1B88601CE1E4BC005B6F07 /* README.md */,
				9A1B88611CE1E4C1005B6F07 /* CHANGELOG.md */,
			);
			name = Documentation;
			sourceTree = "<group>";
		};
		9AC532431BE5F8FD006CB18A /* tvOS */ = {
			isa = PBXGroup;
			children = (
				9A1B87EC1CE1E19D005B6F07 /* FixtureStoryboard.storyboard */,
				9A1B87ED1CE1E19D005B6F07 /* NibCell.xib */,
				9A1B87EE1CE1E19D005B6F07 /* NibHeaderFooterView.xib */,
				9A1B87EF1CE1E19D005B6F07 /* NibView.xib */,
				9A1B87F01CE1E19D005B6F07 /* RandomNameHeaderFooterView.xib */,
				9A1B87F11CE1E19D005B6F07 /* RandomNibNameCell.xib */,
				9A1B87F21CE1E19D005B6F07 /* ReactingHeaderFooterView.xib */,
				9A1B87F31CE1E19D005B6F07 /* SelectionReactingCollectionCell.xib */,
				9A1B87F41CE1E19D005B6F07 /* XibCollectionViewController.xib */,
				9A2B842D1F24DD7700F19C14 /* CustomNibCell.xib */,
			);
			name = tvOS;
			sourceTree = "<group>";
		};
		9ADFC8C61B8B4A2200AB4CD9 /* Helpers */ = {
			isa = PBXGroup;
			children = (
				9ADFC8C71B8B4A3D00AB4CD9 /* CollectionViewManager+UnitTests.swift */,
				9ADFC8C91B8B4A7100AB4CD9 /* DTTestCollectionController.swift */,
				9ADFC8CB1B8B4AE500AB4CD9 /* NSIndexPath+Convenience.swift */,
			);
			name = Helpers;
			sourceTree = "<group>";
		};
		9ADFC8CF1B8B4CB200AB4CD9 /* Fixtures */ = {
			isa = PBXGroup;
			children = (
				9AC532431BE5F8FD006CB18A /* tvOS */,
				9A4C3BF71BE553B1000931BA /* iOS */,
				9ADFC8D01B8B4CCD00AB4CD9 /* XibCollectionViewController.swift */,
				9ADFC8D41B8B4CFA00AB4CD9 /* FixtureCells.swift */,
				9ADFC8DA1B8B4DB900AB4CD9 /* ReactingHeaderFooterView.swift */,
				9ADFC8DE1B8B595800AB4CD9 /* NibHeaderFooterView.swift */,
				9A4C3BFA1BE5567A000931BA /* NiblessHeaderFooterView.swift */,
				9AFD890F1C42C80C00254257 /* FixtureStoryboard.storyboard */,
				9AFD88F71C42B65900254257 /* StoryboardViewController.swift */,
				9AFD88FA1C42B66A00254257 /* StoryboardCollectionViewCell.swift */,
				9AFD88FD1C42B68300254257 /* StoryboardCollectionReusableView.swift */,
			);
			name = Fixtures;
			sourceTree = "<group>";
		};
		9ADFC8F01B8B766300AB4CD9 /* Views */ = {
			isa = PBXGroup;
			children = (
				9ADFC8F61B8B771800AB4CD9 /* SimpleTextCollectionReusableView.swift */,
				9ADFC8F71B8B771800AB4CD9 /* SimpleTextCollectionReusableView.xib */,
			);
			name = Views;
			sourceTree = "<group>";
		};
		9ADFC8F11B8B766A00AB4CD9 /* Cells */ = {
			isa = PBXGroup;
			children = (
				9ADFC8F21B8B76A000AB4CD9 /* SolidColorCollectionCell.swift */,
				9ADFC8F31B8B76A000AB4CD9 /* SolidColorCollectionCell.xib */,
				9A2109E61B9C5A020036D151 /* CollectionContainingCell.swift */,
			);
			name = Cells;
			sourceTree = "<group>";
		};
/* End PBXGroup section */

/* Begin PBXNativeTarget section */
		9A99AA7B1B8A219300428802 /* Example */ = {
			isa = PBXNativeTarget;
			buildConfigurationList = 9A99AA981B8A219300428802 /* Build configuration list for PBXNativeTarget "Example" */;
			buildPhases = (
				9A99AA781B8A219300428802 /* Sources */,
				9A99AA791B8A219300428802 /* Frameworks */,
				9A99AA7A1B8A219300428802 /* Resources */,
				9A7B9BA31BA5C41D00B86A4F /* Embed Frameworks */,
			);
			buildRules = (
			);
			dependencies = (
				9A3243971CE34D5B00C32A5B /* PBXTargetDependency */,
				9ADFC8FB1B8B7F3F00AB4CD9 /* PBXTargetDependency */,
			);
			name = Example;
			productName = Example;
			productReference = 9A99AA7C1B8A219300428802 /* Example.app */;
			productType = "com.apple.product-type.application";
		};
		9A99AA901B8A219300428802 /* Tests-iOS */ = {
			isa = PBXNativeTarget;
			buildConfigurationList = 9A99AA9B1B8A219300428802 /* Build configuration list for PBXNativeTarget "Tests-iOS" */;
			buildPhases = (
				9A99AA8D1B8A219300428802 /* Sources */,
				9A99AA8E1B8A219300428802 /* Frameworks */,
				9A99AA8F1B8A219300428802 /* Resources */,
			);
			buildRules = (
			);
			dependencies = (
				9A3243A01CE34D9300C32A5B /* PBXTargetDependency */,
				9A32439A1CE34D6E00C32A5B /* PBXTargetDependency */,
				9A08A9C81B8A248F00877C62 /* PBXTargetDependency */,
			);
			name = "Tests-iOS";
			productName = ExampleTests;
			productReference = 9A99AA911B8A219300428802 /* Tests-iOS.xctest */;
			productType = "com.apple.product-type.bundle.unit-test";
		};
		9AC532021BE5F67D006CB18A /* DTCollectionViewManager-tvOS */ = {
			isa = PBXNativeTarget;
			buildConfigurationList = 9AC5320A1BE5F67D006CB18A /* Build configuration list for PBXNativeTarget "DTCollectionViewManager-tvOS" */;
			buildPhases = (
				9AC531FE1BE5F67D006CB18A /* Sources */,
				9AC531FF1BE5F67D006CB18A /* Frameworks */,
			);
			buildRules = (
			);
			dependencies = (
				9A3243A51CE34DC300C32A5B /* PBXTargetDependency */,
			);
			name = "DTCollectionViewManager-tvOS";
			productName = "DTCollectionViewManager-tvOS";
			productReference = 9AC532031BE5F67D006CB18A /* DTCollectionViewManager.framework */;
			productType = "com.apple.product-type.framework";
		};
		9AC532121BE5F77F006CB18A /* Tests-tvOS */ = {
			isa = PBXNativeTarget;
			buildConfigurationList = 9AC532351BE5F77F006CB18A /* Build configuration list for PBXNativeTarget "Tests-tvOS" */;
			buildPhases = (
				9AC532151BE5F77F006CB18A /* Sources */,
				9AC532261BE5F77F006CB18A /* Frameworks */,
				9AC5322A1BE5F77F006CB18A /* Resources */,
			);
			buildRules = (
			);
			dependencies = (
				9A3243AA1CE34DCF00C32A5B /* PBXTargetDependency */,
				9A3243A81CE34DCC00C32A5B /* PBXTargetDependency */,
				9A423E6C1BE5FBB800A81045 /* PBXTargetDependency */,
			);
			name = "Tests-tvOS";
			productName = ExampleTests;
			productReference = 9AC532381BE5F77F006CB18A /* Tests-tvOS.xctest */;
			productType = "com.apple.product-type.bundle.unit-test";
		};
		9AE671481AEE61F800B25A5F /* DTCollectionViewManager-iOS */ = {
			isa = PBXNativeTarget;
			buildConfigurationList = 9AE671601AEE61F800B25A5F /* Build configuration list for PBXNativeTarget "DTCollectionViewManager-iOS" */;
			buildPhases = (
				9AE671441AEE61F800B25A5F /* Sources */,
				9AE671451AEE61F800B25A5F /* Frameworks */,
			);
			buildRules = (
			);
			dependencies = (
				9A3243A21CE34DA100C32A5B /* PBXTargetDependency */,
			);
			name = "DTCollectionViewManager-iOS";
			productName = DTCollectionViewManager;
			productReference = 9AE671491AEE61F800B25A5F /* DTCollectionViewManager.framework */;
			productType = "com.apple.product-type.framework";
		};
/* End PBXNativeTarget section */

/* Begin PBXProject section */
		955F857A179ACAF000A38EAD /* Project object */ = {
			isa = PBXProject;
			attributes = {
				LastSwiftUpdateCheck = 0700;
				LastUpgradeCheck = 0900;
				ORGANIZATIONNAME = "Denys Telezhkin";
				TargetAttributes = {
					9A99AA7B1B8A219300428802 = {
						CreatedOnToolsVersion = 7.0;
						DevelopmentTeam = L94VC9ZZXC;
						LastSwiftMigration = 0800;
					};
					9A99AA901B8A219300428802 = {
						CreatedOnToolsVersion = 7.0;
						LastSwiftMigration = 0900;
					};
					9AC532021BE5F67D006CB18A = {
						CreatedOnToolsVersion = 7.1;
					};
					9AE671481AEE61F800B25A5F = {
						CreatedOnToolsVersion = 6.3.1;
						LastSwiftMigration = 0900;
					};
				};
			};
			buildConfigurationList = 955F857D179ACAF000A38EAD /* Build configuration list for PBXProject "DTCollectionViewManager" */;
			compatibilityVersion = "Xcode 3.2";
			developmentRegion = English;
			hasScannedForEncodings = 0;
			knownRegions = (
				en,
				Base,
			);
			mainGroup = 955F8579179ACAF000A38EAD;
			productRefGroup = 955F8583179ACAF000A38EAD /* Products */;
			projectDirPath = "";
			projectReferences = (
				{
					ProductGroup = 9A3243701CE34D4D00C32A5B /* Products */;
					ProjectRef = 9A32436F1CE34D4D00C32A5B /* DTModelStorage.xcodeproj */;
				},
				{
					ProductGroup = 9A3243811CE34D5200C32A5B /* Products */;
					ProjectRef = 9A3243801CE34D5200C32A5B /* Nimble.xcodeproj */;
				},
			);
			projectRoot = "";
			targets = (
				9A99AA7B1B8A219300428802 /* Example */,
				9A99AA901B8A219300428802 /* Tests-iOS */,
				9AE671481AEE61F800B25A5F /* DTCollectionViewManager-iOS */,
				9AC532021BE5F67D006CB18A /* DTCollectionViewManager-tvOS */,
				9AC532121BE5F77F006CB18A /* Tests-tvOS */,
			);
		};
/* End PBXProject section */

/* Begin PBXReferenceProxy section */
		9A3243791CE34D4D00C32A5B /* DTModelStorage.framework */ = {
			isa = PBXReferenceProxy;
			fileType = wrapper.framework;
			path = DTModelStorage.framework;
			remoteRef = 9A3243781CE34D4D00C32A5B /* PBXContainerItemProxy */;
			sourceTree = BUILT_PRODUCTS_DIR;
		};
		9A32437B1CE34D4D00C32A5B /* Tests-iOS.xctest */ = {
			isa = PBXReferenceProxy;
			fileType = wrapper.cfbundle;
			path = "Tests-iOS.xctest";
			remoteRef = 9A32437A1CE34D4D00C32A5B /* PBXContainerItemProxy */;
			sourceTree = BUILT_PRODUCTS_DIR;
		};
		9A32437D1CE34D4D00C32A5B /* DTModelStorage.framework */ = {
			isa = PBXReferenceProxy;
			fileType = wrapper.framework;
			path = DTModelStorage.framework;
			remoteRef = 9A32437C1CE34D4D00C32A5B /* PBXContainerItemProxy */;
			sourceTree = BUILT_PRODUCTS_DIR;
		};
		9A32437F1CE34D4D00C32A5B /* Tests-tvOS.xctest */ = {
			isa = PBXReferenceProxy;
			fileType = wrapper.cfbundle;
			path = "Tests-tvOS.xctest";
			remoteRef = 9A32437E1CE34D4D00C32A5B /* PBXContainerItemProxy */;
			sourceTree = BUILT_PRODUCTS_DIR;
		};
		9A32438A1CE34D5200C32A5B /* Nimble.framework */ = {
			isa = PBXReferenceProxy;
			fileType = wrapper.framework;
			path = Nimble.framework;
			remoteRef = 9A3243891CE34D5200C32A5B /* PBXContainerItemProxy */;
			sourceTree = BUILT_PRODUCTS_DIR;
		};
		9A32438C1CE34D5200C32A5B /* NimbleTests.xctest */ = {
			isa = PBXReferenceProxy;
			fileType = wrapper.cfbundle;
			path = NimbleTests.xctest;
			remoteRef = 9A32438B1CE34D5200C32A5B /* PBXContainerItemProxy */;
			sourceTree = BUILT_PRODUCTS_DIR;
		};
		9A32438E1CE34D5200C32A5B /* Nimble.framework */ = {
			isa = PBXReferenceProxy;
			fileType = wrapper.framework;
			path = Nimble.framework;
			remoteRef = 9A32438D1CE34D5200C32A5B /* PBXContainerItemProxy */;
			sourceTree = BUILT_PRODUCTS_DIR;
		};
		9A3243901CE34D5200C32A5B /* NimbleTests.xctest */ = {
			isa = PBXReferenceProxy;
			fileType = wrapper.cfbundle;
			path = NimbleTests.xctest;
			remoteRef = 9A32438F1CE34D5200C32A5B /* PBXContainerItemProxy */;
			sourceTree = BUILT_PRODUCTS_DIR;
		};
		9A3243921CE34D5200C32A5B /* Nimble.framework */ = {
			isa = PBXReferenceProxy;
			fileType = wrapper.framework;
			path = Nimble.framework;
			remoteRef = 9A3243911CE34D5200C32A5B /* PBXContainerItemProxy */;
			sourceTree = BUILT_PRODUCTS_DIR;
		};
		9A3243941CE34D5200C32A5B /* NimbleTests.xctest */ = {
			isa = PBXReferenceProxy;
			fileType = wrapper.cfbundle;
			path = NimbleTests.xctest;
			remoteRef = 9A3243931CE34D5200C32A5B /* PBXContainerItemProxy */;
			sourceTree = BUILT_PRODUCTS_DIR;
		};
/* End PBXReferenceProxy section */

/* Begin PBXResourcesBuildPhase section */
		9A99AA7A1B8A219300428802 /* Resources */ = {
			isa = PBXResourcesBuildPhase;
			buildActionMask = 2147483647;
			files = (
				9A99AA8B1B8A219300428802 /* LaunchScreen.storyboard in Resources */,
				9A99AA881B8A219300428802 /* Assets.xcassets in Resources */,
				9A99AA861B8A219300428802 /* Main.storyboard in Resources */,
				9ADFC8F91B8B771800AB4CD9 /* SimpleTextCollectionReusableView.xib in Resources */,
				9ADFC8F51B8B76A000AB4CD9 /* SolidColorCollectionCell.xib in Resources */,
			);
			runOnlyForDeploymentPostprocessing = 0;
		};
		9A99AA8F1B8A219300428802 /* Resources */ = {
			isa = PBXResourcesBuildPhase;
			buildActionMask = 2147483647;
			files = (
				9A2B842B1F24DD3500F19C14 /* CustomNibCell.xib in Resources */,
				9A1B88211CE1E1F0005B6F07 /* XibCollectionViewController.xib in Resources */,
				9A1B881B1CE1E1F0005B6F07 /* NibHeaderFooterView.xib in Resources */,
				9A1B881D1CE1E1F0005B6F07 /* RandomNameHeaderFooterView.xib in Resources */,
				9A1B881A1CE1E1F0005B6F07 /* NibCell.xib in Resources */,
				9A1B881C1CE1E1F0005B6F07 /* NibView.xib in Resources */,
				9A1B88201CE1E1F0005B6F07 /* SelectionReactingCollectionCell.xib in Resources */,
				9A1B881F1CE1E1F0005B6F07 /* ReactingHeaderFooterView.xib in Resources */,
				9A1B88191CE1E1F0005B6F07 /* FixtureStoryboard.storyboard in Resources */,
				9A1B881E1CE1E1F0005B6F07 /* RandomNibNameCell.xib in Resources */,
			);
			runOnlyForDeploymentPostprocessing = 0;
		};
		9AC5322A1BE5F77F006CB18A /* Resources */ = {
			isa = PBXResourcesBuildPhase;
			buildActionMask = 2147483647;
			files = (
				9A1B880F1CE1E1E1005B6F07 /* XibCollectionViewController.xib in Resources */,
				9A1B88091CE1E1E1005B6F07 /* NibHeaderFooterView.xib in Resources */,
				9AFD89101C42C80C00254257 /* FixtureStoryboard.storyboard in Resources */,
				9A1B880B1CE1E1E1005B6F07 /* RandomNameHeaderFooterView.xib in Resources */,
				9A1B88081CE1E1E1005B6F07 /* NibCell.xib in Resources */,
				9A1B880A1CE1E1E1005B6F07 /* NibView.xib in Resources */,
				9A1B880E1CE1E1E1005B6F07 /* SelectionReactingCollectionCell.xib in Resources */,
				9A1B880D1CE1E1E1005B6F07 /* ReactingHeaderFooterView.xib in Resources */,
				9A1B880C1CE1E1E1005B6F07 /* RandomNibNameCell.xib in Resources */,
				9A2B842E1F24DD7700F19C14 /* CustomNibCell.xib in Resources */,
			);
			runOnlyForDeploymentPostprocessing = 0;
		};
/* End PBXResourcesBuildPhase section */

/* Begin PBXSourcesBuildPhase section */
		9A99AA781B8A219300428802 /* Sources */ = {
			isa = PBXSourcesBuildPhase;
			buildActionMask = 2147483647;
			files = (
				9A99AA811B8A219300428802 /* MasterViewController.swift in Sources */,
				9ADFC8F81B8B771800AB4CD9 /* SimpleTextCollectionReusableView.swift in Sources */,
				9A2109E71B9C5A020036D151 /* CollectionContainingCell.swift in Sources */,
				9ADFC8EF1B8B73A300AB4CD9 /* SectionsViewController.swift in Sources */,
				9A2109E31B9C58E20036D151 /* ComplexLayoutViewController.swift in Sources */,
				9A99AA7F1B8A219300428802 /* AppDelegate.swift in Sources */,
				9ADFC8F41B8B76A000AB4CD9 /* SolidColorCollectionCell.swift in Sources */,
			);
			runOnlyForDeploymentPostprocessing = 0;
		};
		9A99AA8D1B8A219300428802 /* Sources */ = {
			isa = PBXSourcesBuildPhase;
			buildActionMask = 2147483647;
			files = (
				9A2B84211F24DC9400F19C14 /* MappingConditionsTestCase.swift in Sources */,
				9A2C6E431BE3ED4C001D25DB /* SupplementaryMappingTestCase.swift in Sources */,
				9A4C3BFD1BE557D8000931BA /* SupplementaryEventsTestCase.swift in Sources */,
				9ADFC8E01B8B595800AB4CD9 /* NibHeaderFooterView.swift in Sources */,
				9A4C3BFB1BE5567A000931BA /* NiblessHeaderFooterView.swift in Sources */,
				9AFD88FB1C42B66A00254257 /* StoryboardCollectionViewCell.swift in Sources */,
				9AF938A81C0C9E0D0051E8E8 /* CollectionViewFactoryTestCase.swift in Sources */,
				9AFD89011C42B73F00254257 /* StoryboardMappingTestCase.swift in Sources */,
				9ADFC8D51B8B4CFA00AB4CD9 /* FixtureCells.swift in Sources */,
				9ADFC8E71B8B5BBD00AB4CD9 /* CreationTestCase.swift in Sources */,
				9AFD88F81C42B65900254257 /* StoryboardViewController.swift in Sources */,
				9ADFC8DC1B8B4DB900AB4CD9 /* ReactingHeaderFooterView.swift in Sources */,
				9ADFC8D21B8B4CCD00AB4CD9 /* XibCollectionViewController.swift in Sources */,
				9ADFC8CE1B8B4B8100AB4CD9 /* DataSourceTestCase.swift in Sources */,
				9A4C3BFF1BE55F87000931BA /* DelegateForwardingTestCase.swift in Sources */,
				9ADFC8C81B8B4A3D00AB4CD9 /* CollectionViewManager+UnitTests.swift in Sources */,
				9AF938A51C0C966F0051E8E8 /* VIewModelMappingCustomizableTestCase.swift in Sources */,
				9ADFC8CA1B8B4A7100AB4CD9 /* DTTestCollectionController.swift in Sources */,
				9AFD88FE1C42B68300254257 /* StoryboardCollectionReusableView.swift in Sources */,
				9ADFC8CC1B8B4AE500AB4CD9 /* NSIndexPath+Convenience.swift in Sources */,
				9ADFC8EB1B8B6D7F00AB4CD9 /* ReactingToEventsTestCase.swift in Sources */,
				9ADFC8E91B8B5D2E00AB4CD9 /* MappingTestCase.swift in Sources */,
			);
			runOnlyForDeploymentPostprocessing = 0;
		};
		9AC531FE1BE5F67D006CB18A /* Sources */ = {
			isa = PBXSourcesBuildPhase;
			buildActionMask = 2147483647;
			files = (
				9A4610F41F40A6A400480052 /* DTCollectionViewDelegate.swift in Sources */,
				9A0889961F53214D00A1AA54 /* DTCollectionViewManager+Delegate.swift in Sources */,
				9A4610E71F40A59100480052 /* DTCollectionViewDelegateWrapper.swift in Sources */,
				3E646B4E1F599F6D00135998 /* DTCollectionViewDragDelegate.swift in Sources */,
				9A0889931F53213A00A1AA54 /* DTCollectionViewManager+DataSource.swift in Sources */,
				9A1B886A1CE1E4CB005B6F07 /* SectionModel+ConvenienceGetters.swift in Sources */,
				3E646B581F599F8100135998 /* DTCollectionViewDropDelegate.swift in Sources */,
				9A4610F11F40A69500480052 /* DTCollectionViewDataSource.swift in Sources */,
				9A1B88661CE1E4CB005B6F07 /* CollectionViewFactory.swift in Sources */,
				9A0889991F53215F00A1AA54 /* DTCollectionViewManager+Drag.swift in Sources */,
				9A0889891F53211C00A1AA54 /* DTCollectionViewManager+Registration.swift in Sources */,
				9A5503B11F5B233E000577F1 /* DTCollectionViewDropPlaceholderContext.swift in Sources */,
				9AB666D51D7B13E300A6CEED /* CollectionViewUpdater.swift in Sources */,
				9A1B88681CE1E4CB005B6F07 /* DTCollectionViewManager.swift in Sources */,
				9A08899C1F53218200A1AA54 /* DTCollectionViewManager+Drop.swift in Sources */,
			);
			runOnlyForDeploymentPostprocessing = 0;
		};
		9AC532151BE5F77F006CB18A /* Sources */ = {
			isa = PBXSourcesBuildPhase;
			buildActionMask = 2147483647;
			files = (
				9A2B84221F24DC9400F19C14 /* MappingConditionsTestCase.swift in Sources */,
				9AC532171BE5F77F006CB18A /* SupplementaryMappingTestCase.swift in Sources */,
				9AC532181BE5F77F006CB18A /* SupplementaryEventsTestCase.swift in Sources */,
				9AC532191BE5F77F006CB18A /* NibHeaderFooterView.swift in Sources */,
				9AC5321A1BE5F77F006CB18A /* NiblessHeaderFooterView.swift in Sources */,
				9AFD88FC1C42B66A00254257 /* StoryboardCollectionViewCell.swift in Sources */,
				9AF938A91C0C9E0D0051E8E8 /* CollectionViewFactoryTestCase.swift in Sources */,
				9AFD89021C42B73F00254257 /* StoryboardMappingTestCase.swift in Sources */,
				9AC5321B1BE5F77F006CB18A /* FixtureCells.swift in Sources */,
				9AC5321C1BE5F77F006CB18A /* CreationTestCase.swift in Sources */,
				9AFD88F91C42B65900254257 /* StoryboardViewController.swift in Sources */,
				9AC5321D1BE5F77F006CB18A /* ReactingHeaderFooterView.swift in Sources */,
				9AC5321E1BE5F77F006CB18A /* XibCollectionViewController.swift in Sources */,
				9AC5321F1BE5F77F006CB18A /* DataSourceTestCase.swift in Sources */,
				9AC532201BE5F77F006CB18A /* DelegateForwardingTestCase.swift in Sources */,
				9AC532211BE5F77F006CB18A /* CollectionViewManager+UnitTests.swift in Sources */,
				9AF938A61C0C966F0051E8E8 /* VIewModelMappingCustomizableTestCase.swift in Sources */,
				9AC532221BE5F77F006CB18A /* DTTestCollectionController.swift in Sources */,
				9AFD88FF1C42B68300254257 /* StoryboardCollectionReusableView.swift in Sources */,
				9AC532231BE5F77F006CB18A /* NSIndexPath+Convenience.swift in Sources */,
				9AC532241BE5F77F006CB18A /* ReactingToEventsTestCase.swift in Sources */,
				9AC532251BE5F77F006CB18A /* MappingTestCase.swift in Sources */,
			);
			runOnlyForDeploymentPostprocessing = 0;
		};
		9AE671441AEE61F800B25A5F /* Sources */ = {
			isa = PBXSourcesBuildPhase;
			buildActionMask = 2147483647;
			files = (
				9A4610F31F40A6A400480052 /* DTCollectionViewDelegate.swift in Sources */,
				9A0889951F53214D00A1AA54 /* DTCollectionViewManager+Delegate.swift in Sources */,
				9A4610E61F40A59100480052 /* DTCollectionViewDelegateWrapper.swift in Sources */,
				3E646B4D1F599F6D00135998 /* DTCollectionViewDragDelegate.swift in Sources */,
				9A0889921F53213A00A1AA54 /* DTCollectionViewManager+DataSource.swift in Sources */,
				9A1B88691CE1E4CB005B6F07 /* SectionModel+ConvenienceGetters.swift in Sources */,
				3E646B571F599F8100135998 /* DTCollectionViewDropDelegate.swift in Sources */,
				9A4610F01F40A69500480052 /* DTCollectionViewDataSource.swift in Sources */,
				9A1B88651CE1E4CB005B6F07 /* CollectionViewFactory.swift in Sources */,
				9A0889981F53215F00A1AA54 /* DTCollectionViewManager+Drag.swift in Sources */,
				9A0889881F53211C00A1AA54 /* DTCollectionViewManager+Registration.swift in Sources */,
				9A5503B01F5B233E000577F1 /* DTCollectionViewDropPlaceholderContext.swift in Sources */,
				9AB666D41D7B13E300A6CEED /* CollectionViewUpdater.swift in Sources */,
				9A1B88671CE1E4CB005B6F07 /* DTCollectionViewManager.swift in Sources */,
				9A08899B1F53218200A1AA54 /* DTCollectionViewManager+Drop.swift in Sources */,
			);
			runOnlyForDeploymentPostprocessing = 0;
		};
/* End PBXSourcesBuildPhase section */

/* Begin PBXTargetDependency section */
		9A08A9C81B8A248F00877C62 /* PBXTargetDependency */ = {
			isa = PBXTargetDependency;
			target = 9AE671481AEE61F800B25A5F /* DTCollectionViewManager-iOS */;
			targetProxy = 9A08A9C71B8A248F00877C62 /* PBXContainerItemProxy */;
		};
		9A3243971CE34D5B00C32A5B /* PBXTargetDependency */ = {
			isa = PBXTargetDependency;
			name = "DTModelStorage-iOS";
			targetProxy = 9A3243961CE34D5B00C32A5B /* PBXContainerItemProxy */;
		};
		9A32439A1CE34D6E00C32A5B /* PBXTargetDependency */ = {
			isa = PBXTargetDependency;
			name = "DTModelStorage-iOS";
			targetProxy = 9A3243991CE34D6E00C32A5B /* PBXContainerItemProxy */;
		};
		9A3243A01CE34D9300C32A5B /* PBXTargetDependency */ = {
			isa = PBXTargetDependency;
			name = "Nimble-iOS";
			targetProxy = 9A32439F1CE34D9300C32A5B /* PBXContainerItemProxy */;
		};
		9A3243A21CE34DA100C32A5B /* PBXTargetDependency */ = {
			isa = PBXTargetDependency;
			name = "DTModelStorage-iOS";
			targetProxy = 9A3243A11CE34DA100C32A5B /* PBXContainerItemProxy */;
		};
		9A3243A51CE34DC300C32A5B /* PBXTargetDependency */ = {
			isa = PBXTargetDependency;
			name = "DTModelStorage-tvOS";
			targetProxy = 9A3243A41CE34DC300C32A5B /* PBXContainerItemProxy */;
		};
		9A3243A81CE34DCC00C32A5B /* PBXTargetDependency */ = {
			isa = PBXTargetDependency;
			name = "DTModelStorage-tvOS";
			targetProxy = 9A3243A71CE34DCC00C32A5B /* PBXContainerItemProxy */;
		};
		9A3243AA1CE34DCF00C32A5B /* PBXTargetDependency */ = {
			isa = PBXTargetDependency;
			name = "Nimble-tvOS";
			targetProxy = 9A3243A91CE34DCF00C32A5B /* PBXContainerItemProxy */;
		};
		9A423E6C1BE5FBB800A81045 /* PBXTargetDependency */ = {
			isa = PBXTargetDependency;
			target = 9AC532021BE5F67D006CB18A /* DTCollectionViewManager-tvOS */;
			targetProxy = 9A423E6B1BE5FBB800A81045 /* PBXContainerItemProxy */;
		};
		9ADFC8FB1B8B7F3F00AB4CD9 /* PBXTargetDependency */ = {
			isa = PBXTargetDependency;
			target = 9AE671481AEE61F800B25A5F /* DTCollectionViewManager-iOS */;
			targetProxy = 9ADFC8FA1B8B7F3F00AB4CD9 /* PBXContainerItemProxy */;
		};
/* End PBXTargetDependency section */

/* Begin PBXVariantGroup section */
		9A99AA841B8A219300428802 /* Main.storyboard */ = {
			isa = PBXVariantGroup;
			children = (
				9A99AA851B8A219300428802 /* Base */,
			);
			name = Main.storyboard;
			sourceTree = "<group>";
		};
		9A99AA891B8A219300428802 /* LaunchScreen.storyboard */ = {
			isa = PBXVariantGroup;
			children = (
				9A99AA8A1B8A219300428802 /* Base */,
			);
			name = LaunchScreen.storyboard;
			sourceTree = "<group>";
		};
/* End PBXVariantGroup section */

/* Begin XCBuildConfiguration section */
		955F85A9179ACAF000A38EAD /* Debug */ = {
			isa = XCBuildConfiguration;
			buildSettings = {
				ALWAYS_SEARCH_USER_PATHS = NO;
				APPLICATION_EXTENSION_API_ONLY = YES;
				CLANG_ALLOW_NON_MODULAR_INCLUDES_IN_FRAMEWORK_MODULES = YES;
				CLANG_ENABLE_MODULES = YES;
				CLANG_ENABLE_OBJC_ARC = YES;
				CLANG_WARN_BLOCK_CAPTURE_AUTORELEASING = YES;
				CLANG_WARN_BOOL_CONVERSION = YES;
				CLANG_WARN_COMMA = YES;
				CLANG_WARN_CONSTANT_CONVERSION = YES;
				CLANG_WARN_EMPTY_BODY = YES;
				CLANG_WARN_ENUM_CONVERSION = YES;
				CLANG_WARN_INFINITE_RECURSION = YES;
				CLANG_WARN_INT_CONVERSION = YES;
				CLANG_WARN_NON_LITERAL_NULL_CONVERSION = YES;
				CLANG_WARN_OBJC_LITERAL_CONVERSION = YES;
				CLANG_WARN_RANGE_LOOP_ANALYSIS = YES;
				CLANG_WARN_STRICT_PROTOTYPES = YES;
				CLANG_WARN_SUSPICIOUS_MOVE = YES;
				CLANG_WARN_UNREACHABLE_CODE = YES;
				CLANG_WARN__DUPLICATE_METHOD_MATCH = YES;
				"CODE_SIGN_IDENTITY[sdk=iphoneos*]" = "iPhone Developer";
				COPY_PHASE_STRIP = NO;
				ENABLE_STRICT_OBJC_MSGSEND = YES;
				ENABLE_TESTABILITY = YES;
				GCC_NO_COMMON_BLOCKS = YES;
				GCC_OPTIMIZATION_LEVEL = 0;
				GCC_PREPROCESSOR_DEFINITIONS = (
					"DEBUG=1",
					"$(inherited)",
				);
				GCC_SYMBOLS_PRIVATE_EXTERN = NO;
				GCC_WARN_64_TO_32_BIT_CONVERSION = YES;
				GCC_WARN_ABOUT_RETURN_TYPE = YES;
				GCC_WARN_UNDECLARED_SELECTOR = YES;
				GCC_WARN_UNINITIALIZED_AUTOS = YES;
				GCC_WARN_UNUSED_FUNCTION = YES;
				GCC_WARN_UNUSED_VARIABLE = YES;
				IPHONEOS_DEPLOYMENT_TARGET = 8.0;
				ONLY_ACTIVE_ARCH = YES;
				SDKROOT = iphoneos;
				SWIFT_OPTIMIZATION_LEVEL = "-Onone";
				SWIFT_SWIFT3_OBJC_INFERENCE = Off;
				SWIFT_VERSION = 4.0;
			};
			name = Debug;
		};
		955F85AA179ACAF000A38EAD /* Release */ = {
			isa = XCBuildConfiguration;
			buildSettings = {
				ALWAYS_SEARCH_USER_PATHS = NO;
				APPLICATION_EXTENSION_API_ONLY = YES;
				CLANG_ALLOW_NON_MODULAR_INCLUDES_IN_FRAMEWORK_MODULES = YES;
				CLANG_ENABLE_MODULES = YES;
				CLANG_ENABLE_OBJC_ARC = YES;
				CLANG_WARN_BLOCK_CAPTURE_AUTORELEASING = YES;
				CLANG_WARN_BOOL_CONVERSION = YES;
				CLANG_WARN_COMMA = YES;
				CLANG_WARN_CONSTANT_CONVERSION = YES;
				CLANG_WARN_EMPTY_BODY = YES;
				CLANG_WARN_ENUM_CONVERSION = YES;
				CLANG_WARN_INFINITE_RECURSION = YES;
				CLANG_WARN_INT_CONVERSION = YES;
				CLANG_WARN_NON_LITERAL_NULL_CONVERSION = YES;
				CLANG_WARN_OBJC_LITERAL_CONVERSION = YES;
				CLANG_WARN_RANGE_LOOP_ANALYSIS = YES;
				CLANG_WARN_STRICT_PROTOTYPES = YES;
				CLANG_WARN_SUSPICIOUS_MOVE = YES;
				CLANG_WARN_UNREACHABLE_CODE = YES;
				CLANG_WARN__DUPLICATE_METHOD_MATCH = YES;
				"CODE_SIGN_IDENTITY[sdk=iphoneos*]" = "iPhone Developer";
				COPY_PHASE_STRIP = YES;
				ENABLE_STRICT_OBJC_MSGSEND = YES;
				ENABLE_TESTABILITY = YES;
				GCC_NO_COMMON_BLOCKS = YES;
				GCC_WARN_64_TO_32_BIT_CONVERSION = YES;
				GCC_WARN_ABOUT_RETURN_TYPE = YES;
				GCC_WARN_UNDECLARED_SELECTOR = YES;
				GCC_WARN_UNINITIALIZED_AUTOS = YES;
				GCC_WARN_UNUSED_FUNCTION = YES;
				GCC_WARN_UNUSED_VARIABLE = YES;
				IPHONEOS_DEPLOYMENT_TARGET = 8.0;
				OTHER_CFLAGS = "-DNS_BLOCK_ASSERTIONS=1";
				SDKROOT = iphoneos;
				SWIFT_OPTIMIZATION_LEVEL = "-Owholemodule";
				SWIFT_SWIFT3_OBJC_INFERENCE = Off;
				SWIFT_VERSION = 4.0;
				VALIDATE_PRODUCT = YES;
			};
			name = Release;
		};
		9A99AA991B8A219300428802 /* Debug */ = {
			isa = XCBuildConfiguration;
			buildSettings = {
				ALWAYS_EMBED_SWIFT_STANDARD_LIBRARIES = YES;
				ASSETCATALOG_COMPILER_APPICON_NAME = AppIcon;
				CLANG_ENABLE_MODULES = YES;
				CLANG_WARN_BOOL_CONVERSION = YES;
				CLANG_WARN_DIRECT_OBJC_ISA_USAGE = YES_ERROR;
				CLANG_WARN_OBJC_ROOT_CLASS = YES_ERROR;
				CLANG_WARN_UNREACHABLE_CODE = YES;
				DEBUG_INFORMATION_FORMAT = dwarf;
				DEVELOPMENT_TEAM = L94VC9ZZXC;
				ENABLE_STRICT_OBJC_MSGSEND = YES;
				GCC_NO_COMMON_BLOCKS = YES;
				GCC_WARN_64_TO_32_BIT_CONVERSION = YES;
				GCC_WARN_ABOUT_RETURN_TYPE = YES_ERROR;
				GCC_WARN_UNDECLARED_SELECTOR = YES;
				GCC_WARN_UNINITIALIZED_AUTOS = YES_AGGRESSIVE;
				GCC_WARN_UNUSED_FUNCTION = YES;
				INFOPLIST_FILE = "$(SRCROOT)/Supporting files/Example.plist";
				LD_RUNPATH_SEARCH_PATHS = "$(inherited) @executable_path/Frameworks";
				MTL_ENABLE_DEBUG_INFO = YES;
				PRODUCT_BUNDLE_IDENTIFIER = MLSDev.Example;
				PRODUCT_NAME = "$(TARGET_NAME)";
				TARGETED_DEVICE_FAMILY = 2;
			};
			name = Debug;
		};
		9A99AA9A1B8A219300428802 /* Release */ = {
			isa = XCBuildConfiguration;
			buildSettings = {
				ALWAYS_EMBED_SWIFT_STANDARD_LIBRARIES = YES;
				ASSETCATALOG_COMPILER_APPICON_NAME = AppIcon;
				CLANG_ENABLE_MODULES = YES;
				CLANG_WARN_BOOL_CONVERSION = YES;
				CLANG_WARN_DIRECT_OBJC_ISA_USAGE = YES_ERROR;
				CLANG_WARN_OBJC_ROOT_CLASS = YES_ERROR;
				CLANG_WARN_UNREACHABLE_CODE = YES;
				COPY_PHASE_STRIP = NO;
				DEBUG_INFORMATION_FORMAT = "dwarf-with-dsym";
				DEVELOPMENT_TEAM = L94VC9ZZXC;
				ENABLE_NS_ASSERTIONS = NO;
				ENABLE_STRICT_OBJC_MSGSEND = YES;
				GCC_NO_COMMON_BLOCKS = YES;
				GCC_WARN_64_TO_32_BIT_CONVERSION = YES;
				GCC_WARN_ABOUT_RETURN_TYPE = YES_ERROR;
				GCC_WARN_UNDECLARED_SELECTOR = YES;
				GCC_WARN_UNINITIALIZED_AUTOS = YES_AGGRESSIVE;
				GCC_WARN_UNUSED_FUNCTION = YES;
				INFOPLIST_FILE = "$(SRCROOT)/Supporting files/Example.plist";
				LD_RUNPATH_SEARCH_PATHS = "$(inherited) @executable_path/Frameworks";
				MTL_ENABLE_DEBUG_INFO = NO;
				PRODUCT_BUNDLE_IDENTIFIER = MLSDev.Example;
				PRODUCT_NAME = "$(TARGET_NAME)";
				TARGETED_DEVICE_FAMILY = 2;
			};
			name = Release;
		};
		9A99AA9C1B8A219300428802 /* Debug */ = {
			isa = XCBuildConfiguration;
			buildSettings = {
				APPLICATION_EXTENSION_API_ONLY = NO;
				CLANG_WARN_BOOL_CONVERSION = YES;
				CLANG_WARN_DIRECT_OBJC_ISA_USAGE = YES_ERROR;
				CLANG_WARN_OBJC_ROOT_CLASS = YES_ERROR;
				CLANG_WARN_UNREACHABLE_CODE = YES;
				DEBUG_INFORMATION_FORMAT = dwarf;
				ENABLE_STRICT_OBJC_MSGSEND = YES;
				GCC_NO_COMMON_BLOCKS = YES;
				GCC_WARN_64_TO_32_BIT_CONVERSION = YES;
				GCC_WARN_ABOUT_RETURN_TYPE = YES_ERROR;
				GCC_WARN_UNDECLARED_SELECTOR = YES;
				GCC_WARN_UNINITIALIZED_AUTOS = YES_AGGRESSIVE;
				GCC_WARN_UNUSED_FUNCTION = YES;
				INFOPLIST_FILE = "Supporting files/Tests.plist";
				LD_RUNPATH_SEARCH_PATHS = "$(inherited) @executable_path/Frameworks @loader_path/Frameworks";
				MTL_ENABLE_DEBUG_INFO = YES;
				PRODUCT_BUNDLE_IDENTIFIER = MLSDev.ExampleTests;
				PRODUCT_NAME = "$(TARGET_NAME)";
			};
			name = Debug;
		};
		9A99AA9D1B8A219300428802 /* Release */ = {
			isa = XCBuildConfiguration;
			buildSettings = {
				APPLICATION_EXTENSION_API_ONLY = NO;
				CLANG_WARN_BOOL_CONVERSION = YES;
				CLANG_WARN_DIRECT_OBJC_ISA_USAGE = YES_ERROR;
				CLANG_WARN_OBJC_ROOT_CLASS = YES_ERROR;
				CLANG_WARN_UNREACHABLE_CODE = YES;
				COPY_PHASE_STRIP = NO;
				DEBUG_INFORMATION_FORMAT = "dwarf-with-dsym";
				ENABLE_NS_ASSERTIONS = NO;
				ENABLE_STRICT_OBJC_MSGSEND = YES;
				GCC_NO_COMMON_BLOCKS = YES;
				GCC_WARN_64_TO_32_BIT_CONVERSION = YES;
				GCC_WARN_ABOUT_RETURN_TYPE = YES_ERROR;
				GCC_WARN_UNDECLARED_SELECTOR = YES;
				GCC_WARN_UNINITIALIZED_AUTOS = YES_AGGRESSIVE;
				GCC_WARN_UNUSED_FUNCTION = YES;
				INFOPLIST_FILE = "Supporting files/Tests.plist";
				LD_RUNPATH_SEARCH_PATHS = "$(inherited) @executable_path/Frameworks @loader_path/Frameworks";
				MTL_ENABLE_DEBUG_INFO = NO;
				PRODUCT_BUNDLE_IDENTIFIER = MLSDev.ExampleTests;
				PRODUCT_NAME = "$(TARGET_NAME)";
			};
			name = Release;
		};
		9AC532081BE5F67D006CB18A /* Debug */ = {
			isa = XCBuildConfiguration;
			buildSettings = {
				CLANG_WARN_BOOL_CONVERSION = YES;
				CLANG_WARN_DIRECT_OBJC_ISA_USAGE = YES_ERROR;
				CLANG_WARN_OBJC_ROOT_CLASS = YES_ERROR;
				CLANG_WARN_UNREACHABLE_CODE = YES;
				"CODE_SIGN_IDENTITY[sdk=appletvos*]" = "";
				CURRENT_PROJECT_VERSION = 1;
				DEFINES_MODULE = YES;
				DYLIB_COMPATIBILITY_VERSION = 1;
				DYLIB_CURRENT_VERSION = 1;
				DYLIB_INSTALL_NAME_BASE = "@rpath";
				ENABLE_STRICT_OBJC_MSGSEND = YES;
				GCC_NO_COMMON_BLOCKS = YES;
				GCC_WARN_64_TO_32_BIT_CONVERSION = YES;
				GCC_WARN_ABOUT_RETURN_TYPE = YES_ERROR;
				GCC_WARN_UNDECLARED_SELECTOR = YES;
				GCC_WARN_UNINITIALIZED_AUTOS = YES_AGGRESSIVE;
				GCC_WARN_UNUSED_FUNCTION = YES;
				INFOPLIST_FILE = "Supporting files/Framework.plist";
				INSTALL_PATH = "$(LOCAL_LIBRARY_DIR)/Frameworks";
				LD_RUNPATH_SEARCH_PATHS = "$(inherited) @executable_path/Frameworks @loader_path/Frameworks";
				MTL_ENABLE_DEBUG_INFO = YES;
				PRODUCT_BUNDLE_IDENTIFIER = "MLSDev.DTCollectionViewManager-tvOS";
				PRODUCT_NAME = DTCollectionViewManager;
				SDKROOT = appletvos;
				SKIP_INSTALL = YES;
				TARGETED_DEVICE_FAMILY = 3;
				TVOS_DEPLOYMENT_TARGET = 9.0;
				VERSIONING_SYSTEM = "apple-generic";
				VERSION_INFO_PREFIX = "";
			};
			name = Debug;
		};
		9AC532091BE5F67D006CB18A /* Release */ = {
			isa = XCBuildConfiguration;
			buildSettings = {
				CLANG_WARN_BOOL_CONVERSION = YES;
				CLANG_WARN_DIRECT_OBJC_ISA_USAGE = YES_ERROR;
				CLANG_WARN_OBJC_ROOT_CLASS = YES_ERROR;
				CLANG_WARN_UNREACHABLE_CODE = YES;
				"CODE_SIGN_IDENTITY[sdk=appletvos*]" = "";
				COPY_PHASE_STRIP = NO;
				CURRENT_PROJECT_VERSION = 1;
				DEFINES_MODULE = YES;
				DYLIB_COMPATIBILITY_VERSION = 1;
				DYLIB_CURRENT_VERSION = 1;
				DYLIB_INSTALL_NAME_BASE = "@rpath";
				ENABLE_NS_ASSERTIONS = NO;
				ENABLE_STRICT_OBJC_MSGSEND = YES;
				GCC_NO_COMMON_BLOCKS = YES;
				GCC_WARN_64_TO_32_BIT_CONVERSION = YES;
				GCC_WARN_ABOUT_RETURN_TYPE = YES_ERROR;
				GCC_WARN_UNDECLARED_SELECTOR = YES;
				GCC_WARN_UNINITIALIZED_AUTOS = YES_AGGRESSIVE;
				GCC_WARN_UNUSED_FUNCTION = YES;
				INFOPLIST_FILE = "Supporting files/Framework.plist";
				INSTALL_PATH = "$(LOCAL_LIBRARY_DIR)/Frameworks";
				LD_RUNPATH_SEARCH_PATHS = "$(inherited) @executable_path/Frameworks @loader_path/Frameworks";
				MTL_ENABLE_DEBUG_INFO = NO;
				PRODUCT_BUNDLE_IDENTIFIER = "MLSDev.DTCollectionViewManager-tvOS";
				PRODUCT_NAME = DTCollectionViewManager;
				SDKROOT = appletvos;
				SKIP_INSTALL = YES;
				TARGETED_DEVICE_FAMILY = 3;
				TVOS_DEPLOYMENT_TARGET = 9.0;
				VERSIONING_SYSTEM = "apple-generic";
				VERSION_INFO_PREFIX = "";
			};
			name = Release;
		};
		9AC532361BE5F77F006CB18A /* Debug */ = {
			isa = XCBuildConfiguration;
			buildSettings = {
				APPLICATION_EXTENSION_API_ONLY = NO;
				CLANG_WARN_BOOL_CONVERSION = YES;
				CLANG_WARN_DIRECT_OBJC_ISA_USAGE = YES_ERROR;
				CLANG_WARN_OBJC_ROOT_CLASS = YES_ERROR;
				CLANG_WARN_UNREACHABLE_CODE = YES;
				DEBUG_INFORMATION_FORMAT = dwarf;
				ENABLE_STRICT_OBJC_MSGSEND = YES;
				GCC_WARN_64_TO_32_BIT_CONVERSION = YES;
				GCC_WARN_ABOUT_RETURN_TYPE = YES_ERROR;
				GCC_WARN_UNDECLARED_SELECTOR = YES;
				GCC_WARN_UNINITIALIZED_AUTOS = YES_AGGRESSIVE;
				GCC_WARN_UNUSED_FUNCTION = YES;
				GENERATE_PROFILING_CODE = YES;
				INFOPLIST_FILE = "Supporting files/Tests.plist";
				LD_RUNPATH_SEARCH_PATHS = "$(inherited) @executable_path/Frameworks @loader_path/Frameworks";
				MTL_ENABLE_DEBUG_INFO = YES;
				PRODUCT_BUNDLE_IDENTIFIER = MLSDev.ExampleTests;
				PRODUCT_NAME = "$(TARGET_NAME)";
				SDKROOT = appletvos;
			};
			name = Debug;
		};
		9AC532371BE5F77F006CB18A /* Release */ = {
			isa = XCBuildConfiguration;
			buildSettings = {
				APPLICATION_EXTENSION_API_ONLY = NO;
				CLANG_WARN_BOOL_CONVERSION = YES;
				CLANG_WARN_DIRECT_OBJC_ISA_USAGE = YES_ERROR;
				CLANG_WARN_OBJC_ROOT_CLASS = YES_ERROR;
				CLANG_WARN_UNREACHABLE_CODE = YES;
				COPY_PHASE_STRIP = NO;
				DEBUG_INFORMATION_FORMAT = "dwarf-with-dsym";
				ENABLE_NS_ASSERTIONS = NO;
				ENABLE_STRICT_OBJC_MSGSEND = YES;
				GCC_WARN_64_TO_32_BIT_CONVERSION = YES;
				GCC_WARN_ABOUT_RETURN_TYPE = YES_ERROR;
				GCC_WARN_UNDECLARED_SELECTOR = YES;
				GCC_WARN_UNINITIALIZED_AUTOS = YES_AGGRESSIVE;
				GCC_WARN_UNUSED_FUNCTION = YES;
				INFOPLIST_FILE = "Supporting files/Tests.plist";
				LD_RUNPATH_SEARCH_PATHS = "$(inherited) @executable_path/Frameworks @loader_path/Frameworks";
				MTL_ENABLE_DEBUG_INFO = NO;
				PRODUCT_BUNDLE_IDENTIFIER = MLSDev.ExampleTests;
				PRODUCT_NAME = "$(TARGET_NAME)";
				SDKROOT = appletvos;
			};
			name = Release;
		};
		9AE6715C1AEE61F800B25A5F /* Debug */ = {
			isa = XCBuildConfiguration;
			buildSettings = {
				CLANG_WARN_BOOL_CONVERSION = YES;
				CLANG_WARN_DIRECT_OBJC_ISA_USAGE = YES_ERROR;
				CLANG_WARN_OBJC_ROOT_CLASS = YES_ERROR;
				CLANG_WARN_UNREACHABLE_CODE = YES;
				"CODE_SIGN_IDENTITY[sdk=iphoneos*]" = "";
				CURRENT_PROJECT_VERSION = 1;
				DEFINES_MODULE = YES;
				DYLIB_COMPATIBILITY_VERSION = 1;
				DYLIB_CURRENT_VERSION = 1;
				DYLIB_INSTALL_NAME_BASE = "@rpath";
				ENABLE_STRICT_OBJC_MSGSEND = YES;
				GCC_NO_COMMON_BLOCKS = YES;
				GCC_PREPROCESSOR_DEFINITIONS = (
					"DEBUG=1",
					"$(inherited)",
				);
				GCC_WARN_64_TO_32_BIT_CONVERSION = YES;
				GCC_WARN_ABOUT_RETURN_TYPE = YES_ERROR;
				GCC_WARN_UNDECLARED_SELECTOR = YES;
				GCC_WARN_UNINITIALIZED_AUTOS = YES_AGGRESSIVE;
				GCC_WARN_UNUSED_FUNCTION = YES;
				INFOPLIST_FILE = "Supporting files/Framework.plist";
				INSTALL_PATH = "$(LOCAL_LIBRARY_DIR)/Frameworks";
				LD_RUNPATH_SEARCH_PATHS = "$(inherited) @executable_path/Frameworks @loader_path/Frameworks";
				MTL_ENABLE_DEBUG_INFO = YES;
				PRODUCT_BUNDLE_IDENTIFIER = "com.mlsdev.$(PRODUCT_NAME:rfc1034identifier)";
				PRODUCT_NAME = DTCollectionViewManager;
				SKIP_INSTALL = YES;
				TARGETED_DEVICE_FAMILY = "1,2";
				VERSIONING_SYSTEM = "apple-generic";
				VERSION_INFO_PREFIX = "";
			};
			name = Debug;
		};
		9AE6715D1AEE61F800B25A5F /* Release */ = {
			isa = XCBuildConfiguration;
			buildSettings = {
				CLANG_WARN_BOOL_CONVERSION = YES;
				CLANG_WARN_DIRECT_OBJC_ISA_USAGE = YES_ERROR;
				CLANG_WARN_OBJC_ROOT_CLASS = YES_ERROR;
				CLANG_WARN_UNREACHABLE_CODE = YES;
				"CODE_SIGN_IDENTITY[sdk=iphoneos*]" = "";
				COPY_PHASE_STRIP = NO;
				CURRENT_PROJECT_VERSION = 1;
				DEFINES_MODULE = YES;
				DYLIB_COMPATIBILITY_VERSION = 1;
				DYLIB_CURRENT_VERSION = 1;
				DYLIB_INSTALL_NAME_BASE = "@rpath";
				ENABLE_NS_ASSERTIONS = NO;
				ENABLE_STRICT_OBJC_MSGSEND = YES;
				GCC_NO_COMMON_BLOCKS = YES;
				GCC_WARN_64_TO_32_BIT_CONVERSION = YES;
				GCC_WARN_ABOUT_RETURN_TYPE = YES_ERROR;
				GCC_WARN_UNDECLARED_SELECTOR = YES;
				GCC_WARN_UNINITIALIZED_AUTOS = YES_AGGRESSIVE;
				GCC_WARN_UNUSED_FUNCTION = YES;
				INFOPLIST_FILE = "Supporting files/Framework.plist";
				INSTALL_PATH = "$(LOCAL_LIBRARY_DIR)/Frameworks";
				LD_RUNPATH_SEARCH_PATHS = "$(inherited) @executable_path/Frameworks @loader_path/Frameworks";
				MTL_ENABLE_DEBUG_INFO = NO;
				PRODUCT_BUNDLE_IDENTIFIER = "com.mlsdev.$(PRODUCT_NAME:rfc1034identifier)";
				PRODUCT_NAME = DTCollectionViewManager;
				SKIP_INSTALL = YES;
				TARGETED_DEVICE_FAMILY = "1,2";
				VERSIONING_SYSTEM = "apple-generic";
				VERSION_INFO_PREFIX = "";
			};
			name = Release;
		};
/* End XCBuildConfiguration section */

/* Begin XCConfigurationList section */
		955F857D179ACAF000A38EAD /* Build configuration list for PBXProject "DTCollectionViewManager" */ = {
			isa = XCConfigurationList;
			buildConfigurations = (
				955F85A9179ACAF000A38EAD /* Debug */,
				955F85AA179ACAF000A38EAD /* Release */,
			);
			defaultConfigurationIsVisible = 0;
			defaultConfigurationName = Release;
		};
		9A99AA981B8A219300428802 /* Build configuration list for PBXNativeTarget "Example" */ = {
			isa = XCConfigurationList;
			buildConfigurations = (
				9A99AA991B8A219300428802 /* Debug */,
				9A99AA9A1B8A219300428802 /* Release */,
			);
			defaultConfigurationIsVisible = 0;
			defaultConfigurationName = Release;
		};
		9A99AA9B1B8A219300428802 /* Build configuration list for PBXNativeTarget "Tests-iOS" */ = {
			isa = XCConfigurationList;
			buildConfigurations = (
				9A99AA9C1B8A219300428802 /* Debug */,
				9A99AA9D1B8A219300428802 /* Release */,
			);
			defaultConfigurationIsVisible = 0;
			defaultConfigurationName = Release;
		};
		9AC5320A1BE5F67D006CB18A /* Build configuration list for PBXNativeTarget "DTCollectionViewManager-tvOS" */ = {
			isa = XCConfigurationList;
			buildConfigurations = (
				9AC532081BE5F67D006CB18A /* Debug */,
				9AC532091BE5F67D006CB18A /* Release */,
			);
			defaultConfigurationIsVisible = 0;
			defaultConfigurationName = Release;
		};
		9AC532351BE5F77F006CB18A /* Build configuration list for PBXNativeTarget "Tests-tvOS" */ = {
			isa = XCConfigurationList;
			buildConfigurations = (
				9AC532361BE5F77F006CB18A /* Debug */,
				9AC532371BE5F77F006CB18A /* Release */,
			);
			defaultConfigurationIsVisible = 0;
			defaultConfigurationName = Release;
		};
		9AE671601AEE61F800B25A5F /* Build configuration list for PBXNativeTarget "DTCollectionViewManager-iOS" */ = {
			isa = XCConfigurationList;
			buildConfigurations = (
				9AE6715C1AEE61F800B25A5F /* Debug */,
				9AE6715D1AEE61F800B25A5F /* Release */,
			);
			defaultConfigurationIsVisible = 0;
			defaultConfigurationName = Release;
		};
/* End XCConfigurationList section */
	};
	rootObject = 955F857A179ACAF000A38EAD /* Project object */;
}
